// !$*UTF8*$!
{
	archiveVersion = 1;
	classes = {
	};
	objectVersion = 46;
	objects = {

/* Begin PBXBuildFile section */
		010FF33E1FB1A19200619183 /* LogoAnimationVert_9sec_Norm_Res.mp4 in Resources */ = {isa = PBXBuildFile; fileRef = 010FF33C1FB1A19200619183 /* LogoAnimationVert_9sec_Norm_Res.mp4 */; };
		010FF33F1FB1A19200619183 /* LogoAnimationVert_9sec_High_Res.mp4 in Resources */ = {isa = PBXBuildFile; fileRef = 010FF33D1FB1A19200619183 /* LogoAnimationVert_9sec_High_Res.mp4 */; };
		01372CF01F97C8F90072F3E3 /* Localizable.strings in Resources */ = {isa = PBXBuildFile; fileRef = 01372CF21F97C8F90072F3E3 /* Localizable.strings */; };
		01746A3A1FA0F1A7003A3BC2 /* Common.swift in Sources */ = {isa = PBXBuildFile; fileRef = 01746A371FA0F1A7003A3BC2 /* Common.swift */; };
		01746A3D1FA0F20E003A3BC2 /* PersistentStorageManager.swift in Sources */ = {isa = PBXBuildFile; fileRef = 01746A3C1FA0F20E003A3BC2 /* PersistentStorageManager.swift */; };
		018BAA2C1FA21F2D00F8583A /* IKFileManager.swift in Sources */ = {isa = PBXBuildFile; fileRef = 018BAA2B1FA21F2D00F8583A /* IKFileManager.swift */; };
		018BAA3E1FA21FA300F8583A /* Channel.swift in Sources */ = {isa = PBXBuildFile; fileRef = 018BAA2F1FA21FA300F8583A /* Channel.swift */; };
		018BAA401FA21FA300F8583A /* EpsilonStreamDataModel.xcdatamodel in Sources */ = {isa = PBXBuildFile; fileRef = 018BAA311FA21FA300F8583A /* EpsilonStreamDataModel.xcdatamodel */; };
		018BAA411FA21FA300F8583A /* FeaturedURL.swift in Sources */ = {isa = PBXBuildFile; fileRef = 018BAA321FA21FA300F8583A /* FeaturedURL.swift */; };
		018BAA431FA21FA300F8583A /* ImageThumbnail.swift in Sources */ = {isa = PBXBuildFile; fileRef = 018BAA341FA21FA300F8583A /* ImageThumbnail.swift */; };
		018BAA451FA21FA300F8583A /* MathObject.swift in Sources */ = {isa = PBXBuildFile; fileRef = 018BAA361FA21FA300F8583A /* MathObject.swift */; };
		018BAA471FA21FA300F8583A /* MathObjectLink.swift in Sources */ = {isa = PBXBuildFile; fileRef = 018BAA381FA21FA300F8583A /* MathObjectLink.swift */; };
		018BAA491FA21FA300F8583A /* VersionInfo.swift in Sources */ = {isa = PBXBuildFile; fileRef = 018BAA3A1FA21FA300F8583A /* VersionInfo.swift */; };
		018BAA4B1FA21FA300F8583A /* Video.swift in Sources */ = {isa = PBXBuildFile; fileRef = 018BAA3C1FA21FA300F8583A /* Video.swift */; };
		018BAA4E1FA2251100F8583A /* BaseCoreDataModel.swift in Sources */ = {isa = PBXBuildFile; fileRef = 018BAA4D1FA2251100F8583A /* BaseCoreDataModel.swift */; };
		200A62AF1F0B079E0093B50F /* EpsilonStreamLoginManager.swift in Sources */ = {isa = PBXBuildFile; fileRef = 200A62AE1F0B079E0093B50F /* EpsilonStreamLoginManager.swift */; };
		200FDB491E36261D0015ADA1 /* EpsilonStreamAdminDataModel.swift in Sources */ = {isa = PBXBuildFile; fileRef = 200FDB481E36261D0015ADA1 /* EpsilonStreamAdminDataModel.swift */; };
		2019AB231E41592100D4BC22 /* WebViewPrefetcher.swift in Sources */ = {isa = PBXBuildFile; fileRef = 2019AB221E41592100D4BC22 /* WebViewPrefetcher.swift */; };
		202115301FADAD7900C18E70 /* UserMessageTableViewCell.swift in Sources */ = {isa = PBXBuildFile; fileRef = 2021152F1FADAD7900C18E70 /* UserMessageTableViewCell.swift */; };
		202115321FADAEFF00C18E70 /* UserMessageManager.swift in Sources */ = {isa = PBXBuildFile; fileRef = 202115311FADAEFF00C18E70 /* UserMessageManager.swift */; };
		202BC6E71E840379003CF122 /* SplashScreenViewController.swift in Sources */ = {isa = PBXBuildFile; fileRef = 202BC6E61E840379003CF122 /* SplashScreenViewController.swift */; };
		20306A3B1E1A283900E6B5D9 /* WebViewingViewController.swift in Sources */ = {isa = PBXBuildFile; fileRef = 20306A3A1E1A283900E6B5D9 /* WebViewingViewController.swift */; };
		2030B7E01E10BC1B001E2237 /* AppDelegate.swift in Sources */ = {isa = PBXBuildFile; fileRef = 2030B7DF1E10BC1B001E2237 /* AppDelegate.swift */; };
		2030B7E91E10BC1B001E2237 /* Assets.xcassets in Resources */ = {isa = PBXBuildFile; fileRef = 2030B7E81E10BC1B001E2237 /* Assets.xcassets */; };
		2030B7EC1E10BC1B001E2237 /* LaunchScreen.storyboard in Resources */ = {isa = PBXBuildFile; fileRef = 2030B7EA1E10BC1B001E2237 /* LaunchScreen.storyboard */; };
		203A2F0F1EEF37C400164F5F /* CurateItemViewController.swift in Sources */ = {isa = PBXBuildFile; fileRef = 203A2F0E1EEF37C400164F5F /* CurateItemViewController.swift */; };
		203A2F111EF0147400164F5F /* TermSelectorViewController.swift in Sources */ = {isa = PBXBuildFile; fileRef = 203A2F101EF0147400164F5F /* TermSelectorViewController.swift */; };
		203B24821F3EB9BD00A24B92 /* UserDataManager.swift in Sources */ = {isa = PBXBuildFile; fileRef = 203B24811F3EB9BD00A24B92 /* UserDataManager.swift */; };
		203B24851F3F10A800A24B92 /* ExternalPageViewer.swift in Sources */ = {isa = PBXBuildFile; fileRef = 203B24841F3F10A800A24B92 /* ExternalPageViewer.swift */; };
		203B866E1E14B66A00BAF08C /* EpsilonStreamSearch.swift in Sources */ = {isa = PBXBuildFile; fileRef = 203B866D1E14B66A00BAF08C /* EpsilonStreamSearch.swift */; };
		203B86701E14B94000BAF08C /* SearchResultItem.swift in Sources */ = {isa = PBXBuildFile; fileRef = 203B866F1E14B94000BAF08C /* SearchResultItem.swift */; };
		203B86721E14C07900BAF08C /* PlayVideoViewController.swift in Sources */ = {isa = PBXBuildFile; fileRef = 203B86711E14C07900BAF08C /* PlayVideoViewController.swift */; };
		204186581E1288980067679E /* AdminSettingsViewController.swift in Sources */ = {isa = PBXBuildFile; fileRef = 204186571E1288980067679E /* AdminSettingsViewController.swift */; };
		204380FB1E11E1E800ABBAD6 /* EpsilonStreamDataModel.swift in Sources */ = {isa = PBXBuildFile; fileRef = 204380FA1E11E1E800ABBAD6 /* EpsilonStreamDataModel.swift */; };
		2048314B1F199045001DA099 /* EditMathObjectViewController.swift in Sources */ = {isa = PBXBuildFile; fileRef = 2048314A1F199045001DA099 /* EditMathObjectViewController.swift */; };
		204BF4E91F3FBD64007451AD /* click.wav in Resources */ = {isa = PBXBuildFile; fileRef = 204BF4E71F3FBD64007451AD /* click.wav */; };
		204BF4EA1F3FBD64007451AD /* Hole_Punch.wav in Resources */ = {isa = PBXBuildFile; fileRef = 204BF4E81F3FBD64007451AD /* Hole_Punch.wav */; };
		206992641E3E01C600EBC614 /* GoogleService-Info.plist in Resources */ = {isa = PBXBuildFile; fileRef = 206992631E3E01C600EBC614 /* GoogleService-Info.plist */; };
		20704A691E1BAEEE000C6B79 /* YoutubeAPICommunicator.swift in Sources */ = {isa = PBXBuildFile; fileRef = 20704A681E1BAEEE000C6B79 /* YoutubeAPICommunicator.swift */; };
		2073D6271EFE90ED00B7849D /* ViewReportViewController.swift in Sources */ = {isa = PBXBuildFile; fileRef = 2073D6261EFE90ED00B7849D /* ViewReportViewController.swift */; };
		2073D6291EFF8F8D00B7849D /* VideoItemTableViewCell.swift in Sources */ = {isa = PBXBuildFile; fileRef = 2073D6281EFF8F8C00B7849D /* VideoItemTableViewCell.swift */; };
		2073D62B1EFF8FB900B7849D /* ArticleItemTableViewCell.swift in Sources */ = {isa = PBXBuildFile; fileRef = 2073D62A1EFF8FB900B7849D /* ArticleItemTableViewCell.swift */; };
		2073D62D1EFF8FCF00B7849D /* GameItemTableViewCell.swift in Sources */ = {isa = PBXBuildFile; fileRef = 2073D62C1EFF8FCF00B7849D /* GameItemTableViewCell.swift */; };
		207432161F4E9B8E0095CEBB /* BrowseStackManager.swift in Sources */ = {isa = PBXBuildFile; fileRef = 207432151F4E9B8E0095CEBB /* BrowseStackManager.swift */; };
		207432651F51179A0095CEBB /* PreThumb_4r5g7h.png in Resources */ = {isa = PBXBuildFile; fileRef = 207432191F51179A0095CEBB /* PreThumb_4r5g7h.png */; };
		207432671F51179A0095CEBB /* PreThumb_7s3ns3.png in Resources */ = {isa = PBXBuildFile; fileRef = 2074321B1F51179A0095CEBB /* PreThumb_7s3ns3.png */; };
		207432681F51179A0095CEBB /* PreThumb_8NDSQ0.png in Resources */ = {isa = PBXBuildFile; fileRef = 2074321C1F51179A0095CEBB /* PreThumb_8NDSQ0.png */; };
		207432691F51179A0095CEBB /* PreThumb_23b1bx.png in Resources */ = {isa = PBXBuildFile; fileRef = 2074321D1F51179A0095CEBB /* PreThumb_23b1bx.png */; };
		207432701F51179A0095CEBB /* PreThumb_63SAvY.png in Resources */ = {isa = PBXBuildFile; fileRef = 207432241F51179A0095CEBB /* PreThumb_63SAvY.png */; };
		207432731F51179A0095CEBB /* PreThumb_73N871.png in Resources */ = {isa = PBXBuildFile; fileRef = 207432271F51179A0095CEBB /* PreThumb_73N871.png */; };
		207432741F51179A0095CEBB /* PreThumb_88jfAX.png in Resources */ = {isa = PBXBuildFile; fileRef = 207432281F51179A0095CEBB /* PreThumb_88jfAX.png */; };
		207432751F51179A0095CEBB /* PreThumb_352asd.png in Resources */ = {isa = PBXBuildFile; fileRef = 207432291F51179A0095CEBB /* PreThumb_352asd.png */; };
		207432761F51179A0095CEBB /* PreThumb_462fa3.png in Resources */ = {isa = PBXBuildFile; fileRef = 2074322A1F51179A0095CEBB /* PreThumb_462fa3.png */; };
		207432781F51179A0095CEBB /* PreThumb_935sg3.png in Resources */ = {isa = PBXBuildFile; fileRef = 2074322C1F51179A0095CEBB /* PreThumb_935sg3.png */; };
		2074327C1F51179A0095CEBB /* PreThumb_7822x2.png in Resources */ = {isa = PBXBuildFile; fileRef = 207432301F51179A0095CEBB /* PreThumb_7822x2.png */; };
		2074327D1F51179A0095CEBB /* PreThumb_14020c.png in Resources */ = {isa = PBXBuildFile; fileRef = 207432311F51179A0095CEBB /* PreThumb_14020c.png */; };
		2074327E1F51179A0095CEBB /* PreThumb_732823.png in Resources */ = {isa = PBXBuildFile; fileRef = 207432321F51179A0095CEBB /* PreThumb_732823.png */; };
		207432811F51179A0095CEBB /* PreThumb_bidAX2.png in Resources */ = {isa = PBXBuildFile; fileRef = 207432351F51179A0095CEBB /* PreThumb_bidAX2.png */; };
		207432861F51179A0095CEBB /* PreThumb_cnaACS.png in Resources */ = {isa = PBXBuildFile; fileRef = 2074323A1F51179A0095CEBB /* PreThumb_cnaACS.png */; };
		207432881F51179A0095CEBB /* PreThumb_dd23AV.png in Resources */ = {isa = PBXBuildFile; fileRef = 2074323C1F51179A0095CEBB /* PreThumb_dd23AV.png */; };
		2074328B1F51179A0095CEBB /* PreThumb_dsf230.png in Resources */ = {isa = PBXBuildFile; fileRef = 2074323F1F51179A0095CEBB /* PreThumb_dsf230.png */; };
		2074328C1F51179A0095CEBB /* PreThumb_e3DF6h.png in Resources */ = {isa = PBXBuildFile; fileRef = 207432401F51179A0095CEBB /* PreThumb_e3DF6h.png */; };
		2074328E1F51179A0095CEBB /* PreThumb_fdsa31.png in Resources */ = {isa = PBXBuildFile; fileRef = 207432421F51179A0095CEBB /* PreThumb_fdsa31.png */; };
		207432911F51179A0095CEBB /* PreThumb_gmp31d.png in Resources */ = {isa = PBXBuildFile; fileRef = 207432451F51179A0095CEBB /* PreThumb_gmp31d.png */; };
		2074329A1F51179A0095CEBB /* PreThumb_kk34av.png in Resources */ = {isa = PBXBuildFile; fileRef = 2074324E1F51179A0095CEBB /* PreThumb_kk34av.png */; };
		2074329B1F51179A0095CEBB /* PreThumb_mamOth.png in Resources */ = {isa = PBXBuildFile; fileRef = 2074324F1F51179A0095CEBB /* PreThumb_mamOth.png */; };
		2074329C1F51179A0095CEBB /* PreThumb_mifmif.png in Resources */ = {isa = PBXBuildFile; fileRef = 207432501F51179A0095CEBB /* PreThumb_mifmif.png */; };
		2074329E1F51179A0095CEBB /* PreThumb_NDFJ2K.png in Resources */ = {isa = PBXBuildFile; fileRef = 207432521F51179A0095CEBB /* PreThumb_NDFJ2K.png */; };
		207432A01F51179A0095CEBB /* PreThumb_ns3142.png in Resources */ = {isa = PBXBuildFile; fileRef = 207432541F51179A0095CEBB /* PreThumb_ns3142.png */; };
		207432A21F51179A0095CEBB /* PreThumb_owerAD.png in Resources */ = {isa = PBXBuildFile; fileRef = 207432561F51179A0095CEBB /* PreThumb_owerAD.png */; };
		207432A41F51179A0095CEBB /* PreThumb_pug145.png in Resources */ = {isa = PBXBuildFile; fileRef = 207432581F51179A0095CEBB /* PreThumb_pug145.png */; };
		207432A51F51179A0095CEBB /* PreThumb_sdfas3.png in Resources */ = {isa = PBXBuildFile; fileRef = 207432591F51179A0095CEBB /* PreThumb_sdfas3.png */; };
		207432A71F51179A0095CEBB /* PreThumb_uiw42b.png in Resources */ = {isa = PBXBuildFile; fileRef = 2074325B1F51179A0095CEBB /* PreThumb_uiw42b.png */; };
		207432AA1F51179A0095CEBB /* PreThumb_vsa2rX.png in Resources */ = {isa = PBXBuildFile; fileRef = 2074325E1F51179A0095CEBB /* PreThumb_vsa2rX.png */; };
		207432AB1F51179A0095CEBB /* PreThumb_woo35f.png in Resources */ = {isa = PBXBuildFile; fileRef = 2074325F1F51179A0095CEBB /* PreThumb_woo35f.png */; };
		207432AC1F51179A0095CEBB /* PreThumb_ww35ba.png in Resources */ = {isa = PBXBuildFile; fileRef = 207432601F51179A0095CEBB /* PreThumb_ww35ba.png */; };
		207432AD1F51179A0095CEBB /* PreThumb_YEU224.png in Resources */ = {isa = PBXBuildFile; fileRef = 207432611F51179A0095CEBB /* PreThumb_YEU224.png */; };
		207432AE1F51179A0095CEBB /* PreThumb_yYYkd2.png in Resources */ = {isa = PBXBuildFile; fileRef = 207432621F51179A0095CEBB /* PreThumb_yYYkd2.png */; };
		207432B01F5276250095CEBB /* AboutViewController.swift in Sources */ = {isa = PBXBuildFile; fileRef = 207432AF1F5276250095CEBB /* AboutViewController.swift */; };
		207432B51F55A3AB0095CEBB /* CreditsViewController.swift in Sources */ = {isa = PBXBuildFile; fileRef = 207432B41F55A3AB0095CEBB /* CreditsViewController.swift */; };
		2080C2551E14726C00723F3B /* EpsilonClient.storyboard in Resources */ = {isa = PBXBuildFile; fileRef = 2080C2541E14726C00723F3B /* EpsilonClient.storyboard */; };
		2080C2591E1474CD00723F3B /* ClientSearchViewController.swift in Sources */ = {isa = PBXBuildFile; fileRef = 2080C2581E1474CD00723F3B /* ClientSearchViewController.swift */; };
		2080C25B1E14769B00723F3B /* EpsilonStreamGlobals.swift in Sources */ = {isa = PBXBuildFile; fileRef = 2080C25A1E14769B00723F3B /* EpsilonStreamGlobals.swift */; };
		2080C25D1E14955500723F3B /* ClientSettingsViewController.swift in Sources */ = {isa = PBXBuildFile; fileRef = 2080C25C1E14955500723F3B /* ClientSettingsViewController.swift */; };
		2082276B1F29ECC4002290CE /* URLSelectorViewController.swift in Sources */ = {isa = PBXBuildFile; fileRef = 2082276A1F29ECC4002290CE /* URLSelectorViewController.swift */; };
		2082276D1F2AD5A8002290CE /* CurateArticleViewController.swift in Sources */ = {isa = PBXBuildFile; fileRef = 2082276C1F2AD5A8002290CE /* CurateArticleViewController.swift */; };
		20882FFF1EDD696C003CC2B2 /* TermListViewController.swift in Sources */ = {isa = PBXBuildFile; fileRef = 20882FFE1EDD696C003CC2B2 /* TermListViewController.swift */; };
		20B6952B1E16530A0071C9A8 /* AutoCompleteTableDelegate.swift in Sources */ = {isa = PBXBuildFile; fileRef = 20B6952A1E16530A0071C9A8 /* AutoCompleteTableDelegate.swift */; };
		20B771111E1719A10062D09F /* EpsilonStreamBackgroundFetch.swift in Sources */ = {isa = PBXBuildFile; fileRef = 20B771101E1719A10062D09F /* EpsilonStreamBackgroundFetch.swift */; };
		20B7849C1F213FD7005E28CD /* MathObjectLinkItemTableViewCell.swift in Sources */ = {isa = PBXBuildFile; fileRef = 20B7849B1F213FD7005E28CD /* MathObjectLinkItemTableViewCell.swift */; };
		20C00D061F345BE2008284F0 /* SpecialItemTableViewCell.swift in Sources */ = {isa = PBXBuildFile; fileRef = 20C00D051F345BE2008284F0 /* SpecialItemTableViewCell.swift */; };
		20C25C511E18C34A00CE046E /* ImageManager.swift in Sources */ = {isa = PBXBuildFile; fileRef = 20C25C501E18C34A00CE046E /* ImageManager.swift */; };
		20EE413B1E10E502002F78F9 /* CloudKit.framework in Frameworks */ = {isa = PBXBuildFile; fileRef = 20EE413A1E10E502002F78F9 /* CloudKit.framework */; };
		8B3D27D8BA516FFBA790A595 /* Pods_EpsilonStream.framework in Frameworks */ = {isa = PBXBuildFile; fileRef = 8365442A59822C0F1455CBAB /* Pods_EpsilonStream.framework */; };
/* End PBXBuildFile section */

/* Begin PBXFileReference section */
		010FF33C1FB1A19200619183 /* LogoAnimationVert_9sec_Norm_Res.mp4 */ = {isa = PBXFileReference; lastKnownFileType = file; path = LogoAnimationVert_9sec_Norm_Res.mp4; sourceTree = "<group>"; };
		010FF33D1FB1A19200619183 /* LogoAnimationVert_9sec_High_Res.mp4 */ = {isa = PBXFileReference; lastKnownFileType = file; path = LogoAnimationVert_9sec_High_Res.mp4; sourceTree = "<group>"; };
		01372CF11F97C8F90072F3E3 /* en */ = {isa = PBXFileReference; lastKnownFileType = text.plist.strings; name = en; path = en.lproj/Localizable.strings; sourceTree = "<group>"; };
		01746A371FA0F1A7003A3BC2 /* Common.swift */ = {isa = PBXFileReference; fileEncoding = 4; lastKnownFileType = sourcecode.swift; path = Common.swift; sourceTree = "<group>"; };
		01746A3C1FA0F20E003A3BC2 /* PersistentStorageManager.swift */ = {isa = PBXFileReference; lastKnownFileType = sourcecode.swift; path = PersistentStorageManager.swift; sourceTree = "<group>"; };
		018BAA2B1FA21F2D00F8583A /* IKFileManager.swift */ = {isa = PBXFileReference; fileEncoding = 4; lastKnownFileType = sourcecode.swift; path = IKFileManager.swift; sourceTree = "<group>"; };
		018BAA2F1FA21FA300F8583A /* Channel.swift */ = {isa = PBXFileReference; fileEncoding = 4; lastKnownFileType = sourcecode.swift; path = Channel.swift; sourceTree = "<group>"; };
		018BAA311FA21FA300F8583A /* EpsilonStreamDataModel.xcdatamodel */ = {isa = PBXFileReference; lastKnownFileType = wrapper.xcdatamodel; path = EpsilonStreamDataModel.xcdatamodel; sourceTree = "<group>"; };
		018BAA321FA21FA300F8583A /* FeaturedURL.swift */ = {isa = PBXFileReference; fileEncoding = 4; lastKnownFileType = sourcecode.swift; path = FeaturedURL.swift; sourceTree = "<group>"; };
		018BAA341FA21FA300F8583A /* ImageThumbnail.swift */ = {isa = PBXFileReference; fileEncoding = 4; lastKnownFileType = sourcecode.swift; path = ImageThumbnail.swift; sourceTree = "<group>"; };
		018BAA361FA21FA300F8583A /* MathObject.swift */ = {isa = PBXFileReference; fileEncoding = 4; lastKnownFileType = sourcecode.swift; path = MathObject.swift; sourceTree = "<group>"; };
		018BAA381FA21FA300F8583A /* MathObjectLink.swift */ = {isa = PBXFileReference; fileEncoding = 4; lastKnownFileType = sourcecode.swift; path = MathObjectLink.swift; sourceTree = "<group>"; };
		018BAA3A1FA21FA300F8583A /* VersionInfo.swift */ = {isa = PBXFileReference; fileEncoding = 4; lastKnownFileType = sourcecode.swift; path = VersionInfo.swift; sourceTree = "<group>"; };
		018BAA3C1FA21FA300F8583A /* Video.swift */ = {isa = PBXFileReference; fileEncoding = 4; lastKnownFileType = sourcecode.swift; path = Video.swift; sourceTree = "<group>"; };
		018BAA4D1FA2251100F8583A /* BaseCoreDataModel.swift */ = {isa = PBXFileReference; lastKnownFileType = sourcecode.swift; path = BaseCoreDataModel.swift; sourceTree = "<group>"; };
		200A62AE1F0B079E0093B50F /* EpsilonStreamLoginManager.swift */ = {isa = PBXFileReference; fileEncoding = 4; lastKnownFileType = sourcecode.swift; path = EpsilonStreamLoginManager.swift; sourceTree = "<group>"; };
		200FDB481E36261D0015ADA1 /* EpsilonStreamAdminDataModel.swift */ = {isa = PBXFileReference; fileEncoding = 4; lastKnownFileType = sourcecode.swift; path = EpsilonStreamAdminDataModel.swift; sourceTree = "<group>"; };
		2019AB221E41592100D4BC22 /* WebViewPrefetcher.swift */ = {isa = PBXFileReference; fileEncoding = 4; lastKnownFileType = sourcecode.swift; path = WebViewPrefetcher.swift; sourceTree = "<group>"; };
		2021152F1FADAD7900C18E70 /* UserMessageTableViewCell.swift */ = {isa = PBXFileReference; lastKnownFileType = sourcecode.swift; path = UserMessageTableViewCell.swift; sourceTree = "<group>"; };
		202115311FADAEFF00C18E70 /* UserMessageManager.swift */ = {isa = PBXFileReference; lastKnownFileType = sourcecode.swift; path = UserMessageManager.swift; sourceTree = "<group>"; };
		202BC6E61E840379003CF122 /* SplashScreenViewController.swift */ = {isa = PBXFileReference; fileEncoding = 4; lastKnownFileType = sourcecode.swift; path = SplashScreenViewController.swift; sourceTree = "<group>"; };
		20306A3A1E1A283900E6B5D9 /* WebViewingViewController.swift */ = {isa = PBXFileReference; fileEncoding = 4; lastKnownFileType = sourcecode.swift; path = WebViewingViewController.swift; sourceTree = "<group>"; };
		2030B7DC1E10BC1B001E2237 /* EpsilonStream.app */ = {isa = PBXFileReference; explicitFileType = wrapper.application; includeInIndex = 0; path = EpsilonStream.app; sourceTree = BUILT_PRODUCTS_DIR; };
		2030B7DF1E10BC1B001E2237 /* AppDelegate.swift */ = {isa = PBXFileReference; lastKnownFileType = sourcecode.swift; path = AppDelegate.swift; sourceTree = "<group>"; };
		2030B7E81E10BC1B001E2237 /* Assets.xcassets */ = {isa = PBXFileReference; lastKnownFileType = folder.assetcatalog; path = Assets.xcassets; sourceTree = "<group>"; };
		2030B7EB1E10BC1B001E2237 /* Base */ = {isa = PBXFileReference; lastKnownFileType = file.storyboard; name = Base; path = Base.lproj/LaunchScreen.storyboard; sourceTree = "<group>"; };
		2030B7ED1E10BC1B001E2237 /* Info.plist */ = {isa = PBXFileReference; lastKnownFileType = text.plist.xml; path = Info.plist; sourceTree = "<group>"; };
		203A2F0E1EEF37C400164F5F /* CurateItemViewController.swift */ = {isa = PBXFileReference; fileEncoding = 4; lastKnownFileType = sourcecode.swift; path = CurateItemViewController.swift; sourceTree = "<group>"; };
		203A2F101EF0147400164F5F /* TermSelectorViewController.swift */ = {isa = PBXFileReference; fileEncoding = 4; lastKnownFileType = sourcecode.swift; path = TermSelectorViewController.swift; sourceTree = "<group>"; };
		203B24811F3EB9BD00A24B92 /* UserDataManager.swift */ = {isa = PBXFileReference; fileEncoding = 4; lastKnownFileType = sourcecode.swift; path = UserDataManager.swift; sourceTree = "<group>"; };
		203B24841F3F10A800A24B92 /* ExternalPageViewer.swift */ = {isa = PBXFileReference; fileEncoding = 4; lastKnownFileType = sourcecode.swift; path = ExternalPageViewer.swift; sourceTree = "<group>"; };
		203B866D1E14B66A00BAF08C /* EpsilonStreamSearch.swift */ = {isa = PBXFileReference; fileEncoding = 4; lastKnownFileType = sourcecode.swift; path = EpsilonStreamSearch.swift; sourceTree = "<group>"; };
		203B866F1E14B94000BAF08C /* SearchResultItem.swift */ = {isa = PBXFileReference; fileEncoding = 4; lastKnownFileType = sourcecode.swift; path = SearchResultItem.swift; sourceTree = "<group>"; };
		203B86711E14C07900BAF08C /* PlayVideoViewController.swift */ = {isa = PBXFileReference; fileEncoding = 4; lastKnownFileType = sourcecode.swift; path = PlayVideoViewController.swift; sourceTree = "<group>"; };
		204186571E1288980067679E /* AdminSettingsViewController.swift */ = {isa = PBXFileReference; fileEncoding = 4; lastKnownFileType = sourcecode.swift; path = AdminSettingsViewController.swift; sourceTree = "<group>"; };
		204380FA1E11E1E800ABBAD6 /* EpsilonStreamDataModel.swift */ = {isa = PBXFileReference; fileEncoding = 4; lastKnownFileType = sourcecode.swift; path = EpsilonStreamDataModel.swift; sourceTree = "<group>"; };
		2048314A1F199045001DA099 /* EditMathObjectViewController.swift */ = {isa = PBXFileReference; fileEncoding = 4; lastKnownFileType = sourcecode.swift; path = EditMathObjectViewController.swift; sourceTree = "<group>"; };
		204BF4E71F3FBD64007451AD /* click.wav */ = {isa = PBXFileReference; lastKnownFileType = audio.wav; path = click.wav; sourceTree = "<group>"; };
		204BF4E81F3FBD64007451AD /* Hole_Punch.wav */ = {isa = PBXFileReference; lastKnownFileType = audio.wav; path = Hole_Punch.wav; sourceTree = "<group>"; };
		206992631E3E01C600EBC614 /* GoogleService-Info.plist */ = {isa = PBXFileReference; fileEncoding = 4; lastKnownFileType = text.plist.xml; name = "GoogleService-Info.plist"; path = "../GoogleService-Info.plist"; sourceTree = "<group>"; };
		20704A681E1BAEEE000C6B79 /* YoutubeAPICommunicator.swift */ = {isa = PBXFileReference; fileEncoding = 4; lastKnownFileType = sourcecode.swift; path = YoutubeAPICommunicator.swift; sourceTree = "<group>"; };
		2073D6261EFE90ED00B7849D /* ViewReportViewController.swift */ = {isa = PBXFileReference; fileEncoding = 4; lastKnownFileType = sourcecode.swift; path = ViewReportViewController.swift; sourceTree = "<group>"; };
		2073D6281EFF8F8C00B7849D /* VideoItemTableViewCell.swift */ = {isa = PBXFileReference; fileEncoding = 4; lastKnownFileType = sourcecode.swift; path = VideoItemTableViewCell.swift; sourceTree = "<group>"; };
		2073D62A1EFF8FB900B7849D /* ArticleItemTableViewCell.swift */ = {isa = PBXFileReference; fileEncoding = 4; lastKnownFileType = sourcecode.swift; path = ArticleItemTableViewCell.swift; sourceTree = "<group>"; };
		2073D62C1EFF8FCF00B7849D /* GameItemTableViewCell.swift */ = {isa = PBXFileReference; fileEncoding = 4; lastKnownFileType = sourcecode.swift; path = GameItemTableViewCell.swift; sourceTree = "<group>"; };
		207432151F4E9B8E0095CEBB /* BrowseStackManager.swift */ = {isa = PBXFileReference; fileEncoding = 4; lastKnownFileType = sourcecode.swift; path = BrowseStackManager.swift; sourceTree = "<group>"; };
		207432191F51179A0095CEBB /* PreThumb_4r5g7h.png */ = {isa = PBXFileReference; lastKnownFileType = image.png; path = PreThumb_4r5g7h.png; sourceTree = "<group>"; };
		2074321B1F51179A0095CEBB /* PreThumb_7s3ns3.png */ = {isa = PBXFileReference; lastKnownFileType = image.png; path = PreThumb_7s3ns3.png; sourceTree = "<group>"; };
		2074321C1F51179A0095CEBB /* PreThumb_8NDSQ0.png */ = {isa = PBXFileReference; lastKnownFileType = image.png; path = PreThumb_8NDSQ0.png; sourceTree = "<group>"; };
		2074321D1F51179A0095CEBB /* PreThumb_23b1bx.png */ = {isa = PBXFileReference; lastKnownFileType = image.png; path = PreThumb_23b1bx.png; sourceTree = "<group>"; };
		207432241F51179A0095CEBB /* PreThumb_63SAvY.png */ = {isa = PBXFileReference; lastKnownFileType = image.png; path = PreThumb_63SAvY.png; sourceTree = "<group>"; };
		207432271F51179A0095CEBB /* PreThumb_73N871.png */ = {isa = PBXFileReference; lastKnownFileType = image.png; path = PreThumb_73N871.png; sourceTree = "<group>"; };
		207432281F51179A0095CEBB /* PreThumb_88jfAX.png */ = {isa = PBXFileReference; lastKnownFileType = image.png; path = PreThumb_88jfAX.png; sourceTree = "<group>"; };
		207432291F51179A0095CEBB /* PreThumb_352asd.png */ = {isa = PBXFileReference; lastKnownFileType = image.png; path = PreThumb_352asd.png; sourceTree = "<group>"; };
		2074322A1F51179A0095CEBB /* PreThumb_462fa3.png */ = {isa = PBXFileReference; lastKnownFileType = image.png; path = PreThumb_462fa3.png; sourceTree = "<group>"; };
		2074322C1F51179A0095CEBB /* PreThumb_935sg3.png */ = {isa = PBXFileReference; lastKnownFileType = image.png; path = PreThumb_935sg3.png; sourceTree = "<group>"; };
		207432301F51179A0095CEBB /* PreThumb_7822x2.png */ = {isa = PBXFileReference; lastKnownFileType = image.png; path = PreThumb_7822x2.png; sourceTree = "<group>"; };
		207432311F51179A0095CEBB /* PreThumb_14020c.png */ = {isa = PBXFileReference; lastKnownFileType = image.png; path = PreThumb_14020c.png; sourceTree = "<group>"; };
		207432321F51179A0095CEBB /* PreThumb_732823.png */ = {isa = PBXFileReference; lastKnownFileType = image.png; path = PreThumb_732823.png; sourceTree = "<group>"; };
		207432351F51179A0095CEBB /* PreThumb_bidAX2.png */ = {isa = PBXFileReference; lastKnownFileType = image.png; path = PreThumb_bidAX2.png; sourceTree = "<group>"; };
		2074323A1F51179A0095CEBB /* PreThumb_cnaACS.png */ = {isa = PBXFileReference; lastKnownFileType = image.png; path = PreThumb_cnaACS.png; sourceTree = "<group>"; };
		2074323C1F51179A0095CEBB /* PreThumb_dd23AV.png */ = {isa = PBXFileReference; lastKnownFileType = image.png; path = PreThumb_dd23AV.png; sourceTree = "<group>"; };
		2074323F1F51179A0095CEBB /* PreThumb_dsf230.png */ = {isa = PBXFileReference; lastKnownFileType = image.png; path = PreThumb_dsf230.png; sourceTree = "<group>"; };
		207432401F51179A0095CEBB /* PreThumb_e3DF6h.png */ = {isa = PBXFileReference; lastKnownFileType = image.png; path = PreThumb_e3DF6h.png; sourceTree = "<group>"; };
		207432421F51179A0095CEBB /* PreThumb_fdsa31.png */ = {isa = PBXFileReference; lastKnownFileType = image.png; path = PreThumb_fdsa31.png; sourceTree = "<group>"; };
		207432451F51179A0095CEBB /* PreThumb_gmp31d.png */ = {isa = PBXFileReference; lastKnownFileType = image.png; path = PreThumb_gmp31d.png; sourceTree = "<group>"; };
		2074324E1F51179A0095CEBB /* PreThumb_kk34av.png */ = {isa = PBXFileReference; lastKnownFileType = image.png; path = PreThumb_kk34av.png; sourceTree = "<group>"; };
		2074324F1F51179A0095CEBB /* PreThumb_mamOth.png */ = {isa = PBXFileReference; lastKnownFileType = image.png; path = PreThumb_mamOth.png; sourceTree = "<group>"; };
		207432501F51179A0095CEBB /* PreThumb_mifmif.png */ = {isa = PBXFileReference; lastKnownFileType = image.png; path = PreThumb_mifmif.png; sourceTree = "<group>"; };
		207432521F51179A0095CEBB /* PreThumb_NDFJ2K.png */ = {isa = PBXFileReference; lastKnownFileType = image.png; path = PreThumb_NDFJ2K.png; sourceTree = "<group>"; };
		207432541F51179A0095CEBB /* PreThumb_ns3142.png */ = {isa = PBXFileReference; lastKnownFileType = image.png; path = PreThumb_ns3142.png; sourceTree = "<group>"; };
		207432561F51179A0095CEBB /* PreThumb_owerAD.png */ = {isa = PBXFileReference; lastKnownFileType = image.png; path = PreThumb_owerAD.png; sourceTree = "<group>"; };
		207432581F51179A0095CEBB /* PreThumb_pug145.png */ = {isa = PBXFileReference; lastKnownFileType = image.png; path = PreThumb_pug145.png; sourceTree = "<group>"; };
		207432591F51179A0095CEBB /* PreThumb_sdfas3.png */ = {isa = PBXFileReference; lastKnownFileType = image.png; path = PreThumb_sdfas3.png; sourceTree = "<group>"; };
		2074325B1F51179A0095CEBB /* PreThumb_uiw42b.png */ = {isa = PBXFileReference; lastKnownFileType = image.png; path = PreThumb_uiw42b.png; sourceTree = "<group>"; };
		2074325E1F51179A0095CEBB /* PreThumb_vsa2rX.png */ = {isa = PBXFileReference; lastKnownFileType = image.png; path = PreThumb_vsa2rX.png; sourceTree = "<group>"; };
		2074325F1F51179A0095CEBB /* PreThumb_woo35f.png */ = {isa = PBXFileReference; lastKnownFileType = image.png; path = PreThumb_woo35f.png; sourceTree = "<group>"; };
		207432601F51179A0095CEBB /* PreThumb_ww35ba.png */ = {isa = PBXFileReference; lastKnownFileType = image.png; path = PreThumb_ww35ba.png; sourceTree = "<group>"; };
		207432611F51179A0095CEBB /* PreThumb_YEU224.png */ = {isa = PBXFileReference; lastKnownFileType = image.png; path = PreThumb_YEU224.png; sourceTree = "<group>"; };
		207432621F51179A0095CEBB /* PreThumb_yYYkd2.png */ = {isa = PBXFileReference; lastKnownFileType = image.png; path = PreThumb_yYYkd2.png; sourceTree = "<group>"; };
		207432AF1F5276250095CEBB /* AboutViewController.swift */ = {isa = PBXFileReference; fileEncoding = 4; lastKnownFileType = sourcecode.swift; path = AboutViewController.swift; sourceTree = "<group>"; };
		207432B41F55A3AB0095CEBB /* CreditsViewController.swift */ = {isa = PBXFileReference; fileEncoding = 4; lastKnownFileType = sourcecode.swift; path = CreditsViewController.swift; sourceTree = "<group>"; };
		2080C2541E14726C00723F3B /* EpsilonClient.storyboard */ = {isa = PBXFileReference; fileEncoding = 4; lastKnownFileType = file.storyboard; path = EpsilonClient.storyboard; sourceTree = "<group>"; };
		2080C2581E1474CD00723F3B /* ClientSearchViewController.swift */ = {isa = PBXFileReference; fileEncoding = 4; lastKnownFileType = sourcecode.swift; path = ClientSearchViewController.swift; sourceTree = "<group>"; };
		2080C25A1E14769B00723F3B /* EpsilonStreamGlobals.swift */ = {isa = PBXFileReference; fileEncoding = 4; lastKnownFileType = sourcecode.swift; path = EpsilonStreamGlobals.swift; sourceTree = "<group>"; };
		2080C25C1E14955500723F3B /* ClientSettingsViewController.swift */ = {isa = PBXFileReference; fileEncoding = 4; lastKnownFileType = sourcecode.swift; path = ClientSettingsViewController.swift; sourceTree = "<group>"; };
		2082276A1F29ECC4002290CE /* URLSelectorViewController.swift */ = {isa = PBXFileReference; fileEncoding = 4; lastKnownFileType = sourcecode.swift; path = URLSelectorViewController.swift; sourceTree = "<group>"; };
		2082276C1F2AD5A8002290CE /* CurateArticleViewController.swift */ = {isa = PBXFileReference; fileEncoding = 4; lastKnownFileType = sourcecode.swift; path = CurateArticleViewController.swift; sourceTree = "<group>"; };
		20882FFE1EDD696C003CC2B2 /* TermListViewController.swift */ = {isa = PBXFileReference; fileEncoding = 4; lastKnownFileType = sourcecode.swift; path = TermListViewController.swift; sourceTree = "<group>"; };
		20B6952A1E16530A0071C9A8 /* AutoCompleteTableDelegate.swift */ = {isa = PBXFileReference; fileEncoding = 4; lastKnownFileType = sourcecode.swift; path = AutoCompleteTableDelegate.swift; sourceTree = "<group>"; };
		20B771101E1719A10062D09F /* EpsilonStreamBackgroundFetch.swift */ = {isa = PBXFileReference; fileEncoding = 4; lastKnownFileType = sourcecode.swift; path = EpsilonStreamBackgroundFetch.swift; sourceTree = "<group>"; };
		20B7849B1F213FD7005E28CD /* MathObjectLinkItemTableViewCell.swift */ = {isa = PBXFileReference; fileEncoding = 4; lastKnownFileType = sourcecode.swift; path = MathObjectLinkItemTableViewCell.swift; sourceTree = "<group>"; };
		20C00D051F345BE2008284F0 /* SpecialItemTableViewCell.swift */ = {isa = PBXFileReference; fileEncoding = 4; lastKnownFileType = sourcecode.swift; path = SpecialItemTableViewCell.swift; sourceTree = "<group>"; };
		20C25C501E18C34A00CE046E /* ImageManager.swift */ = {isa = PBXFileReference; fileEncoding = 4; lastKnownFileType = sourcecode.swift; path = ImageManager.swift; sourceTree = "<group>"; };
		20EE41381E10E4FD002F78F9 /* EpsilonStream.entitlements */ = {isa = PBXFileReference; lastKnownFileType = text.plist.entitlements; path = EpsilonStream.entitlements; sourceTree = "<group>"; };
		20EE413A1E10E502002F78F9 /* CloudKit.framework */ = {isa = PBXFileReference; lastKnownFileType = wrapper.framework; name = CloudKit.framework; path = System/Library/Frameworks/CloudKit.framework; sourceTree = SDKROOT; };
		5A1D6AF38DFD4957AEA58554 /* Pods-EpsilonStream.release.xcconfig */ = {isa = PBXFileReference; includeInIndex = 1; lastKnownFileType = text.xcconfig; name = "Pods-EpsilonStream.release.xcconfig"; path = "Pods/Target Support Files/Pods-EpsilonStream/Pods-EpsilonStream.release.xcconfig"; sourceTree = "<group>"; };
		6DE21DF73C11C8FBE6A57E56 /* Pods-EpsilonStream.debug.xcconfig */ = {isa = PBXFileReference; includeInIndex = 1; lastKnownFileType = text.xcconfig; name = "Pods-EpsilonStream.debug.xcconfig"; path = "Pods/Target Support Files/Pods-EpsilonStream/Pods-EpsilonStream.debug.xcconfig"; sourceTree = "<group>"; };
		8365442A59822C0F1455CBAB /* Pods_EpsilonStream.framework */ = {isa = PBXFileReference; explicitFileType = wrapper.framework; includeInIndex = 0; path = Pods_EpsilonStream.framework; sourceTree = BUILT_PRODUCTS_DIR; };
/* End PBXFileReference section */

/* Begin PBXFrameworksBuildPhase section */
		2030B7D91E10BC1B001E2237 /* Frameworks */ = {
			isa = PBXFrameworksBuildPhase;
			buildActionMask = 2147483647;
			files = (
				20EE413B1E10E502002F78F9 /* CloudKit.framework in Frameworks */,
				8B3D27D8BA516FFBA790A595 /* Pods_EpsilonStream.framework in Frameworks */,
			);
			runOnlyForDeploymentPostprocessing = 0;
		};
/* End PBXFrameworksBuildPhase section */

/* Begin PBXGroup section */
		010FF33B1FB1A19200619183 /* Video */ = {
			isa = PBXGroup;
			children = (
				010FF33C1FB1A19200619183 /* LogoAnimationVert_9sec_Norm_Res.mp4 */,
				010FF33D1FB1A19200619183 /* LogoAnimationVert_9sec_High_Res.mp4 */,
			);
			path = Video;
			sourceTree = "<group>";
		};
		01372CED1F97C7620072F3E3 /* Resources */ = {
			isa = PBXGroup;
			children = (
				010FF33B1FB1A19200619183 /* Video */,
				01372CF21F97C8F90072F3E3 /* Localizable.strings */,
			);
			path = Resources;
			sourceTree = "<group>";
		};
		01746A351FA0F1A7003A3BC2 /* Sources */ = {
			isa = PBXGroup;
			children = (
				01746A361FA0F1A7003A3BC2 /* Common */,
				018BAA2D1FA21FA300F8583A /* Model */,
			);
			path = Sources;
			sourceTree = "<group>";
		};
		01746A361FA0F1A7003A3BC2 /* Common */ = {
			isa = PBXGroup;
			children = (
				01746A371FA0F1A7003A3BC2 /* Common.swift */,
				018BAA2A1FA21F2D00F8583A /* FileManager */,
			);
			path = Common;
			sourceTree = "<group>";
		};
		018BAA2A1FA21F2D00F8583A /* FileManager */ = {
			isa = PBXGroup;
			children = (
				018BAA2B1FA21F2D00F8583A /* IKFileManager.swift */,
			);
			path = FileManager;
			sourceTree = "<group>";
		};
		018BAA2D1FA21FA300F8583A /* Model */ = {
			isa = PBXGroup;
			children = (
				018BAA2E1FA21FA300F8583A /* CoreData */,
			);
			path = Model;
			sourceTree = "<group>";
		};
		018BAA2E1FA21FA300F8583A /* CoreData */ = {
			isa = PBXGroup;
			children = (
				018BAA4D1FA2251100F8583A /* BaseCoreDataModel.swift */,
				018BAA2F1FA21FA300F8583A /* Channel.swift */,
				018BAA311FA21FA300F8583A /* EpsilonStreamDataModel.xcdatamodel */,
				018BAA321FA21FA300F8583A /* FeaturedURL.swift */,
				018BAA341FA21FA300F8583A /* ImageThumbnail.swift */,
				018BAA361FA21FA300F8583A /* MathObject.swift */,
				018BAA381FA21FA300F8583A /* MathObjectLink.swift */,
				018BAA3A1FA21FA300F8583A /* VersionInfo.swift */,
				018BAA3C1FA21FA300F8583A /* Video.swift */,
			);
			path = CoreData;
			sourceTree = "<group>";
		};
		2030B7D31E10BC1B001E2237 = {
			isa = PBXGroup;
			children = (
				204BF4E61F3FBD08007451AD /* Sounds */,
				20AA6CF31EE3F82C0017ACF7 /* imageThumbnailsPreLoad */,
				2080C2561E14743A00723F3B /* SupportingFiles */,
				2030B7DE1E10BC1B001E2237 /* EpsilonStream */,
				2030B7DD1E10BC1B001E2237 /* Products */,
				20EE41391E10E502002F78F9 /* Frameworks */,
				AD9E9A375916FACE19012318 /* Pods */,
			);
			sourceTree = "<group>";
		};
		2030B7DD1E10BC1B001E2237 /* Products */ = {
			isa = PBXGroup;
			children = (
				2030B7DC1E10BC1B001E2237 /* EpsilonStream.app */,
			);
			name = Products;
			sourceTree = "<group>";
		};
		2030B7DE1E10BC1B001E2237 /* EpsilonStream */ = {
			isa = PBXGroup;
			children = (
				01746A351FA0F1A7003A3BC2 /* Sources */,
				01372CED1F97C7620072F3E3 /* Resources */,
				203B866F1E14B94000BAF08C /* SearchResultItem.swift */,
				203B866D1E14B66A00BAF08C /* EpsilonStreamSearch.swift */,
				20B6952A1E16530A0071C9A8 /* AutoCompleteTableDelegate.swift */,
				2019AB221E41592100D4BC22 /* WebViewPrefetcher.swift */,
				2080C25A1E14769B00723F3B /* EpsilonStreamGlobals.swift */,
				203B24831F3EB9DB00A24B92 /* DataManagers */,
				2080C2571E14747B00723F3B /* ClientUI */,
				20EE41441E10EFA1002F78F9 /* AdminUI */,
				2030B7E81E10BC1B001E2237 /* Assets.xcassets */,
			);
			path = EpsilonStream;
			sourceTree = "<group>";
		};
		203B24831F3EB9DB00A24B92 /* DataManagers */ = {
			isa = PBXGroup;
			children = (
				207432151F4E9B8E0095CEBB /* BrowseStackManager.swift */,
				204380FA1E11E1E800ABBAD6 /* EpsilonStreamDataModel.swift */,
				203B24811F3EB9BD00A24B92 /* UserDataManager.swift */,
				200FDB481E36261D0015ADA1 /* EpsilonStreamAdminDataModel.swift */,
				20704A681E1BAEEE000C6B79 /* YoutubeAPICommunicator.swift */,
				20C25C501E18C34A00CE046E /* ImageManager.swift */,
				20B771101E1719A10062D09F /* EpsilonStreamBackgroundFetch.swift */,
				200A62AE1F0B079E0093B50F /* EpsilonStreamLoginManager.swift */,
				01746A3C1FA0F20E003A3BC2 /* PersistentStorageManager.swift */,
				202115311FADAEFF00C18E70 /* UserMessageManager.swift */,
			);
			name = DataManagers;
			sourceTree = "<group>";
		};
		204BF4E61F3FBD08007451AD /* Sounds */ = {
			isa = PBXGroup;
			children = (
				204BF4E71F3FBD64007451AD /* click.wav */,
				204BF4E81F3FBD64007451AD /* Hole_Punch.wav */,
			);
			name = Sounds;
			sourceTree = "<group>";
		};
		2080C2561E14743A00723F3B /* SupportingFiles */ = {
			isa = PBXGroup;
			children = (
				206992631E3E01C600EBC614 /* GoogleService-Info.plist */,
				2030B7DF1E10BC1B001E2237 /* AppDelegate.swift */,
				2030B7EA1E10BC1B001E2237 /* LaunchScreen.storyboard */,
				2030B7ED1E10BC1B001E2237 /* Info.plist */,
				20EE41381E10E4FD002F78F9 /* EpsilonStream.entitlements */,
			);
			name = SupportingFiles;
			path = EpsilonStream;
			sourceTree = "<group>";
		};
		2080C2571E14747B00723F3B /* ClientUI */ = {
			isa = PBXGroup;
			children = (
				2080C2541E14726C00723F3B /* EpsilonClient.storyboard */,
				20B7849B1F213FD7005E28CD /* MathObjectLinkItemTableViewCell.swift */,
				20C00D051F345BE2008284F0 /* SpecialItemTableViewCell.swift */,
				207432B41F55A3AB0095CEBB /* CreditsViewController.swift */,
				207432AF1F5276250095CEBB /* AboutViewController.swift */,
				2073D6281EFF8F8C00B7849D /* VideoItemTableViewCell.swift */,
				2073D62A1EFF8FB900B7849D /* ArticleItemTableViewCell.swift */,
				2021152F1FADAD7900C18E70 /* UserMessageTableViewCell.swift */,
				2073D62C1EFF8FCF00B7849D /* GameItemTableViewCell.swift */,
				202BC6E61E840379003CF122 /* SplashScreenViewController.swift */,
				20306A3A1E1A283900E6B5D9 /* WebViewingViewController.swift */,
				2080C25C1E14955500723F3B /* ClientSettingsViewController.swift */,
				2080C2581E1474CD00723F3B /* ClientSearchViewController.swift */,
				203B24841F3F10A800A24B92 /* ExternalPageViewer.swift */,
				203B86711E14C07900BAF08C /* PlayVideoViewController.swift */,
			);
			name = ClientUI;
			sourceTree = "<group>";
		};
		20AA6CF31EE3F82C0017ACF7 /* imageThumbnailsPreLoad */ = {
			isa = PBXGroup;
			children = (
				207432191F51179A0095CEBB /* PreThumb_4r5g7h.png */,
				2074321B1F51179A0095CEBB /* PreThumb_7s3ns3.png */,
				2074321C1F51179A0095CEBB /* PreThumb_8NDSQ0.png */,
				2074321D1F51179A0095CEBB /* PreThumb_23b1bx.png */,
				207432241F51179A0095CEBB /* PreThumb_63SAvY.png */,
				207432271F51179A0095CEBB /* PreThumb_73N871.png */,
				207432281F51179A0095CEBB /* PreThumb_88jfAX.png */,
				207432291F51179A0095CEBB /* PreThumb_352asd.png */,
				2074322A1F51179A0095CEBB /* PreThumb_462fa3.png */,
				2074322C1F51179A0095CEBB /* PreThumb_935sg3.png */,
				207432301F51179A0095CEBB /* PreThumb_7822x2.png */,
				207432311F51179A0095CEBB /* PreThumb_14020c.png */,
				207432321F51179A0095CEBB /* PreThumb_732823.png */,
				207432351F51179A0095CEBB /* PreThumb_bidAX2.png */,
				2074323A1F51179A0095CEBB /* PreThumb_cnaACS.png */,
				2074323C1F51179A0095CEBB /* PreThumb_dd23AV.png */,
				2074323F1F51179A0095CEBB /* PreThumb_dsf230.png */,
				207432401F51179A0095CEBB /* PreThumb_e3DF6h.png */,
				207432421F51179A0095CEBB /* PreThumb_fdsa31.png */,
				207432451F51179A0095CEBB /* PreThumb_gmp31d.png */,
				2074324E1F51179A0095CEBB /* PreThumb_kk34av.png */,
				2074324F1F51179A0095CEBB /* PreThumb_mamOth.png */,
				207432501F51179A0095CEBB /* PreThumb_mifmif.png */,
				207432521F51179A0095CEBB /* PreThumb_NDFJ2K.png */,
				207432541F51179A0095CEBB /* PreThumb_ns3142.png */,
				207432561F51179A0095CEBB /* PreThumb_owerAD.png */,
				207432581F51179A0095CEBB /* PreThumb_pug145.png */,
				207432591F51179A0095CEBB /* PreThumb_sdfas3.png */,
				2074325B1F51179A0095CEBB /* PreThumb_uiw42b.png */,
				2074325E1F51179A0095CEBB /* PreThumb_vsa2rX.png */,
				2074325F1F51179A0095CEBB /* PreThumb_woo35f.png */,
				207432601F51179A0095CEBB /* PreThumb_ww35ba.png */,
				207432611F51179A0095CEBB /* PreThumb_YEU224.png */,
				207432621F51179A0095CEBB /* PreThumb_yYYkd2.png */,
			);
			path = imageThumbnailsPreLoad;
			sourceTree = "<group>";
		};
		20EE41391E10E502002F78F9 /* Frameworks */ = {
			isa = PBXGroup;
			children = (
				20EE413A1E10E502002F78F9 /* CloudKit.framework */,
				8365442A59822C0F1455CBAB /* Pods_EpsilonStream.framework */,
			);
			name = Frameworks;
			sourceTree = "<group>";
		};
		20EE41441E10EFA1002F78F9 /* AdminUI */ = {
			isa = PBXGroup;
			children = (
				2082276A1F29ECC4002290CE /* URLSelectorViewController.swift */,
				203A2F0E1EEF37C400164F5F /* CurateItemViewController.swift */,
				2082276C1F2AD5A8002290CE /* CurateArticleViewController.swift */,
				20882FFE1EDD696C003CC2B2 /* TermListViewController.swift */,
				203A2F101EF0147400164F5F /* TermSelectorViewController.swift */,
				2048314A1F199045001DA099 /* EditMathObjectViewController.swift */,
				204186571E1288980067679E /* AdminSettingsViewController.swift */,
				2073D6261EFE90ED00B7849D /* ViewReportViewController.swift */,
			);
			name = AdminUI;
			sourceTree = "<group>";
		};
		AD9E9A375916FACE19012318 /* Pods */ = {
			isa = PBXGroup;
			children = (
				6DE21DF73C11C8FBE6A57E56 /* Pods-EpsilonStream.debug.xcconfig */,
				5A1D6AF38DFD4957AEA58554 /* Pods-EpsilonStream.release.xcconfig */,
			);
			name = Pods;
			sourceTree = "<group>";
		};
/* End PBXGroup section */

/* Begin PBXNativeTarget section */
		2030B7DB1E10BC1B001E2237 /* EpsilonStream */ = {
			isa = PBXNativeTarget;
			buildConfigurationList = 2030B7F01E10BC1B001E2237 /* Build configuration list for PBXNativeTarget "EpsilonStream" */;
			buildPhases = (
				DC5C72E431E8063D877C7B1F /* [CP] Check Pods Manifest.lock */,
				2030B7D81E10BC1B001E2237 /* Sources */,
				2030B7D91E10BC1B001E2237 /* Frameworks */,
				2030B7DA1E10BC1B001E2237 /* Resources */,
				1C275C97A2B84825138DA625 /* [CP] Embed Pods Frameworks */,
				4F7FCF78C376CF7A279B0D34 /* [CP] Copy Pods Resources */,
			);
			buildRules = (
			);
			dependencies = (
			);
			name = EpsilonStream;
			productName = EpsilonStream;
			productReference = 2030B7DC1E10BC1B001E2237 /* EpsilonStream.app */;
			productType = "com.apple.product-type.application";
		};
/* End PBXNativeTarget section */

/* Begin PBXProject section */
		2030B7D41E10BC1B001E2237 /* Project object */ = {
			isa = PBXProject;
			attributes = {
				LastSwiftUpdateCheck = 0820;
				LastUpgradeCheck = 0830;
				ORGANIZATIONNAME = "Yoni Nazarathy";
				TargetAttributes = {
					2030B7DB1E10BC1B001E2237 = {
						CreatedOnToolsVersion = 8.2;
						DevelopmentTeam = 4G9VZ63NB7;
						ProvisioningStyle = Automatic;
						SystemCapabilities = {
							com.apple.Push = {
								enabled = 1;
							};
							com.apple.iCloud = {
								enabled = 1;
							};
						};
					};
				};
			};
			buildConfigurationList = 2030B7D71E10BC1B001E2237 /* Build configuration list for PBXProject "EpsilonStream" */;
			compatibilityVersion = "Xcode 3.2";
			developmentRegion = English;
			hasScannedForEncodings = 0;
			knownRegions = (
				en,
				Base,
			);
			mainGroup = 2030B7D31E10BC1B001E2237;
			productRefGroup = 2030B7DD1E10BC1B001E2237 /* Products */;
			projectDirPath = "";
			projectRoot = "";
			targets = (
				2030B7DB1E10BC1B001E2237 /* EpsilonStream */,
			);
		};
/* End PBXProject section */

/* Begin PBXResourcesBuildPhase section */
		2030B7DA1E10BC1B001E2237 /* Resources */ = {
			isa = PBXResourcesBuildPhase;
			buildActionMask = 2147483647;
			files = (
				207432881F51179A0095CEBB /* PreThumb_dd23AV.png in Resources */,
				207432671F51179A0095CEBB /* PreThumb_7s3ns3.png in Resources */,
				207432A51F51179A0095CEBB /* PreThumb_sdfas3.png in Resources */,
				207432691F51179A0095CEBB /* PreThumb_23b1bx.png in Resources */,
				207432701F51179A0095CEBB /* PreThumb_63SAvY.png in Resources */,
				207432751F51179A0095CEBB /* PreThumb_352asd.png in Resources */,
				010FF33F1FB1A19200619183 /* LogoAnimationVert_9sec_High_Res.mp4 in Resources */,
				207432AA1F51179A0095CEBB /* PreThumb_vsa2rX.png in Resources */,
				207432811F51179A0095CEBB /* PreThumb_bidAX2.png in Resources */,
				2080C2551E14726C00723F3B /* EpsilonClient.storyboard in Resources */,
				2074328B1F51179A0095CEBB /* PreThumb_dsf230.png in Resources */,
				207432681F51179A0095CEBB /* PreThumb_8NDSQ0.png in Resources */,
				204BF4E91F3FBD64007451AD /* click.wav in Resources */,
				010FF33E1FB1A19200619183 /* LogoAnimationVert_9sec_Norm_Res.mp4 in Resources */,
				207432861F51179A0095CEBB /* PreThumb_cnaACS.png in Resources */,
				207432761F51179A0095CEBB /* PreThumb_462fa3.png in Resources */,
				2074328C1F51179A0095CEBB /* PreThumb_e3DF6h.png in Resources */,
				204BF4EA1F3FBD64007451AD /* Hole_Punch.wav in Resources */,
				207432A21F51179A0095CEBB /* PreThumb_owerAD.png in Resources */,
				2074329C1F51179A0095CEBB /* PreThumb_mifmif.png in Resources */,
				2030B7EC1E10BC1B001E2237 /* LaunchScreen.storyboard in Resources */,
				206992641E3E01C600EBC614 /* GoogleService-Info.plist in Resources */,
				207432741F51179A0095CEBB /* PreThumb_88jfAX.png in Resources */,
				207432781F51179A0095CEBB /* PreThumb_935sg3.png in Resources */,
				2074329A1F51179A0095CEBB /* PreThumb_kk34av.png in Resources */,
				207432A41F51179A0095CEBB /* PreThumb_pug145.png in Resources */,
				2030B7E91E10BC1B001E2237 /* Assets.xcassets in Resources */,
				2074329E1F51179A0095CEBB /* PreThumb_NDFJ2K.png in Resources */,
				207432651F51179A0095CEBB /* PreThumb_4r5g7h.png in Resources */,
				207432A71F51179A0095CEBB /* PreThumb_uiw42b.png in Resources */,
				207432AD1F51179A0095CEBB /* PreThumb_YEU224.png in Resources */,
				207432731F51179A0095CEBB /* PreThumb_73N871.png in Resources */,
				01372CF01F97C8F90072F3E3 /* Localizable.strings in Resources */,
				2074329B1F51179A0095CEBB /* PreThumb_mamOth.png in Resources */,
				207432AE1F51179A0095CEBB /* PreThumb_yYYkd2.png in Resources */,
				207432911F51179A0095CEBB /* PreThumb_gmp31d.png in Resources */,
				2074327E1F51179A0095CEBB /* PreThumb_732823.png in Resources */,
				2074327C1F51179A0095CEBB /* PreThumb_7822x2.png in Resources */,
				207432AC1F51179A0095CEBB /* PreThumb_ww35ba.png in Resources */,
				207432A01F51179A0095CEBB /* PreThumb_ns3142.png in Resources */,
				2074328E1F51179A0095CEBB /* PreThumb_fdsa31.png in Resources */,
				2074327D1F51179A0095CEBB /* PreThumb_14020c.png in Resources */,
				207432AB1F51179A0095CEBB /* PreThumb_woo35f.png in Resources */,
			);
			runOnlyForDeploymentPostprocessing = 0;
		};
/* End PBXResourcesBuildPhase section */

/* Begin PBXShellScriptBuildPhase section */
		1C275C97A2B84825138DA625 /* [CP] Embed Pods Frameworks */ = {
			isa = PBXShellScriptBuildPhase;
			buildActionMask = 2147483647;
			files = (
			);
			inputPaths = (
			);
			name = "[CP] Embed Pods Frameworks";
			outputPaths = (
			);
			runOnlyForDeploymentPostprocessing = 0;
			shellPath = /bin/sh;
			shellScript = "\"${SRCROOT}/Pods/Target Support Files/Pods-EpsilonStream/Pods-EpsilonStream-frameworks.sh\"\n";
			showEnvVarsInLog = 0;
		};
		4F7FCF78C376CF7A279B0D34 /* [CP] Copy Pods Resources */ = {
			isa = PBXShellScriptBuildPhase;
			buildActionMask = 2147483647;
			files = (
			);
			inputPaths = (
			);
			name = "[CP] Copy Pods Resources";
			outputPaths = (
			);
			runOnlyForDeploymentPostprocessing = 0;
			shellPath = /bin/sh;
			shellScript = "\"${SRCROOT}/Pods/Target Support Files/Pods-EpsilonStream/Pods-EpsilonStream-resources.sh\"\n";
			showEnvVarsInLog = 0;
		};
		DC5C72E431E8063D877C7B1F /* [CP] Check Pods Manifest.lock */ = {
			isa = PBXShellScriptBuildPhase;
			buildActionMask = 2147483647;
			files = (
			);
			inputPaths = (
			);
			name = "[CP] Check Pods Manifest.lock";
			outputPaths = (
			);
			runOnlyForDeploymentPostprocessing = 0;
			shellPath = /bin/sh;
			shellScript = "diff \"${PODS_PODFILE_DIR_PATH}/Podfile.lock\" \"${PODS_ROOT}/Manifest.lock\" > /dev/null\nif [ $? != 0 ] ; then\n    # print error to STDERR\n    echo \"error: The sandbox is not in sync with the Podfile.lock. Run 'pod install' or update your CocoaPods installation.\" >&2\n    exit 1\nfi\n";
			showEnvVarsInLog = 0;
		};
/* End PBXShellScriptBuildPhase section */

/* Begin PBXSourcesBuildPhase section */
		2030B7D81E10BC1B001E2237 /* Sources */ = {
			isa = PBXSourcesBuildPhase;
			buildActionMask = 2147483647;
			files = (
				018BAA431FA21FA300F8583A /* ImageThumbnail.swift in Sources */,
				2048314B1F199045001DA099 /* EditMathObjectViewController.swift in Sources */,
				018BAA451FA21FA300F8583A /* MathObject.swift in Sources */,
				2073D6271EFE90ED00B7849D /* ViewReportViewController.swift in Sources */,
				018BAA401FA21FA300F8583A /* EpsilonStreamDataModel.xcdatamodel in Sources */,
				20B6952B1E16530A0071C9A8 /* AutoCompleteTableDelegate.swift in Sources */,
				018BAA4E1FA2251100F8583A /* BaseCoreDataModel.swift in Sources */,
				207432161F4E9B8E0095CEBB /* BrowseStackManager.swift in Sources */,
				2082276D1F2AD5A8002290CE /* CurateArticleViewController.swift in Sources */,
				2073D62B1EFF8FB900B7849D /* ArticleItemTableViewCell.swift in Sources */,
				2080C25B1E14769B00723F3B /* EpsilonStreamGlobals.swift in Sources */,
				018BAA2C1FA21F2D00F8583A /* IKFileManager.swift in Sources */,
				2080C2591E1474CD00723F3B /* ClientSearchViewController.swift in Sources */,
				018BAA491FA21FA300F8583A /* VersionInfo.swift in Sources */,
				20C25C511E18C34A00CE046E /* ImageManager.swift in Sources */,
				203A2F111EF0147400164F5F /* TermSelectorViewController.swift in Sources */,
				018BAA471FA21FA300F8583A /* MathObjectLink.swift in Sources */,
				207432B51F55A3AB0095CEBB /* CreditsViewController.swift in Sources */,
				203B24851F3F10A800A24B92 /* ExternalPageViewer.swift in Sources */,
				203B866E1E14B66A00BAF08C /* EpsilonStreamSearch.swift in Sources */,
				018BAA4B1FA21FA300F8583A /* Video.swift in Sources */,
				20B771111E1719A10062D09F /* EpsilonStreamBackgroundFetch.swift in Sources */,
				20C00D061F345BE2008284F0 /* SpecialItemTableViewCell.swift in Sources */,
				200FDB491E36261D0015ADA1 /* EpsilonStreamAdminDataModel.swift in Sources */,
				20B7849C1F213FD7005E28CD /* MathObjectLinkItemTableViewCell.swift in Sources */,
				203B86721E14C07900BAF08C /* PlayVideoViewController.swift in Sources */,
				203B24821F3EB9BD00A24B92 /* UserDataManager.swift in Sources */,
				2030B7E01E10BC1B001E2237 /* AppDelegate.swift in Sources */,
				20704A691E1BAEEE000C6B79 /* YoutubeAPICommunicator.swift in Sources */,
				2019AB231E41592100D4BC22 /* WebViewPrefetcher.swift in Sources */,
				20306A3B1E1A283900E6B5D9 /* WebViewingViewController.swift in Sources */,
				204380FB1E11E1E800ABBAD6 /* EpsilonStreamDataModel.swift in Sources */,
				202115301FADAD7900C18E70 /* UserMessageTableViewCell.swift in Sources */,
				01746A3A1FA0F1A7003A3BC2 /* Common.swift in Sources */,
				2073D62D1EFF8FCF00B7849D /* GameItemTableViewCell.swift in Sources */,
				202115321FADAEFF00C18E70 /* UserMessageManager.swift in Sources */,
				207432B01F5276250095CEBB /* AboutViewController.swift in Sources */,
				2073D6291EFF8F8D00B7849D /* VideoItemTableViewCell.swift in Sources */,
				200A62AF1F0B079E0093B50F /* EpsilonStreamLoginManager.swift in Sources */,
				20882FFF1EDD696C003CC2B2 /* TermListViewController.swift in Sources */,
				018BAA411FA21FA300F8583A /* FeaturedURL.swift in Sources */,
				203B86701E14B94000BAF08C /* SearchResultItem.swift in Sources */,
				202BC6E71E840379003CF122 /* SplashScreenViewController.swift in Sources */,
				204186581E1288980067679E /* AdminSettingsViewController.swift in Sources */,
				203A2F0F1EEF37C400164F5F /* CurateItemViewController.swift in Sources */,
				018BAA3E1FA21FA300F8583A /* Channel.swift in Sources */,
				2082276B1F29ECC4002290CE /* URLSelectorViewController.swift in Sources */,
				01746A3D1FA0F20E003A3BC2 /* PersistentStorageManager.swift in Sources */,
				2080C25D1E14955500723F3B /* ClientSettingsViewController.swift in Sources */,
			);
			runOnlyForDeploymentPostprocessing = 0;
		};
/* End PBXSourcesBuildPhase section */

/* Begin PBXVariantGroup section */
		01372CF21F97C8F90072F3E3 /* Localizable.strings */ = {
			isa = PBXVariantGroup;
			children = (
				01372CF11F97C8F90072F3E3 /* en */,
			);
			name = Localizable.strings;
			sourceTree = "<group>";
		};
		2030B7EA1E10BC1B001E2237 /* LaunchScreen.storyboard */ = {
			isa = PBXVariantGroup;
			children = (
				2030B7EB1E10BC1B001E2237 /* Base */,
			);
			name = LaunchScreen.storyboard;
			sourceTree = "<group>";
		};
/* End PBXVariantGroup section */

/* Begin XCBuildConfiguration section */
		2030B7EE1E10BC1B001E2237 /* Debug */ = {
			isa = XCBuildConfiguration;
			buildSettings = {
				ALWAYS_SEARCH_USER_PATHS = NO;
				CLANG_ANALYZER_NONNULL = YES;
				CLANG_CXX_LANGUAGE_STANDARD = "gnu++0x";
				CLANG_CXX_LIBRARY = "libc++";
				CLANG_ENABLE_MODULES = YES;
				CLANG_ENABLE_OBJC_ARC = YES;
				CLANG_WARN_BOOL_CONVERSION = YES;
				CLANG_WARN_CONSTANT_CONVERSION = YES;
				CLANG_WARN_DIRECT_OBJC_ISA_USAGE = YES_ERROR;
				CLANG_WARN_DOCUMENTATION_COMMENTS = YES;
				CLANG_WARN_EMPTY_BODY = YES;
				CLANG_WARN_ENUM_CONVERSION = YES;
				CLANG_WARN_INFINITE_RECURSION = YES;
				CLANG_WARN_INT_CONVERSION = YES;
				CLANG_WARN_OBJC_ROOT_CLASS = YES_ERROR;
				CLANG_WARN_SUSPICIOUS_MOVE = YES;
				CLANG_WARN_UNREACHABLE_CODE = YES;
				CLANG_WARN__DUPLICATE_METHOD_MATCH = YES;
				"CODE_SIGN_IDENTITY[sdk=iphoneos*]" = "iPhone Developer";
				COPY_PHASE_STRIP = NO;
				DEBUG_INFORMATION_FORMAT = dwarf;
				ENABLE_STRICT_OBJC_MSGSEND = YES;
				ENABLE_TESTABILITY = YES;
				GCC_C_LANGUAGE_STANDARD = gnu99;
				GCC_DYNAMIC_NO_PIC = NO;
				GCC_NO_COMMON_BLOCKS = YES;
				GCC_OPTIMIZATION_LEVEL = 0;
				GCC_PREPROCESSOR_DEFINITIONS = (
					"DEBUG=1",
					"$(inherited)",
				);
				GCC_WARN_64_TO_32_BIT_CONVERSION = YES;
				GCC_WARN_ABOUT_RETURN_TYPE = YES_ERROR;
				GCC_WARN_UNDECLARED_SELECTOR = YES;
				GCC_WARN_UNINITIALIZED_AUTOS = YES_AGGRESSIVE;
				GCC_WARN_UNUSED_FUNCTION = YES;
				GCC_WARN_UNUSED_VARIABLE = YES;
				IPHONEOS_DEPLOYMENT_TARGET = 9.0;
				MTL_ENABLE_DEBUG_INFO = YES;
				ONLY_ACTIVE_ARCH = YES;
				SDKROOT = iphoneos;
				SWIFT_ACTIVE_COMPILATION_CONDITIONS = DEBUG;
				SWIFT_OPTIMIZATION_LEVEL = "-Onone";
				TARGETED_DEVICE_FAMILY = "1,2";
			};
			name = Debug;
		};
		2030B7EF1E10BC1B001E2237 /* Release */ = {
			isa = XCBuildConfiguration;
			buildSettings = {
				ALWAYS_SEARCH_USER_PATHS = NO;
				CLANG_ANALYZER_NONNULL = YES;
				CLANG_CXX_LANGUAGE_STANDARD = "gnu++0x";
				CLANG_CXX_LIBRARY = "libc++";
				CLANG_ENABLE_MODULES = YES;
				CLANG_ENABLE_OBJC_ARC = YES;
				CLANG_WARN_BOOL_CONVERSION = YES;
				CLANG_WARN_CONSTANT_CONVERSION = YES;
				CLANG_WARN_DIRECT_OBJC_ISA_USAGE = YES_ERROR;
				CLANG_WARN_DOCUMENTATION_COMMENTS = YES;
				CLANG_WARN_EMPTY_BODY = YES;
				CLANG_WARN_ENUM_CONVERSION = YES;
				CLANG_WARN_INFINITE_RECURSION = YES;
				CLANG_WARN_INT_CONVERSION = YES;
				CLANG_WARN_OBJC_ROOT_CLASS = YES_ERROR;
				CLANG_WARN_SUSPICIOUS_MOVE = YES;
				CLANG_WARN_UNREACHABLE_CODE = YES;
				CLANG_WARN__DUPLICATE_METHOD_MATCH = YES;
				"CODE_SIGN_IDENTITY[sdk=iphoneos*]" = "iPhone Developer";
				COPY_PHASE_STRIP = NO;
				DEBUG_INFORMATION_FORMAT = "dwarf-with-dsym";
				ENABLE_NS_ASSERTIONS = NO;
				ENABLE_STRICT_OBJC_MSGSEND = YES;
				GCC_C_LANGUAGE_STANDARD = gnu99;
				GCC_NO_COMMON_BLOCKS = YES;
				GCC_WARN_64_TO_32_BIT_CONVERSION = YES;
				GCC_WARN_ABOUT_RETURN_TYPE = YES_ERROR;
				GCC_WARN_UNDECLARED_SELECTOR = YES;
				GCC_WARN_UNINITIALIZED_AUTOS = YES_AGGRESSIVE;
				GCC_WARN_UNUSED_FUNCTION = YES;
				GCC_WARN_UNUSED_VARIABLE = YES;
				IPHONEOS_DEPLOYMENT_TARGET = 9.0;
				MTL_ENABLE_DEBUG_INFO = NO;
				SDKROOT = iphoneos;
				SWIFT_OPTIMIZATION_LEVEL = "-Owholemodule";
				TARGETED_DEVICE_FAMILY = "1,2";
				VALIDATE_PRODUCT = YES;
			};
			name = Release;
		};
		2030B7F11E10BC1B001E2237 /* Debug */ = {
			isa = XCBuildConfiguration;
			baseConfigurationReference = 6DE21DF73C11C8FBE6A57E56 /* Pods-EpsilonStream.debug.xcconfig */;
			buildSettings = {
				ASSETCATALOG_COMPILER_APPICON_NAME = AppIcon;
				CODE_SIGN_ENTITLEMENTS = EpsilonStream/EpsilonStream.entitlements;
				"CODE_SIGN_IDENTITY[sdk=iphoneos*]" = "iPhone Developer";
				DEVELOPMENT_TEAM = 4G9VZ63NB7;
				INFOPLIST_FILE = EpsilonStream/Info.plist;
				LD_RUNPATH_SEARCH_PATHS = "$(inherited) @executable_path/Frameworks";
				PRODUCT_BUNDLE_IDENTIFIER = oneonepsilon.com.EpsilonStream;
				PRODUCT_NAME = "$(TARGET_NAME)";
				PROVISIONING_PROFILE = "";
				PROVISIONING_PROFILE_SPECIFIER = "";
				SWIFT_VERSION = 3.0;
			};
			name = Debug;
		};
		2030B7F21E10BC1B001E2237 /* Release */ = {
			isa = XCBuildConfiguration;
			baseConfigurationReference = 5A1D6AF38DFD4957AEA58554 /* Pods-EpsilonStream.release.xcconfig */;
			buildSettings = {
				ASSETCATALOG_COMPILER_APPICON_NAME = AppIcon;
				CODE_SIGN_ENTITLEMENTS = EpsilonStream/EpsilonStream.entitlements;
				"CODE_SIGN_IDENTITY[sdk=iphoneos*]" = "iPhone Developer";
				DEVELOPMENT_TEAM = 4G9VZ63NB7;
				INFOPLIST_FILE = EpsilonStream/Info.plist;
				LD_RUNPATH_SEARCH_PATHS = "$(inherited) @executable_path/Frameworks";
				PRODUCT_BUNDLE_IDENTIFIER = oneonepsilon.com.EpsilonStream;
				PRODUCT_NAME = "$(TARGET_NAME)";
				PROVISIONING_PROFILE = "";
				PROVISIONING_PROFILE_SPECIFIER = "";
				SWIFT_VERSION = 3.0;
			};
			name = Release;
		};
/* End XCBuildConfiguration section */

/* Begin XCConfigurationList section */
		2030B7D71E10BC1B001E2237 /* Build configuration list for PBXProject "EpsilonStream" */ = {
			isa = XCConfigurationList;
			buildConfigurations = (
				2030B7EE1E10BC1B001E2237 /* Debug */,
				2030B7EF1E10BC1B001E2237 /* Release */,
			);
			defaultConfigurationIsVisible = 0;
			defaultConfigurationName = Release;
		};
		2030B7F01E10BC1B001E2237 /* Build configuration list for PBXNativeTarget "EpsilonStream" */ = {
			isa = XCConfigurationList;
			buildConfigurations = (
				2030B7F11E10BC1B001E2237 /* Debug */,
				2030B7F21E10BC1B001E2237 /* Release */,
			);
			defaultConfigurationIsVisible = 0;
			defaultConfigurationName = Release;
		};
/* End XCConfigurationList section */
	};
	rootObject = 2030B7D41E10BC1B001E2237 /* Project object */;
}
