// !$*UTF8*$!
{
	archiveVersion = 1;
	classes = {
	};
	objectVersion = 46;
	objects = {

/* Begin PBXBuildFile section */
		200A62AF1F0B079E0093B50F /* EpsilonStreamLoginManager.swift in Sources */ = {isa = PBXBuildFile; fileRef = 200A62AE1F0B079E0093B50F /* EpsilonStreamLoginManager.swift */; };
		200FDB491E36261D0015ADA1 /* EpsilonStreamAdminDataModel.swift in Sources */ = {isa = PBXBuildFile; fileRef = 200FDB481E36261D0015ADA1 /* EpsilonStreamAdminDataModel.swift */; };
		2019AB231E41592100D4BC22 /* WebViewPrefetcher.swift in Sources */ = {isa = PBXBuildFile; fileRef = 2019AB221E41592100D4BC22 /* WebViewPrefetcher.swift */; };
		202BC6E71E840379003CF122 /* SplashScreenViewController.swift in Sources */ = {isa = PBXBuildFile; fileRef = 202BC6E61E840379003CF122 /* SplashScreenViewController.swift */; };
		20306A3B1E1A283900E6B5D9 /* WebViewingViewController.swift in Sources */ = {isa = PBXBuildFile; fileRef = 20306A3A1E1A283900E6B5D9 /* WebViewingViewController.swift */; };
		2030B7E01E10BC1B001E2237 /* AppDelegate.swift in Sources */ = {isa = PBXBuildFile; fileRef = 2030B7DF1E10BC1B001E2237 /* AppDelegate.swift */; };
		2030B7E21E10BC1B001E2237 /* MathObjectMasterViewController.swift in Sources */ = {isa = PBXBuildFile; fileRef = 2030B7E11E10BC1B001E2237 /* MathObjectMasterViewController.swift */; };
		2030B7E71E10BC1B001E2237 /* EpsilonAdmin.storyboard in Resources */ = {isa = PBXBuildFile; fileRef = 2030B7E51E10BC1B001E2237 /* EpsilonAdmin.storyboard */; };
		2030B7E91E10BC1B001E2237 /* Assets.xcassets in Resources */ = {isa = PBXBuildFile; fileRef = 2030B7E81E10BC1B001E2237 /* Assets.xcassets */; };
		2030B7EC1E10BC1B001E2237 /* LaunchScreen.storyboard in Resources */ = {isa = PBXBuildFile; fileRef = 2030B7EA1E10BC1B001E2237 /* LaunchScreen.storyboard */; };
		2030B7FC1E10BC52001E2237 /* Video+CoreDataClass.swift in Sources */ = {isa = PBXBuildFile; fileRef = 2030B7F41E10BC52001E2237 /* Video+CoreDataClass.swift */; };
		2030B7FD1E10BC52001E2237 /* Video+CoreDataProperties.swift in Sources */ = {isa = PBXBuildFile; fileRef = 2030B7F51E10BC52001E2237 /* Video+CoreDataProperties.swift */; };
		2030B7FE1E10BC52001E2237 /* MathObject+CoreDataClass.swift in Sources */ = {isa = PBXBuildFile; fileRef = 2030B7F61E10BC52001E2237 /* MathObject+CoreDataClass.swift */; };
		2030B7FF1E10BC52001E2237 /* MathObject+CoreDataProperties.swift in Sources */ = {isa = PBXBuildFile; fileRef = 2030B7F71E10BC52001E2237 /* MathObject+CoreDataProperties.swift */; };
		2030B8001E10BC52001E2237 /* Channel+CoreDataClass.swift in Sources */ = {isa = PBXBuildFile; fileRef = 2030B7F81E10BC52001E2237 /* Channel+CoreDataClass.swift */; };
		2030B8011E10BC52001E2237 /* Channel+CoreDataProperties.swift in Sources */ = {isa = PBXBuildFile; fileRef = 2030B7F91E10BC52001E2237 /* Channel+CoreDataProperties.swift */; };
		2030B8021E10BC52001E2237 /* FeaturedURL+CoreDataClass.swift in Sources */ = {isa = PBXBuildFile; fileRef = 2030B7FA1E10BC52001E2237 /* FeaturedURL+CoreDataClass.swift */; };
		2030B8031E10BC52001E2237 /* FeaturedURL+CoreDataProperties.swift in Sources */ = {isa = PBXBuildFile; fileRef = 2030B7FB1E10BC52001E2237 /* FeaturedURL+CoreDataProperties.swift */; };
		2030B8051E10BC61001E2237 /* EpsilonStreamDataModel.xcdatamodel in Sources */ = {isa = PBXBuildFile; fileRef = 2030B8041E10BC61001E2237 /* EpsilonStreamDataModel.xcdatamodel */; };
		203A2F0F1EEF37C400164F5F /* CurateItemViewController.swift in Sources */ = {isa = PBXBuildFile; fileRef = 203A2F0E1EEF37C400164F5F /* CurateItemViewController.swift */; };
		203A2F111EF0147400164F5F /* TermSelectorViewController.swift in Sources */ = {isa = PBXBuildFile; fileRef = 203A2F101EF0147400164F5F /* TermSelectorViewController.swift */; };
		203B24821F3EB9BD00A24B92 /* UserDataManager.swift in Sources */ = {isa = PBXBuildFile; fileRef = 203B24811F3EB9BD00A24B92 /* UserDataManager.swift */; };
		203B24851F3F10A800A24B92 /* ExternalPageViewer.swift in Sources */ = {isa = PBXBuildFile; fileRef = 203B24841F3F10A800A24B92 /* ExternalPageViewer.swift */; };
		203B866E1E14B66A00BAF08C /* EpsilonStreamSearch.swift in Sources */ = {isa = PBXBuildFile; fileRef = 203B866D1E14B66A00BAF08C /* EpsilonStreamSearch.swift */; };
		203B86701E14B94000BAF08C /* SearchResultItem.swift in Sources */ = {isa = PBXBuildFile; fileRef = 203B866F1E14B94000BAF08C /* SearchResultItem.swift */; };
		203B86721E14C07900BAF08C /* PlayVideoViewController.swift in Sources */ = {isa = PBXBuildFile; fileRef = 203B86711E14C07900BAF08C /* PlayVideoViewController.swift */; };
		204186581E1288980067679E /* AdminSettingsViewController.swift in Sources */ = {isa = PBXBuildFile; fileRef = 204186571E1288980067679E /* AdminSettingsViewController.swift */; };
		2041865C1E12962F0067679E /* VideoMasterViewController.swift in Sources */ = {isa = PBXBuildFile; fileRef = 2041865B1E12962F0067679E /* VideoMasterViewController.swift */; };
		2041865E1E1296760067679E /* FeatureMasterViewController.swift in Sources */ = {isa = PBXBuildFile; fileRef = 2041865D1E1296760067679E /* FeatureMasterViewController.swift */; };
		204186641E1297400067679E /* ChannelMasterViewController.swift in Sources */ = {isa = PBXBuildFile; fileRef = 204186631E1297400067679E /* ChannelMasterViewController.swift */; };
		204380F91E11CAA500ABBAD6 /* DetailViewController.swift in Sources */ = {isa = PBXBuildFile; fileRef = 204380F81E11CAA500ABBAD6 /* DetailViewController.swift */; };
		204380FB1E11E1E800ABBAD6 /* EpsilonStreamDataModel.swift in Sources */ = {isa = PBXBuildFile; fileRef = 204380FA1E11E1E800ABBAD6 /* EpsilonStreamDataModel.swift */; };
		204381201E11ED3400ABBAD6 /* MasterViewController.swift in Sources */ = {isa = PBXBuildFile; fileRef = 2043811F1E11ED3400ABBAD6 /* MasterViewController.swift */; };
		2048314B1F199045001DA099 /* EditMathObjectViewController.swift in Sources */ = {isa = PBXBuildFile; fileRef = 2048314A1F199045001DA099 /* EditMathObjectViewController.swift */; };
		204BF4E91F3FBD64007451AD /* click.wav in Resources */ = {isa = PBXBuildFile; fileRef = 204BF4E71F3FBD64007451AD /* click.wav */; };
		204BF4EA1F3FBD64007451AD /* Hole_Punch.wav in Resources */ = {isa = PBXBuildFile; fileRef = 204BF4E81F3FBD64007451AD /* Hole_Punch.wav */; };
		206992641E3E01C600EBC614 /* GoogleService-Info.plist in Resources */ = {isa = PBXBuildFile; fileRef = 206992631E3E01C600EBC614 /* GoogleService-Info.plist */; };
		20704A691E1BAEEE000C6B79 /* YoutubeAPICommunicator.swift in Sources */ = {isa = PBXBuildFile; fileRef = 20704A681E1BAEEE000C6B79 /* YoutubeAPICommunicator.swift */; };
		2073D6271EFE90ED00B7849D /* ViewReportViewController.swift in Sources */ = {isa = PBXBuildFile; fileRef = 2073D6261EFE90ED00B7849D /* ViewReportViewController.swift */; };
		2073D6291EFF8F8D00B7849D /* VideoItemTableViewCell.swift in Sources */ = {isa = PBXBuildFile; fileRef = 2073D6281EFF8F8C00B7849D /* VideoItemTableViewCell.swift */; };
		2073D62B1EFF8FB900B7849D /* ArticleItemTableViewCell.swift in Sources */ = {isa = PBXBuildFile; fileRef = 2073D62A1EFF8FB900B7849D /* ArticleItemTableViewCell.swift */; };
		2073D62D1EFF8FCF00B7849D /* GameItemTableViewCell.swift in Sources */ = {isa = PBXBuildFile; fileRef = 2073D62C1EFF8FCF00B7849D /* GameItemTableViewCell.swift */; };
		207432161F4E9B8E0095CEBB /* BrowseStackManager.swift in Sources */ = {isa = PBXBuildFile; fileRef = 207432151F4E9B8E0095CEBB /* BrowseStackManager.swift */; };
		207432631F51179A0095CEBB /* PreThumb_3hFFab.png in Resources */ = {isa = PBXBuildFile; fileRef = 207432171F5117990095CEBB /* PreThumb_3hFFab.png */; };
		207432641F51179A0095CEBB /* PreThumb_4fiwXA.png in Resources */ = {isa = PBXBuildFile; fileRef = 207432181F51179A0095CEBB /* PreThumb_4fiwXA.png */; };
		207432651F51179A0095CEBB /* PreThumb_4r5g7h.png in Resources */ = {isa = PBXBuildFile; fileRef = 207432191F51179A0095CEBB /* PreThumb_4r5g7h.png */; };
		207432661F51179A0095CEBB /* PreThumb_7fnxAN.png in Resources */ = {isa = PBXBuildFile; fileRef = 2074321A1F51179A0095CEBB /* PreThumb_7fnxAN.png */; };
		207432671F51179A0095CEBB /* PreThumb_7s3ns3.png in Resources */ = {isa = PBXBuildFile; fileRef = 2074321B1F51179A0095CEBB /* PreThumb_7s3ns3.png */; };
		207432681F51179A0095CEBB /* PreThumb_8NDSQ0.png in Resources */ = {isa = PBXBuildFile; fileRef = 2074321C1F51179A0095CEBB /* PreThumb_8NDSQ0.png */; };
		207432691F51179A0095CEBB /* PreThumb_23b1bx.png in Resources */ = {isa = PBXBuildFile; fileRef = 2074321D1F51179A0095CEBB /* PreThumb_23b1bx.png */; };
		2074326A1F51179A0095CEBB /* PreThumb_24snMf.png in Resources */ = {isa = PBXBuildFile; fileRef = 2074321E1F51179A0095CEBB /* PreThumb_24snMf.png */; };
		2074326B1F51179A0095CEBB /* PreThumb_32uic2.png in Resources */ = {isa = PBXBuildFile; fileRef = 2074321F1F51179A0095CEBB /* PreThumb_32uic2.png */; };
		2074326C1F51179A0095CEBB /* PreThumb_34nai9.png in Resources */ = {isa = PBXBuildFile; fileRef = 207432201F51179A0095CEBB /* PreThumb_34nai9.png */; };
		2074326D1F51179A0095CEBB /* PreThumb_35v115.png in Resources */ = {isa = PBXBuildFile; fileRef = 207432211F51179A0095CEBB /* PreThumb_35v115.png */; };
		2074326E1F51179A0095CEBB /* PreThumb_42gAB2.png in Resources */ = {isa = PBXBuildFile; fileRef = 207432221F51179A0095CEBB /* PreThumb_42gAB2.png */; };
		2074326F1F51179A0095CEBB /* PreThumb_56dzbd.png in Resources */ = {isa = PBXBuildFile; fileRef = 207432231F51179A0095CEBB /* PreThumb_56dzbd.png */; };
		207432701F51179A0095CEBB /* PreThumb_63SAvY.png in Resources */ = {isa = PBXBuildFile; fileRef = 207432241F51179A0095CEBB /* PreThumb_63SAvY.png */; };
		207432711F51179A0095CEBB /* PreThumb_64anNN.png in Resources */ = {isa = PBXBuildFile; fileRef = 207432251F51179A0095CEBB /* PreThumb_64anNN.png */; };
		207432721F51179A0095CEBB /* PreThumb_73jdUU.png in Resources */ = {isa = PBXBuildFile; fileRef = 207432261F51179A0095CEBB /* PreThumb_73jdUU.png */; };
		207432731F51179A0095CEBB /* PreThumb_73N871.png in Resources */ = {isa = PBXBuildFile; fileRef = 207432271F51179A0095CEBB /* PreThumb_73N871.png */; };
		207432741F51179A0095CEBB /* PreThumb_88jfAX.png in Resources */ = {isa = PBXBuildFile; fileRef = 207432281F51179A0095CEBB /* PreThumb_88jfAX.png */; };
		207432751F51179A0095CEBB /* PreThumb_352asd.png in Resources */ = {isa = PBXBuildFile; fileRef = 207432291F51179A0095CEBB /* PreThumb_352asd.png */; };
		207432761F51179A0095CEBB /* PreThumb_462fa3.png in Resources */ = {isa = PBXBuildFile; fileRef = 2074322A1F51179A0095CEBB /* PreThumb_462fa3.png */; };
		207432771F51179A0095CEBB /* PreThumb_631mXW.png in Resources */ = {isa = PBXBuildFile; fileRef = 2074322B1F51179A0095CEBB /* PreThumb_631mXW.png */; };
		207432781F51179A0095CEBB /* PreThumb_935sg3.png in Resources */ = {isa = PBXBuildFile; fileRef = 2074322C1F51179A0095CEBB /* PreThumb_935sg3.png */; };
		207432791F51179A0095CEBB /* PreThumb_983vzA.png in Resources */ = {isa = PBXBuildFile; fileRef = 2074322D1F51179A0095CEBB /* PreThumb_983vzA.png */; };
		2074327A1F51179A0095CEBB /* PreThumb_2352d2.png in Resources */ = {isa = PBXBuildFile; fileRef = 2074322E1F51179A0095CEBB /* PreThumb_2352d2.png */; };
		2074327B1F51179A0095CEBB /* PreThumb_7342xa.png in Resources */ = {isa = PBXBuildFile; fileRef = 2074322F1F51179A0095CEBB /* PreThumb_7342xa.png */; };
		2074327C1F51179A0095CEBB /* PreThumb_7822x2.png in Resources */ = {isa = PBXBuildFile; fileRef = 207432301F51179A0095CEBB /* PreThumb_7822x2.png */; };
		2074327D1F51179A0095CEBB /* PreThumb_14020c.png in Resources */ = {isa = PBXBuildFile; fileRef = 207432311F51179A0095CEBB /* PreThumb_14020c.png */; };
		2074327E1F51179A0095CEBB /* PreThumb_732823.png in Resources */ = {isa = PBXBuildFile; fileRef = 207432321F51179A0095CEBB /* PreThumb_732823.png */; };
		2074327F1F51179A0095CEBB /* PreThumb_abc873.png in Resources */ = {isa = PBXBuildFile; fileRef = 207432331F51179A0095CEBB /* PreThumb_abc873.png */; };
		207432801F51179A0095CEBB /* PreThumb_ANCV64.png in Resources */ = {isa = PBXBuildFile; fileRef = 207432341F51179A0095CEBB /* PreThumb_ANCV64.png */; };
		207432811F51179A0095CEBB /* PreThumb_bidAX2.png in Resources */ = {isa = PBXBuildFile; fileRef = 207432351F51179A0095CEBB /* PreThumb_bidAX2.png */; };
		207432821F51179A0095CEBB /* PreThumb_bnAB23.png in Resources */ = {isa = PBXBuildFile; fileRef = 207432361F51179A0095CEBB /* PreThumb_bnAB23.png */; };
		207432831F51179A0095CEBB /* PreThumb_caz2a4.png in Resources */ = {isa = PBXBuildFile; fileRef = 207432371F51179A0095CEBB /* PreThumb_caz2a4.png */; };
		207432841F51179A0095CEBB /* PreThumb_CBE72a.png in Resources */ = {isa = PBXBuildFile; fileRef = 207432381F51179A0095CEBB /* PreThumb_CBE72a.png */; };
		207432851F51179A0095CEBB /* PreThumb_cmw12s.png in Resources */ = {isa = PBXBuildFile; fileRef = 207432391F51179A0095CEBB /* PreThumb_cmw12s.png */; };
		207432861F51179A0095CEBB /* PreThumb_cnaACS.png in Resources */ = {isa = PBXBuildFile; fileRef = 2074323A1F51179A0095CEBB /* PreThumb_cnaACS.png */; };
		207432871F51179A0095CEBB /* PreThumb_dch5fH.png in Resources */ = {isa = PBXBuildFile; fileRef = 2074323B1F51179A0095CEBB /* PreThumb_dch5fH.png */; };
		207432881F51179A0095CEBB /* PreThumb_dd23AV.png in Resources */ = {isa = PBXBuildFile; fileRef = 2074323C1F51179A0095CEBB /* PreThumb_dd23AV.png */; };
		207432891F51179A0095CEBB /* PreThumb_df28ND.png in Resources */ = {isa = PBXBuildFile; fileRef = 2074323D1F51179A0095CEBB /* PreThumb_df28ND.png */; };
		2074328A1F51179A0095CEBB /* PreThumb_dfa2AB.png in Resources */ = {isa = PBXBuildFile; fileRef = 2074323E1F51179A0095CEBB /* PreThumb_dfa2AB.png */; };
		2074328B1F51179A0095CEBB /* PreThumb_dsf230.png in Resources */ = {isa = PBXBuildFile; fileRef = 2074323F1F51179A0095CEBB /* PreThumb_dsf230.png */; };
		2074328C1F51179A0095CEBB /* PreThumb_e3DF6h.png in Resources */ = {isa = PBXBuildFile; fileRef = 207432401F51179A0095CEBB /* PreThumb_e3DF6h.png */; };
		2074328D1F51179A0095CEBB /* PreThumb_eth32j.png in Resources */ = {isa = PBXBuildFile; fileRef = 207432411F51179A0095CEBB /* PreThumb_eth32j.png */; };
		2074328E1F51179A0095CEBB /* PreThumb_fdsa31.png in Resources */ = {isa = PBXBuildFile; fileRef = 207432421F51179A0095CEBB /* PreThumb_fdsa31.png */; };
		2074328F1F51179A0095CEBB /* PreThumb_fgJJs2.png in Resources */ = {isa = PBXBuildFile; fileRef = 207432431F51179A0095CEBB /* PreThumb_fgJJs2.png */; };
		207432901F51179A0095CEBB /* PreThumb_gas2xp.png in Resources */ = {isa = PBXBuildFile; fileRef = 207432441F51179A0095CEBB /* PreThumb_gas2xp.png */; };
		207432911F51179A0095CEBB /* PreThumb_gmp31d.png in Resources */ = {isa = PBXBuildFile; fileRef = 207432451F51179A0095CEBB /* PreThumb_gmp31d.png */; };
		207432921F51179A0095CEBB /* PreThumb_hd7NMX.png in Resources */ = {isa = PBXBuildFile; fileRef = 207432461F51179A0095CEBB /* PreThumb_hd7NMX.png */; };
		207432931F51179A0095CEBB /* PreThumb_HHHd23.png in Resources */ = {isa = PBXBuildFile; fileRef = 207432471F51179A0095CEBB /* PreThumb_HHHd23.png */; };
		207432941F51179A0095CEBB /* PreThumb_hk7e99.png in Resources */ = {isa = PBXBuildFile; fileRef = 207432481F51179A0095CEBB /* PreThumb_hk7e99.png */; };
		207432951F51179A0095CEBB /* PreThumb_ies2ac.png in Resources */ = {isa = PBXBuildFile; fileRef = 207432491F51179A0095CEBB /* PreThumb_ies2ac.png */; };
		207432961F51179A0095CEBB /* PreThumb_j7f4jl.png in Resources */ = {isa = PBXBuildFile; fileRef = 2074324A1F51179A0095CEBB /* PreThumb_j7f4jl.png */; };
		207432971F51179A0095CEBB /* PreThumb_j8asd3.png in Resources */ = {isa = PBXBuildFile; fileRef = 2074324B1F51179A0095CEBB /* PreThumb_j8asd3.png */; };
		207432981F51179A0095CEBB /* PreThumb_jfi241.png in Resources */ = {isa = PBXBuildFile; fileRef = 2074324C1F51179A0095CEBB /* PreThumb_jfi241.png */; };
		207432991F51179A0095CEBB /* PreThumb_ju3s14.png in Resources */ = {isa = PBXBuildFile; fileRef = 2074324D1F51179A0095CEBB /* PreThumb_ju3s14.png */; };
		2074329A1F51179A0095CEBB /* PreThumb_kk34av.png in Resources */ = {isa = PBXBuildFile; fileRef = 2074324E1F51179A0095CEBB /* PreThumb_kk34av.png */; };
		2074329B1F51179A0095CEBB /* PreThumb_mamOth.png in Resources */ = {isa = PBXBuildFile; fileRef = 2074324F1F51179A0095CEBB /* PreThumb_mamOth.png */; };
		2074329C1F51179A0095CEBB /* PreThumb_mifmif.png in Resources */ = {isa = PBXBuildFile; fileRef = 207432501F51179A0095CEBB /* PreThumb_mifmif.png */; };
		2074329D1F51179A0095CEBB /* PreThumb_nba234.png in Resources */ = {isa = PBXBuildFile; fileRef = 207432511F51179A0095CEBB /* PreThumb_nba234.png */; };
		2074329E1F51179A0095CEBB /* PreThumb_NDFJ2K.png in Resources */ = {isa = PBXBuildFile; fileRef = 207432521F51179A0095CEBB /* PreThumb_NDFJ2K.png */; };
		2074329F1F51179A0095CEBB /* PreThumb_NMdfX2.png in Resources */ = {isa = PBXBuildFile; fileRef = 207432531F51179A0095CEBB /* PreThumb_NMdfX2.png */; };
		207432A01F51179A0095CEBB /* PreThumb_ns3142.png in Resources */ = {isa = PBXBuildFile; fileRef = 207432541F51179A0095CEBB /* PreThumb_ns3142.png */; };
		207432A11F51179A0095CEBB /* PreThumb_OOTR35.png in Resources */ = {isa = PBXBuildFile; fileRef = 207432551F51179A0095CEBB /* PreThumb_OOTR35.png */; };
		207432A21F51179A0095CEBB /* PreThumb_owerAD.png in Resources */ = {isa = PBXBuildFile; fileRef = 207432561F51179A0095CEBB /* PreThumb_owerAD.png */; };
		207432A31F51179A0095CEBB /* PreThumb_PP0032.png in Resources */ = {isa = PBXBuildFile; fileRef = 207432571F51179A0095CEBB /* PreThumb_PP0032.png */; };
		207432A41F51179A0095CEBB /* PreThumb_pug145.png in Resources */ = {isa = PBXBuildFile; fileRef = 207432581F51179A0095CEBB /* PreThumb_pug145.png */; };
		207432A51F51179A0095CEBB /* PreThumb_sdfas3.png in Resources */ = {isa = PBXBuildFile; fileRef = 207432591F51179A0095CEBB /* PreThumb_sdfas3.png */; };
		207432A61F51179A0095CEBB /* PreThumb_uIld21.png in Resources */ = {isa = PBXBuildFile; fileRef = 2074325A1F51179A0095CEBB /* PreThumb_uIld21.png */; };
		207432A71F51179A0095CEBB /* PreThumb_uiw42b.png in Resources */ = {isa = PBXBuildFile; fileRef = 2074325B1F51179A0095CEBB /* PreThumb_uiw42b.png */; };
		207432A81F51179A0095CEBB /* PreThumb_us92dJ.png in Resources */ = {isa = PBXBuildFile; fileRef = 2074325C1F51179A0095CEBB /* PreThumb_us92dJ.png */; };
		207432A91F51179A0095CEBB /* PreThumb_vmK21a.png in Resources */ = {isa = PBXBuildFile; fileRef = 2074325D1F51179A0095CEBB /* PreThumb_vmK21a.png */; };
		207432AA1F51179A0095CEBB /* PreThumb_vsa2rX.png in Resources */ = {isa = PBXBuildFile; fileRef = 2074325E1F51179A0095CEBB /* PreThumb_vsa2rX.png */; };
		207432AB1F51179A0095CEBB /* PreThumb_woo35f.png in Resources */ = {isa = PBXBuildFile; fileRef = 2074325F1F51179A0095CEBB /* PreThumb_woo35f.png */; };
		207432AC1F51179A0095CEBB /* PreThumb_ww35ba.png in Resources */ = {isa = PBXBuildFile; fileRef = 207432601F51179A0095CEBB /* PreThumb_ww35ba.png */; };
		207432AD1F51179A0095CEBB /* PreThumb_YEU224.png in Resources */ = {isa = PBXBuildFile; fileRef = 207432611F51179A0095CEBB /* PreThumb_YEU224.png */; };
		207432AE1F51179A0095CEBB /* PreThumb_yYYkd2.png in Resources */ = {isa = PBXBuildFile; fileRef = 207432621F51179A0095CEBB /* PreThumb_yYYkd2.png */; };
		207432B01F5276250095CEBB /* AboutViewController.swift in Sources */ = {isa = PBXBuildFile; fileRef = 207432AF1F5276250095CEBB /* AboutViewController.swift */; };
		207432B31F5585A50095CEBB /* LogoAnimationVert_9sec.mp4 in Resources */ = {isa = PBXBuildFile; fileRef = 207432B21F5571D60095CEBB /* LogoAnimationVert_9sec.mp4 */; };
		207432B51F55A3AB0095CEBB /* CreditsViewController.swift in Sources */ = {isa = PBXBuildFile; fileRef = 207432B41F55A3AB0095CEBB /* CreditsViewController.swift */; };
		2077E8EE1E8D1C9D00C2A49B /* ImageThumbnail+CoreDataClass.swift in Sources */ = {isa = PBXBuildFile; fileRef = 2077E8EC1E8D1C9C00C2A49B /* ImageThumbnail+CoreDataClass.swift */; };
		2077E8EF1E8D1C9D00C2A49B /* ImageThumbnail+CoreDataProperties.swift in Sources */ = {isa = PBXBuildFile; fileRef = 2077E8ED1E8D1C9C00C2A49B /* ImageThumbnail+CoreDataProperties.swift */; };
		2080C2551E14726C00723F3B /* EpsilonClient.storyboard in Resources */ = {isa = PBXBuildFile; fileRef = 2080C2541E14726C00723F3B /* EpsilonClient.storyboard */; };
		2080C2591E1474CD00723F3B /* ClientSearchViewController.swift in Sources */ = {isa = PBXBuildFile; fileRef = 2080C2581E1474CD00723F3B /* ClientSearchViewController.swift */; };
		2080C25B1E14769B00723F3B /* EpsilonStreamGlobals.swift in Sources */ = {isa = PBXBuildFile; fileRef = 2080C25A1E14769B00723F3B /* EpsilonStreamGlobals.swift */; };
		2080C25D1E14955500723F3B /* ClientSettingsViewController.swift in Sources */ = {isa = PBXBuildFile; fileRef = 2080C25C1E14955500723F3B /* ClientSettingsViewController.swift */; };
		2082276B1F29ECC4002290CE /* URLSelectorViewController.swift in Sources */ = {isa = PBXBuildFile; fileRef = 2082276A1F29ECC4002290CE /* URLSelectorViewController.swift */; };
		2082276D1F2AD5A8002290CE /* CurateArticleViewController.swift in Sources */ = {isa = PBXBuildFile; fileRef = 2082276C1F2AD5A8002290CE /* CurateArticleViewController.swift */; };
		20882FFF1EDD696C003CC2B2 /* TermListViewController.swift in Sources */ = {isa = PBXBuildFile; fileRef = 20882FFE1EDD696C003CC2B2 /* TermListViewController.swift */; };
		20B6952B1E16530A0071C9A8 /* AutoCompleteTableDelegate.swift in Sources */ = {isa = PBXBuildFile; fileRef = 20B6952A1E16530A0071C9A8 /* AutoCompleteTableDelegate.swift */; };
		20B771111E1719A10062D09F /* EpsilonStreamBackgroundFetch.swift in Sources */ = {isa = PBXBuildFile; fileRef = 20B771101E1719A10062D09F /* EpsilonStreamBackgroundFetch.swift */; };
		20B784991F20FA2D005E28CD /* MathObjectLink+CoreDataClass.swift in Sources */ = {isa = PBXBuildFile; fileRef = 20B784971F20FA2D005E28CD /* MathObjectLink+CoreDataClass.swift */; };
		20B7849A1F20FA2D005E28CD /* MathObjectLink+CoreDataProperties.swift in Sources */ = {isa = PBXBuildFile; fileRef = 20B784981F20FA2D005E28CD /* MathObjectLink+CoreDataProperties.swift */; };
		20B7849C1F213FD7005E28CD /* MathObjectLinkItemTableViewCell.swift in Sources */ = {isa = PBXBuildFile; fileRef = 20B7849B1F213FD7005E28CD /* MathObjectLinkItemTableViewCell.swift */; };
		20C00D061F345BE2008284F0 /* SpecialItemTableViewCell.swift in Sources */ = {isa = PBXBuildFile; fileRef = 20C00D051F345BE2008284F0 /* SpecialItemTableViewCell.swift */; };
		20C25C511E18C34A00CE046E /* ImageManager.swift in Sources */ = {isa = PBXBuildFile; fileRef = 20C25C501E18C34A00CE046E /* ImageManager.swift */; };
		20CD8A881E345CAD0034CED1 /* VersionInfo+CoreDataClass.swift in Sources */ = {isa = PBXBuildFile; fileRef = 20CD8A861E345CAD0034CED1 /* VersionInfo+CoreDataClass.swift */; };
		20CD8A891E345CAD0034CED1 /* VersionInfo+CoreDataProperties.swift in Sources */ = {isa = PBXBuildFile; fileRef = 20CD8A871E345CAD0034CED1 /* VersionInfo+CoreDataProperties.swift */; };
		20EE413B1E10E502002F78F9 /* CloudKit.framework in Frameworks */ = {isa = PBXBuildFile; fileRef = 20EE413A1E10E502002F78F9 /* CloudKit.framework */; };
		20EE413D1E10EF56002F78F9 /* VideoDetailViewController.swift in Sources */ = {isa = PBXBuildFile; fileRef = 20EE413C1E10EF56002F78F9 /* VideoDetailViewController.swift */; };
		20EE413F1E10EF74002F78F9 /* MathObjectDetailViewController.swift in Sources */ = {isa = PBXBuildFile; fileRef = 20EE413E1E10EF74002F78F9 /* MathObjectDetailViewController.swift */; };
		20EE41411E10EF81002F78F9 /* ChannelDetailViewController.swift in Sources */ = {isa = PBXBuildFile; fileRef = 20EE41401E10EF81002F78F9 /* ChannelDetailViewController.swift */; };
		20EE41431E10EF91002F78F9 /* FeatureDetailViewController.swift in Sources */ = {isa = PBXBuildFile; fileRef = 20EE41421E10EF91002F78F9 /* FeatureDetailViewController.swift */; };
		8B3D27D8BA516FFBA790A595 /* Pods_EpsilonStream.framework in Frameworks */ = {isa = PBXBuildFile; fileRef = 8365442A59822C0F1455CBAB /* Pods_EpsilonStream.framework */; };
/* End PBXBuildFile section */

/* Begin PBXFileReference section */
		200A62AE1F0B079E0093B50F /* EpsilonStreamLoginManager.swift */ = {isa = PBXFileReference; fileEncoding = 4; lastKnownFileType = sourcecode.swift; path = EpsilonStreamLoginManager.swift; sourceTree = "<group>"; };
		200FDB481E36261D0015ADA1 /* EpsilonStreamAdminDataModel.swift */ = {isa = PBXFileReference; fileEncoding = 4; lastKnownFileType = sourcecode.swift; path = EpsilonStreamAdminDataModel.swift; sourceTree = "<group>"; };
		2019AB221E41592100D4BC22 /* WebViewPrefetcher.swift */ = {isa = PBXFileReference; fileEncoding = 4; lastKnownFileType = sourcecode.swift; path = WebViewPrefetcher.swift; sourceTree = "<group>"; };
		202BC6E61E840379003CF122 /* SplashScreenViewController.swift */ = {isa = PBXFileReference; fileEncoding = 4; lastKnownFileType = sourcecode.swift; path = SplashScreenViewController.swift; sourceTree = "<group>"; };
		20306A3A1E1A283900E6B5D9 /* WebViewingViewController.swift */ = {isa = PBXFileReference; fileEncoding = 4; lastKnownFileType = sourcecode.swift; path = WebViewingViewController.swift; sourceTree = "<group>"; };
		2030B7DC1E10BC1B001E2237 /* EpsilonStream.app */ = {isa = PBXFileReference; explicitFileType = wrapper.application; includeInIndex = 0; path = EpsilonStream.app; sourceTree = BUILT_PRODUCTS_DIR; };
		2030B7DF1E10BC1B001E2237 /* AppDelegate.swift */ = {isa = PBXFileReference; lastKnownFileType = sourcecode.swift; path = AppDelegate.swift; sourceTree = "<group>"; };
		2030B7E11E10BC1B001E2237 /* MathObjectMasterViewController.swift */ = {isa = PBXFileReference; lastKnownFileType = sourcecode.swift; path = MathObjectMasterViewController.swift; sourceTree = "<group>"; };
		2030B7E61E10BC1B001E2237 /* Base */ = {isa = PBXFileReference; lastKnownFileType = file.storyboard; name = Base; path = Base.lproj/EpsilonAdmin.storyboard; sourceTree = "<group>"; };
		2030B7E81E10BC1B001E2237 /* Assets.xcassets */ = {isa = PBXFileReference; lastKnownFileType = folder.assetcatalog; path = Assets.xcassets; sourceTree = "<group>"; };
		2030B7EB1E10BC1B001E2237 /* Base */ = {isa = PBXFileReference; lastKnownFileType = file.storyboard; name = Base; path = Base.lproj/LaunchScreen.storyboard; sourceTree = "<group>"; };
		2030B7ED1E10BC1B001E2237 /* Info.plist */ = {isa = PBXFileReference; lastKnownFileType = text.plist.xml; path = Info.plist; sourceTree = "<group>"; };
		2030B7F41E10BC52001E2237 /* Video+CoreDataClass.swift */ = {isa = PBXFileReference; fileEncoding = 4; lastKnownFileType = sourcecode.swift; path = "Video+CoreDataClass.swift"; sourceTree = "<group>"; };
		2030B7F51E10BC52001E2237 /* Video+CoreDataProperties.swift */ = {isa = PBXFileReference; fileEncoding = 4; lastKnownFileType = sourcecode.swift; path = "Video+CoreDataProperties.swift"; sourceTree = "<group>"; };
		2030B7F61E10BC52001E2237 /* MathObject+CoreDataClass.swift */ = {isa = PBXFileReference; fileEncoding = 4; lastKnownFileType = sourcecode.swift; path = "MathObject+CoreDataClass.swift"; sourceTree = "<group>"; };
		2030B7F71E10BC52001E2237 /* MathObject+CoreDataProperties.swift */ = {isa = PBXFileReference; fileEncoding = 4; lastKnownFileType = sourcecode.swift; path = "MathObject+CoreDataProperties.swift"; sourceTree = "<group>"; };
		2030B7F81E10BC52001E2237 /* Channel+CoreDataClass.swift */ = {isa = PBXFileReference; fileEncoding = 4; lastKnownFileType = sourcecode.swift; path = "Channel+CoreDataClass.swift"; sourceTree = "<group>"; };
		2030B7F91E10BC52001E2237 /* Channel+CoreDataProperties.swift */ = {isa = PBXFileReference; fileEncoding = 4; lastKnownFileType = sourcecode.swift; path = "Channel+CoreDataProperties.swift"; sourceTree = "<group>"; };
		2030B7FA1E10BC52001E2237 /* FeaturedURL+CoreDataClass.swift */ = {isa = PBXFileReference; fileEncoding = 4; lastKnownFileType = sourcecode.swift; path = "FeaturedURL+CoreDataClass.swift"; sourceTree = "<group>"; };
		2030B7FB1E10BC52001E2237 /* FeaturedURL+CoreDataProperties.swift */ = {isa = PBXFileReference; fileEncoding = 4; lastKnownFileType = sourcecode.swift; path = "FeaturedURL+CoreDataProperties.swift"; sourceTree = "<group>"; };
		2030B8041E10BC61001E2237 /* EpsilonStreamDataModel.xcdatamodel */ = {isa = PBXFileReference; lastKnownFileType = wrapper.xcdatamodel; path = EpsilonStreamDataModel.xcdatamodel; sourceTree = "<group>"; };
		203A2F0E1EEF37C400164F5F /* CurateItemViewController.swift */ = {isa = PBXFileReference; fileEncoding = 4; lastKnownFileType = sourcecode.swift; path = CurateItemViewController.swift; sourceTree = "<group>"; };
		203A2F101EF0147400164F5F /* TermSelectorViewController.swift */ = {isa = PBXFileReference; fileEncoding = 4; lastKnownFileType = sourcecode.swift; path = TermSelectorViewController.swift; sourceTree = "<group>"; };
		203B24811F3EB9BD00A24B92 /* UserDataManager.swift */ = {isa = PBXFileReference; fileEncoding = 4; lastKnownFileType = sourcecode.swift; path = UserDataManager.swift; sourceTree = "<group>"; };
		203B24841F3F10A800A24B92 /* ExternalPageViewer.swift */ = {isa = PBXFileReference; fileEncoding = 4; lastKnownFileType = sourcecode.swift; path = ExternalPageViewer.swift; sourceTree = "<group>"; };
		203B866D1E14B66A00BAF08C /* EpsilonStreamSearch.swift */ = {isa = PBXFileReference; fileEncoding = 4; lastKnownFileType = sourcecode.swift; path = EpsilonStreamSearch.swift; sourceTree = "<group>"; };
		203B866F1E14B94000BAF08C /* SearchResultItem.swift */ = {isa = PBXFileReference; fileEncoding = 4; lastKnownFileType = sourcecode.swift; path = SearchResultItem.swift; sourceTree = "<group>"; };
		203B86711E14C07900BAF08C /* PlayVideoViewController.swift */ = {isa = PBXFileReference; fileEncoding = 4; lastKnownFileType = sourcecode.swift; path = PlayVideoViewController.swift; sourceTree = "<group>"; };
		204186571E1288980067679E /* AdminSettingsViewController.swift */ = {isa = PBXFileReference; fileEncoding = 4; lastKnownFileType = sourcecode.swift; path = AdminSettingsViewController.swift; sourceTree = "<group>"; };
		2041865B1E12962F0067679E /* VideoMasterViewController.swift */ = {isa = PBXFileReference; fileEncoding = 4; lastKnownFileType = sourcecode.swift; path = VideoMasterViewController.swift; sourceTree = "<group>"; };
		2041865D1E1296760067679E /* FeatureMasterViewController.swift */ = {isa = PBXFileReference; fileEncoding = 4; lastKnownFileType = sourcecode.swift; path = FeatureMasterViewController.swift; sourceTree = "<group>"; };
		204186631E1297400067679E /* ChannelMasterViewController.swift */ = {isa = PBXFileReference; fileEncoding = 4; lastKnownFileType = sourcecode.swift; path = ChannelMasterViewController.swift; sourceTree = "<group>"; };
		204380F81E11CAA500ABBAD6 /* DetailViewController.swift */ = {isa = PBXFileReference; fileEncoding = 4; lastKnownFileType = sourcecode.swift; path = DetailViewController.swift; sourceTree = "<group>"; };
		204380FA1E11E1E800ABBAD6 /* EpsilonStreamDataModel.swift */ = {isa = PBXFileReference; fileEncoding = 4; lastKnownFileType = sourcecode.swift; path = EpsilonStreamDataModel.swift; sourceTree = "<group>"; };
		2043811F1E11ED3400ABBAD6 /* MasterViewController.swift */ = {isa = PBXFileReference; fileEncoding = 4; lastKnownFileType = sourcecode.swift; path = MasterViewController.swift; sourceTree = "<group>"; };
		2048314A1F199045001DA099 /* EditMathObjectViewController.swift */ = {isa = PBXFileReference; fileEncoding = 4; lastKnownFileType = sourcecode.swift; path = EditMathObjectViewController.swift; sourceTree = "<group>"; };
		204BF4E71F3FBD64007451AD /* click.wav */ = {isa = PBXFileReference; lastKnownFileType = audio.wav; path = click.wav; sourceTree = "<group>"; };
		204BF4E81F3FBD64007451AD /* Hole_Punch.wav */ = {isa = PBXFileReference; lastKnownFileType = audio.wav; path = Hole_Punch.wav; sourceTree = "<group>"; };
		206992631E3E01C600EBC614 /* GoogleService-Info.plist */ = {isa = PBXFileReference; fileEncoding = 4; lastKnownFileType = text.plist.xml; name = "GoogleService-Info.plist"; path = "../GoogleService-Info.plist"; sourceTree = "<group>"; };
		20704A681E1BAEEE000C6B79 /* YoutubeAPICommunicator.swift */ = {isa = PBXFileReference; fileEncoding = 4; lastKnownFileType = sourcecode.swift; path = YoutubeAPICommunicator.swift; sourceTree = "<group>"; };
		2073D6261EFE90ED00B7849D /* ViewReportViewController.swift */ = {isa = PBXFileReference; fileEncoding = 4; lastKnownFileType = sourcecode.swift; path = ViewReportViewController.swift; sourceTree = "<group>"; };
		2073D6281EFF8F8C00B7849D /* VideoItemTableViewCell.swift */ = {isa = PBXFileReference; fileEncoding = 4; lastKnownFileType = sourcecode.swift; path = VideoItemTableViewCell.swift; sourceTree = "<group>"; };
		2073D62A1EFF8FB900B7849D /* ArticleItemTableViewCell.swift */ = {isa = PBXFileReference; fileEncoding = 4; lastKnownFileType = sourcecode.swift; path = ArticleItemTableViewCell.swift; sourceTree = "<group>"; };
		2073D62C1EFF8FCF00B7849D /* GameItemTableViewCell.swift */ = {isa = PBXFileReference; fileEncoding = 4; lastKnownFileType = sourcecode.swift; path = GameItemTableViewCell.swift; sourceTree = "<group>"; };
		207432151F4E9B8E0095CEBB /* BrowseStackManager.swift */ = {isa = PBXFileReference; fileEncoding = 4; lastKnownFileType = sourcecode.swift; path = BrowseStackManager.swift; sourceTree = "<group>"; };
		207432171F5117990095CEBB /* PreThumb_3hFFab.png */ = {isa = PBXFileReference; lastKnownFileType = image.png; path = PreThumb_3hFFab.png; sourceTree = "<group>"; };
		207432181F51179A0095CEBB /* PreThumb_4fiwXA.png */ = {isa = PBXFileReference; lastKnownFileType = image.png; path = PreThumb_4fiwXA.png; sourceTree = "<group>"; };
		207432191F51179A0095CEBB /* PreThumb_4r5g7h.png */ = {isa = PBXFileReference; lastKnownFileType = image.png; path = PreThumb_4r5g7h.png; sourceTree = "<group>"; };
		2074321A1F51179A0095CEBB /* PreThumb_7fnxAN.png */ = {isa = PBXFileReference; lastKnownFileType = image.png; path = PreThumb_7fnxAN.png; sourceTree = "<group>"; };
		2074321B1F51179A0095CEBB /* PreThumb_7s3ns3.png */ = {isa = PBXFileReference; lastKnownFileType = image.png; path = PreThumb_7s3ns3.png; sourceTree = "<group>"; };
		2074321C1F51179A0095CEBB /* PreThumb_8NDSQ0.png */ = {isa = PBXFileReference; lastKnownFileType = image.png; path = PreThumb_8NDSQ0.png; sourceTree = "<group>"; };
		2074321D1F51179A0095CEBB /* PreThumb_23b1bx.png */ = {isa = PBXFileReference; lastKnownFileType = image.png; path = PreThumb_23b1bx.png; sourceTree = "<group>"; };
		2074321E1F51179A0095CEBB /* PreThumb_24snMf.png */ = {isa = PBXFileReference; lastKnownFileType = image.png; path = PreThumb_24snMf.png; sourceTree = "<group>"; };
		2074321F1F51179A0095CEBB /* PreThumb_32uic2.png */ = {isa = PBXFileReference; lastKnownFileType = image.png; path = PreThumb_32uic2.png; sourceTree = "<group>"; };
		207432201F51179A0095CEBB /* PreThumb_34nai9.png */ = {isa = PBXFileReference; lastKnownFileType = image.png; path = PreThumb_34nai9.png; sourceTree = "<group>"; };
		207432211F51179A0095CEBB /* PreThumb_35v115.png */ = {isa = PBXFileReference; lastKnownFileType = image.png; path = PreThumb_35v115.png; sourceTree = "<group>"; };
		207432221F51179A0095CEBB /* PreThumb_42gAB2.png */ = {isa = PBXFileReference; lastKnownFileType = image.png; path = PreThumb_42gAB2.png; sourceTree = "<group>"; };
		207432231F51179A0095CEBB /* PreThumb_56dzbd.png */ = {isa = PBXFileReference; lastKnownFileType = image.png; path = PreThumb_56dzbd.png; sourceTree = "<group>"; };
		207432241F51179A0095CEBB /* PreThumb_63SAvY.png */ = {isa = PBXFileReference; lastKnownFileType = image.png; path = PreThumb_63SAvY.png; sourceTree = "<group>"; };
		207432251F51179A0095CEBB /* PreThumb_64anNN.png */ = {isa = PBXFileReference; lastKnownFileType = image.png; path = PreThumb_64anNN.png; sourceTree = "<group>"; };
		207432261F51179A0095CEBB /* PreThumb_73jdUU.png */ = {isa = PBXFileReference; lastKnownFileType = image.png; path = PreThumb_73jdUU.png; sourceTree = "<group>"; };
		207432271F51179A0095CEBB /* PreThumb_73N871.png */ = {isa = PBXFileReference; lastKnownFileType = image.png; path = PreThumb_73N871.png; sourceTree = "<group>"; };
		207432281F51179A0095CEBB /* PreThumb_88jfAX.png */ = {isa = PBXFileReference; lastKnownFileType = image.png; path = PreThumb_88jfAX.png; sourceTree = "<group>"; };
		207432291F51179A0095CEBB /* PreThumb_352asd.png */ = {isa = PBXFileReference; lastKnownFileType = image.png; path = PreThumb_352asd.png; sourceTree = "<group>"; };
		2074322A1F51179A0095CEBB /* PreThumb_462fa3.png */ = {isa = PBXFileReference; lastKnownFileType = image.png; path = PreThumb_462fa3.png; sourceTree = "<group>"; };
		2074322B1F51179A0095CEBB /* PreThumb_631mXW.png */ = {isa = PBXFileReference; lastKnownFileType = image.png; path = PreThumb_631mXW.png; sourceTree = "<group>"; };
		2074322C1F51179A0095CEBB /* PreThumb_935sg3.png */ = {isa = PBXFileReference; lastKnownFileType = image.png; path = PreThumb_935sg3.png; sourceTree = "<group>"; };
		2074322D1F51179A0095CEBB /* PreThumb_983vzA.png */ = {isa = PBXFileReference; lastKnownFileType = image.png; path = PreThumb_983vzA.png; sourceTree = "<group>"; };
		2074322E1F51179A0095CEBB /* PreThumb_2352d2.png */ = {isa = PBXFileReference; lastKnownFileType = image.png; path = PreThumb_2352d2.png; sourceTree = "<group>"; };
		2074322F1F51179A0095CEBB /* PreThumb_7342xa.png */ = {isa = PBXFileReference; lastKnownFileType = image.png; path = PreThumb_7342xa.png; sourceTree = "<group>"; };
		207432301F51179A0095CEBB /* PreThumb_7822x2.png */ = {isa = PBXFileReference; lastKnownFileType = image.png; path = PreThumb_7822x2.png; sourceTree = "<group>"; };
		207432311F51179A0095CEBB /* PreThumb_14020c.png */ = {isa = PBXFileReference; lastKnownFileType = image.png; path = PreThumb_14020c.png; sourceTree = "<group>"; };
		207432321F51179A0095CEBB /* PreThumb_732823.png */ = {isa = PBXFileReference; lastKnownFileType = image.png; path = PreThumb_732823.png; sourceTree = "<group>"; };
		207432331F51179A0095CEBB /* PreThumb_abc873.png */ = {isa = PBXFileReference; lastKnownFileType = image.png; path = PreThumb_abc873.png; sourceTree = "<group>"; };
		207432341F51179A0095CEBB /* PreThumb_ANCV64.png */ = {isa = PBXFileReference; lastKnownFileType = image.png; path = PreThumb_ANCV64.png; sourceTree = "<group>"; };
		207432351F51179A0095CEBB /* PreThumb_bidAX2.png */ = {isa = PBXFileReference; lastKnownFileType = image.png; path = PreThumb_bidAX2.png; sourceTree = "<group>"; };
		207432361F51179A0095CEBB /* PreThumb_bnAB23.png */ = {isa = PBXFileReference; lastKnownFileType = image.png; path = PreThumb_bnAB23.png; sourceTree = "<group>"; };
		207432371F51179A0095CEBB /* PreThumb_caz2a4.png */ = {isa = PBXFileReference; lastKnownFileType = image.png; path = PreThumb_caz2a4.png; sourceTree = "<group>"; };
		207432381F51179A0095CEBB /* PreThumb_CBE72a.png */ = {isa = PBXFileReference; lastKnownFileType = image.png; path = PreThumb_CBE72a.png; sourceTree = "<group>"; };
		207432391F51179A0095CEBB /* PreThumb_cmw12s.png */ = {isa = PBXFileReference; lastKnownFileType = image.png; path = PreThumb_cmw12s.png; sourceTree = "<group>"; };
		2074323A1F51179A0095CEBB /* PreThumb_cnaACS.png */ = {isa = PBXFileReference; lastKnownFileType = image.png; path = PreThumb_cnaACS.png; sourceTree = "<group>"; };
		2074323B1F51179A0095CEBB /* PreThumb_dch5fH.png */ = {isa = PBXFileReference; lastKnownFileType = image.png; path = PreThumb_dch5fH.png; sourceTree = "<group>"; };
		2074323C1F51179A0095CEBB /* PreThumb_dd23AV.png */ = {isa = PBXFileReference; lastKnownFileType = image.png; path = PreThumb_dd23AV.png; sourceTree = "<group>"; };
		2074323D1F51179A0095CEBB /* PreThumb_df28ND.png */ = {isa = PBXFileReference; lastKnownFileType = image.png; path = PreThumb_df28ND.png; sourceTree = "<group>"; };
		2074323E1F51179A0095CEBB /* PreThumb_dfa2AB.png */ = {isa = PBXFileReference; lastKnownFileType = image.png; path = PreThumb_dfa2AB.png; sourceTree = "<group>"; };
		2074323F1F51179A0095CEBB /* PreThumb_dsf230.png */ = {isa = PBXFileReference; lastKnownFileType = image.png; path = PreThumb_dsf230.png; sourceTree = "<group>"; };
		207432401F51179A0095CEBB /* PreThumb_e3DF6h.png */ = {isa = PBXFileReference; lastKnownFileType = image.png; path = PreThumb_e3DF6h.png; sourceTree = "<group>"; };
		207432411F51179A0095CEBB /* PreThumb_eth32j.png */ = {isa = PBXFileReference; lastKnownFileType = image.png; path = PreThumb_eth32j.png; sourceTree = "<group>"; };
		207432421F51179A0095CEBB /* PreThumb_fdsa31.png */ = {isa = PBXFileReference; lastKnownFileType = image.png; path = PreThumb_fdsa31.png; sourceTree = "<group>"; };
		207432431F51179A0095CEBB /* PreThumb_fgJJs2.png */ = {isa = PBXFileReference; lastKnownFileType = image.png; path = PreThumb_fgJJs2.png; sourceTree = "<group>"; };
		207432441F51179A0095CEBB /* PreThumb_gas2xp.png */ = {isa = PBXFileReference; lastKnownFileType = image.png; path = PreThumb_gas2xp.png; sourceTree = "<group>"; };
		207432451F51179A0095CEBB /* PreThumb_gmp31d.png */ = {isa = PBXFileReference; lastKnownFileType = image.png; path = PreThumb_gmp31d.png; sourceTree = "<group>"; };
		207432461F51179A0095CEBB /* PreThumb_hd7NMX.png */ = {isa = PBXFileReference; lastKnownFileType = image.png; path = PreThumb_hd7NMX.png; sourceTree = "<group>"; };
		207432471F51179A0095CEBB /* PreThumb_HHHd23.png */ = {isa = PBXFileReference; lastKnownFileType = image.png; path = PreThumb_HHHd23.png; sourceTree = "<group>"; };
		207432481F51179A0095CEBB /* PreThumb_hk7e99.png */ = {isa = PBXFileReference; lastKnownFileType = image.png; path = PreThumb_hk7e99.png; sourceTree = "<group>"; };
		207432491F51179A0095CEBB /* PreThumb_ies2ac.png */ = {isa = PBXFileReference; lastKnownFileType = image.png; path = PreThumb_ies2ac.png; sourceTree = "<group>"; };
		2074324A1F51179A0095CEBB /* PreThumb_j7f4jl.png */ = {isa = PBXFileReference; lastKnownFileType = image.png; path = PreThumb_j7f4jl.png; sourceTree = "<group>"; };
		2074324B1F51179A0095CEBB /* PreThumb_j8asd3.png */ = {isa = PBXFileReference; lastKnownFileType = image.png; path = PreThumb_j8asd3.png; sourceTree = "<group>"; };
		2074324C1F51179A0095CEBB /* PreThumb_jfi241.png */ = {isa = PBXFileReference; lastKnownFileType = image.png; path = PreThumb_jfi241.png; sourceTree = "<group>"; };
		2074324D1F51179A0095CEBB /* PreThumb_ju3s14.png */ = {isa = PBXFileReference; lastKnownFileType = image.png; path = PreThumb_ju3s14.png; sourceTree = "<group>"; };
		2074324E1F51179A0095CEBB /* PreThumb_kk34av.png */ = {isa = PBXFileReference; lastKnownFileType = image.png; path = PreThumb_kk34av.png; sourceTree = "<group>"; };
		2074324F1F51179A0095CEBB /* PreThumb_mamOth.png */ = {isa = PBXFileReference; lastKnownFileType = image.png; path = PreThumb_mamOth.png; sourceTree = "<group>"; };
		207432501F51179A0095CEBB /* PreThumb_mifmif.png */ = {isa = PBXFileReference; lastKnownFileType = image.png; path = PreThumb_mifmif.png; sourceTree = "<group>"; };
		207432511F51179A0095CEBB /* PreThumb_nba234.png */ = {isa = PBXFileReference; lastKnownFileType = image.png; path = PreThumb_nba234.png; sourceTree = "<group>"; };
		207432521F51179A0095CEBB /* PreThumb_NDFJ2K.png */ = {isa = PBXFileReference; lastKnownFileType = image.png; path = PreThumb_NDFJ2K.png; sourceTree = "<group>"; };
		207432531F51179A0095CEBB /* PreThumb_NMdfX2.png */ = {isa = PBXFileReference; lastKnownFileType = image.png; path = PreThumb_NMdfX2.png; sourceTree = "<group>"; };
		207432541F51179A0095CEBB /* PreThumb_ns3142.png */ = {isa = PBXFileReference; lastKnownFileType = image.png; path = PreThumb_ns3142.png; sourceTree = "<group>"; };
		207432551F51179A0095CEBB /* PreThumb_OOTR35.png */ = {isa = PBXFileReference; lastKnownFileType = image.png; path = PreThumb_OOTR35.png; sourceTree = "<group>"; };
		207432561F51179A0095CEBB /* PreThumb_owerAD.png */ = {isa = PBXFileReference; lastKnownFileType = image.png; path = PreThumb_owerAD.png; sourceTree = "<group>"; };
		207432571F51179A0095CEBB /* PreThumb_PP0032.png */ = {isa = PBXFileReference; lastKnownFileType = image.png; path = PreThumb_PP0032.png; sourceTree = "<group>"; };
		207432581F51179A0095CEBB /* PreThumb_pug145.png */ = {isa = PBXFileReference; lastKnownFileType = image.png; path = PreThumb_pug145.png; sourceTree = "<group>"; };
		207432591F51179A0095CEBB /* PreThumb_sdfas3.png */ = {isa = PBXFileReference; lastKnownFileType = image.png; path = PreThumb_sdfas3.png; sourceTree = "<group>"; };
		2074325A1F51179A0095CEBB /* PreThumb_uIld21.png */ = {isa = PBXFileReference; lastKnownFileType = image.png; path = PreThumb_uIld21.png; sourceTree = "<group>"; };
		2074325B1F51179A0095CEBB /* PreThumb_uiw42b.png */ = {isa = PBXFileReference; lastKnownFileType = image.png; path = PreThumb_uiw42b.png; sourceTree = "<group>"; };
		2074325C1F51179A0095CEBB /* PreThumb_us92dJ.png */ = {isa = PBXFileReference; lastKnownFileType = image.png; path = PreThumb_us92dJ.png; sourceTree = "<group>"; };
		2074325D1F51179A0095CEBB /* PreThumb_vmK21a.png */ = {isa = PBXFileReference; lastKnownFileType = image.png; path = PreThumb_vmK21a.png; sourceTree = "<group>"; };
		2074325E1F51179A0095CEBB /* PreThumb_vsa2rX.png */ = {isa = PBXFileReference; lastKnownFileType = image.png; path = PreThumb_vsa2rX.png; sourceTree = "<group>"; };
		2074325F1F51179A0095CEBB /* PreThumb_woo35f.png */ = {isa = PBXFileReference; lastKnownFileType = image.png; path = PreThumb_woo35f.png; sourceTree = "<group>"; };
		207432601F51179A0095CEBB /* PreThumb_ww35ba.png */ = {isa = PBXFileReference; lastKnownFileType = image.png; path = PreThumb_ww35ba.png; sourceTree = "<group>"; };
		207432611F51179A0095CEBB /* PreThumb_YEU224.png */ = {isa = PBXFileReference; lastKnownFileType = image.png; path = PreThumb_YEU224.png; sourceTree = "<group>"; };
		207432621F51179A0095CEBB /* PreThumb_yYYkd2.png */ = {isa = PBXFileReference; lastKnownFileType = image.png; path = PreThumb_yYYkd2.png; sourceTree = "<group>"; };
		207432AF1F5276250095CEBB /* AboutViewController.swift */ = {isa = PBXFileReference; fileEncoding = 4; lastKnownFileType = sourcecode.swift; path = AboutViewController.swift; sourceTree = "<group>"; };
		207432B21F5571D60095CEBB /* LogoAnimationVert_9sec.mp4 */ = {isa = PBXFileReference; lastKnownFileType = file; path = LogoAnimationVert_9sec.mp4; sourceTree = "<group>"; };
		207432B41F55A3AB0095CEBB /* CreditsViewController.swift */ = {isa = PBXFileReference; fileEncoding = 4; lastKnownFileType = sourcecode.swift; path = CreditsViewController.swift; sourceTree = "<group>"; };
		2077E8EC1E8D1C9C00C2A49B /* ImageThumbnail+CoreDataClass.swift */ = {isa = PBXFileReference; fileEncoding = 4; lastKnownFileType = sourcecode.swift; path = "ImageThumbnail+CoreDataClass.swift"; sourceTree = "<group>"; };
		2077E8ED1E8D1C9C00C2A49B /* ImageThumbnail+CoreDataProperties.swift */ = {isa = PBXFileReference; fileEncoding = 4; lastKnownFileType = sourcecode.swift; path = "ImageThumbnail+CoreDataProperties.swift"; sourceTree = "<group>"; };
		2080C2541E14726C00723F3B /* EpsilonClient.storyboard */ = {isa = PBXFileReference; fileEncoding = 4; lastKnownFileType = file.storyboard; path = EpsilonClient.storyboard; sourceTree = "<group>"; };
		2080C2581E1474CD00723F3B /* ClientSearchViewController.swift */ = {isa = PBXFileReference; fileEncoding = 4; lastKnownFileType = sourcecode.swift; path = ClientSearchViewController.swift; sourceTree = "<group>"; };
		2080C25A1E14769B00723F3B /* EpsilonStreamGlobals.swift */ = {isa = PBXFileReference; fileEncoding = 4; lastKnownFileType = sourcecode.swift; path = EpsilonStreamGlobals.swift; sourceTree = "<group>"; };
		2080C25C1E14955500723F3B /* ClientSettingsViewController.swift */ = {isa = PBXFileReference; fileEncoding = 4; lastKnownFileType = sourcecode.swift; path = ClientSettingsViewController.swift; sourceTree = "<group>"; };
		2082276A1F29ECC4002290CE /* URLSelectorViewController.swift */ = {isa = PBXFileReference; fileEncoding = 4; lastKnownFileType = sourcecode.swift; path = URLSelectorViewController.swift; sourceTree = "<group>"; };
		2082276C1F2AD5A8002290CE /* CurateArticleViewController.swift */ = {isa = PBXFileReference; fileEncoding = 4; lastKnownFileType = sourcecode.swift; path = CurateArticleViewController.swift; sourceTree = "<group>"; };
		20882FFE1EDD696C003CC2B2 /* TermListViewController.swift */ = {isa = PBXFileReference; fileEncoding = 4; lastKnownFileType = sourcecode.swift; path = TermListViewController.swift; sourceTree = "<group>"; };
		20B6952A1E16530A0071C9A8 /* AutoCompleteTableDelegate.swift */ = {isa = PBXFileReference; fileEncoding = 4; lastKnownFileType = sourcecode.swift; path = AutoCompleteTableDelegate.swift; sourceTree = "<group>"; };
		20B771101E1719A10062D09F /* EpsilonStreamBackgroundFetch.swift */ = {isa = PBXFileReference; fileEncoding = 4; lastKnownFileType = sourcecode.swift; path = EpsilonStreamBackgroundFetch.swift; sourceTree = "<group>"; };
		20B784971F20FA2D005E28CD /* MathObjectLink+CoreDataClass.swift */ = {isa = PBXFileReference; fileEncoding = 4; lastKnownFileType = sourcecode.swift; path = "MathObjectLink+CoreDataClass.swift"; sourceTree = "<group>"; };
		20B784981F20FA2D005E28CD /* MathObjectLink+CoreDataProperties.swift */ = {isa = PBXFileReference; fileEncoding = 4; lastKnownFileType = sourcecode.swift; path = "MathObjectLink+CoreDataProperties.swift"; sourceTree = "<group>"; };
		20B7849B1F213FD7005E28CD /* MathObjectLinkItemTableViewCell.swift */ = {isa = PBXFileReference; fileEncoding = 4; lastKnownFileType = sourcecode.swift; path = MathObjectLinkItemTableViewCell.swift; sourceTree = "<group>"; };
		20C00D051F345BE2008284F0 /* SpecialItemTableViewCell.swift */ = {isa = PBXFileReference; fileEncoding = 4; lastKnownFileType = sourcecode.swift; path = SpecialItemTableViewCell.swift; sourceTree = "<group>"; };
		20C25C501E18C34A00CE046E /* ImageManager.swift */ = {isa = PBXFileReference; fileEncoding = 4; lastKnownFileType = sourcecode.swift; path = ImageManager.swift; sourceTree = "<group>"; };
		20CD8A861E345CAD0034CED1 /* VersionInfo+CoreDataClass.swift */ = {isa = PBXFileReference; fileEncoding = 4; lastKnownFileType = sourcecode.swift; path = "VersionInfo+CoreDataClass.swift"; sourceTree = "<group>"; };
		20CD8A871E345CAD0034CED1 /* VersionInfo+CoreDataProperties.swift */ = {isa = PBXFileReference; fileEncoding = 4; lastKnownFileType = sourcecode.swift; path = "VersionInfo+CoreDataProperties.swift"; sourceTree = "<group>"; };
		20EE41381E10E4FD002F78F9 /* EpsilonStream.entitlements */ = {isa = PBXFileReference; lastKnownFileType = text.plist.entitlements; path = EpsilonStream.entitlements; sourceTree = "<group>"; };
		20EE413A1E10E502002F78F9 /* CloudKit.framework */ = {isa = PBXFileReference; lastKnownFileType = wrapper.framework; name = CloudKit.framework; path = System/Library/Frameworks/CloudKit.framework; sourceTree = SDKROOT; };
		20EE413C1E10EF56002F78F9 /* VideoDetailViewController.swift */ = {isa = PBXFileReference; fileEncoding = 4; lastKnownFileType = sourcecode.swift; path = VideoDetailViewController.swift; sourceTree = "<group>"; };
		20EE413E1E10EF74002F78F9 /* MathObjectDetailViewController.swift */ = {isa = PBXFileReference; fileEncoding = 4; lastKnownFileType = sourcecode.swift; path = MathObjectDetailViewController.swift; sourceTree = "<group>"; };
		20EE41401E10EF81002F78F9 /* ChannelDetailViewController.swift */ = {isa = PBXFileReference; fileEncoding = 4; lastKnownFileType = sourcecode.swift; path = ChannelDetailViewController.swift; sourceTree = "<group>"; };
		20EE41421E10EF91002F78F9 /* FeatureDetailViewController.swift */ = {isa = PBXFileReference; fileEncoding = 4; lastKnownFileType = sourcecode.swift; path = FeatureDetailViewController.swift; sourceTree = "<group>"; };
		5A1D6AF38DFD4957AEA58554 /* Pods-EpsilonStream.release.xcconfig */ = {isa = PBXFileReference; includeInIndex = 1; lastKnownFileType = text.xcconfig; name = "Pods-EpsilonStream.release.xcconfig"; path = "Pods/Target Support Files/Pods-EpsilonStream/Pods-EpsilonStream.release.xcconfig"; sourceTree = "<group>"; };
		6DE21DF73C11C8FBE6A57E56 /* Pods-EpsilonStream.debug.xcconfig */ = {isa = PBXFileReference; includeInIndex = 1; lastKnownFileType = text.xcconfig; name = "Pods-EpsilonStream.debug.xcconfig"; path = "Pods/Target Support Files/Pods-EpsilonStream/Pods-EpsilonStream.debug.xcconfig"; sourceTree = "<group>"; };
		8365442A59822C0F1455CBAB /* Pods_EpsilonStream.framework */ = {isa = PBXFileReference; explicitFileType = wrapper.framework; includeInIndex = 0; path = Pods_EpsilonStream.framework; sourceTree = BUILT_PRODUCTS_DIR; };
/* End PBXFileReference section */

/* Begin PBXFrameworksBuildPhase section */
		2030B7D91E10BC1B001E2237 /* Frameworks */ = {
			isa = PBXFrameworksBuildPhase;
			buildActionMask = 2147483647;
			files = (
				20EE413B1E10E502002F78F9 /* CloudKit.framework in Frameworks */,
				8B3D27D8BA516FFBA790A595 /* Pods_EpsilonStream.framework in Frameworks */,
			);
			runOnlyForDeploymentPostprocessing = 0;
		};
/* End PBXFrameworksBuildPhase section */

/* Begin PBXGroup section */
		2030B7D31E10BC1B001E2237 = {
			isa = PBXGroup;
			children = (
				207432B11F55718A0095CEBB /* Movies */,
				204BF4E61F3FBD08007451AD /* Sounds */,
				20AA6CF31EE3F82C0017ACF7 /* imageThumbnailsPreLoad */,
				2080C2561E14743A00723F3B /* SupportingFiles */,
				2030B7DE1E10BC1B001E2237 /* EpsilonStream */,
				2030B7DD1E10BC1B001E2237 /* Products */,
				20EE41391E10E502002F78F9 /* Frameworks */,
				AD9E9A375916FACE19012318 /* Pods */,
			);
			sourceTree = "<group>";
		};
		2030B7DD1E10BC1B001E2237 /* Products */ = {
			isa = PBXGroup;
			children = (
				2030B7DC1E10BC1B001E2237 /* EpsilonStream.app */,
			);
			name = Products;
			sourceTree = "<group>";
		};
		2030B7DE1E10BC1B001E2237 /* EpsilonStream */ = {
			isa = PBXGroup;
			children = (
				203B866F1E14B94000BAF08C /* SearchResultItem.swift */,
				203B866D1E14B66A00BAF08C /* EpsilonStreamSearch.swift */,
				20B6952A1E16530A0071C9A8 /* AutoCompleteTableDelegate.swift */,
				2019AB221E41592100D4BC22 /* WebViewPrefetcher.swift */,
				2080C25A1E14769B00723F3B /* EpsilonStreamGlobals.swift */,
				203B24831F3EB9DB00A24B92 /* DataManagers */,
				2080C2571E14747B00723F3B /* ClientUI */,
				20EE41441E10EFA1002F78F9 /* AdminUI */,
				2030B7F31E10BC35001E2237 /* CoreDataFiles */,
				2030B7E81E10BC1B001E2237 /* Assets.xcassets */,
			);
			path = EpsilonStream;
			sourceTree = "<group>";
		};
		2030B7F31E10BC35001E2237 /* CoreDataFiles */ = {
			isa = PBXGroup;
			children = (
				20B784971F20FA2D005E28CD /* MathObjectLink+CoreDataClass.swift */,
				20B784981F20FA2D005E28CD /* MathObjectLink+CoreDataProperties.swift */,
				2077E8EC1E8D1C9C00C2A49B /* ImageThumbnail+CoreDataClass.swift */,
				2077E8ED1E8D1C9C00C2A49B /* ImageThumbnail+CoreDataProperties.swift */,
				2030B7F41E10BC52001E2237 /* Video+CoreDataClass.swift */,
				2030B7F51E10BC52001E2237 /* Video+CoreDataProperties.swift */,
				2030B7F61E10BC52001E2237 /* MathObject+CoreDataClass.swift */,
				2030B7F71E10BC52001E2237 /* MathObject+CoreDataProperties.swift */,
				2030B7F81E10BC52001E2237 /* Channel+CoreDataClass.swift */,
				2030B7F91E10BC52001E2237 /* Channel+CoreDataProperties.swift */,
				2030B7FA1E10BC52001E2237 /* FeaturedURL+CoreDataClass.swift */,
				2030B7FB1E10BC52001E2237 /* FeaturedURL+CoreDataProperties.swift */,
				20CD8A861E345CAD0034CED1 /* VersionInfo+CoreDataClass.swift */,
				20CD8A871E345CAD0034CED1 /* VersionInfo+CoreDataProperties.swift */,
				2030B8041E10BC61001E2237 /* EpsilonStreamDataModel.xcdatamodel */,
			);
			name = CoreDataFiles;
			sourceTree = "<group>";
		};
		203B24831F3EB9DB00A24B92 /* DataManagers */ = {
			isa = PBXGroup;
			children = (
				207432151F4E9B8E0095CEBB /* BrowseStackManager.swift */,
				204380FA1E11E1E800ABBAD6 /* EpsilonStreamDataModel.swift */,
				203B24811F3EB9BD00A24B92 /* UserDataManager.swift */,
				200FDB481E36261D0015ADA1 /* EpsilonStreamAdminDataModel.swift */,
				20704A681E1BAEEE000C6B79 /* YoutubeAPICommunicator.swift */,
				20C25C501E18C34A00CE046E /* ImageManager.swift */,
				20B771101E1719A10062D09F /* EpsilonStreamBackgroundFetch.swift */,
			);
			name = DataManagers;
			sourceTree = "<group>";
		};
		2041865F1E1296BE0067679E /* Video */ = {
			isa = PBXGroup;
			children = (
				20EE413C1E10EF56002F78F9 /* VideoDetailViewController.swift */,
				2041865B1E12962F0067679E /* VideoMasterViewController.swift */,
			);
			name = Video;
			sourceTree = "<group>";
		};
		204186601E1296C90067679E /* MathObject */ = {
			isa = PBXGroup;
			children = (
				2030B7E11E10BC1B001E2237 /* MathObjectMasterViewController.swift */,
				20EE413E1E10EF74002F78F9 /* MathObjectDetailViewController.swift */,
			);
			name = MathObject;
			sourceTree = "<group>";
		};
		204186611E1296D10067679E /* Feature */ = {
			isa = PBXGroup;
			children = (
				2041865D1E1296760067679E /* FeatureMasterViewController.swift */,
				20EE41421E10EF91002F78F9 /* FeatureDetailViewController.swift */,
			);
			name = Feature;
			sourceTree = "<group>";
		};
		204186621E1296D90067679E /* Channel */ = {
			isa = PBXGroup;
			children = (
				20EE41401E10EF81002F78F9 /* ChannelDetailViewController.swift */,
				204186631E1297400067679E /* ChannelMasterViewController.swift */,
			);
			name = Channel;
			sourceTree = "<group>";
		};
		204BF4E61F3FBD08007451AD /* Sounds */ = {
			isa = PBXGroup;
			children = (
				204BF4E71F3FBD64007451AD /* click.wav */,
				204BF4E81F3FBD64007451AD /* Hole_Punch.wav */,
			);
			name = Sounds;
			sourceTree = "<group>";
		};
		207432B11F55718A0095CEBB /* Movies */ = {
			isa = PBXGroup;
			children = (
				207432B21F5571D60095CEBB /* LogoAnimationVert_9sec.mp4 */,
			);
			name = Movies;
			sourceTree = "<group>";
		};
		2080C2561E14743A00723F3B /* SupportingFiles */ = {
			isa = PBXGroup;
			children = (
				206992631E3E01C600EBC614 /* GoogleService-Info.plist */,
				2030B7DF1E10BC1B001E2237 /* AppDelegate.swift */,
				2030B7EA1E10BC1B001E2237 /* LaunchScreen.storyboard */,
				2030B7ED1E10BC1B001E2237 /* Info.plist */,
				20EE41381E10E4FD002F78F9 /* EpsilonStream.entitlements */,
			);
			name = SupportingFiles;
			path = EpsilonStream;
			sourceTree = "<group>";
		};
		2080C2571E14747B00723F3B /* ClientUI */ = {
			isa = PBXGroup;
			children = (
				20B7849B1F213FD7005E28CD /* MathObjectLinkItemTableViewCell.swift */,
				20C00D051F345BE2008284F0 /* SpecialItemTableViewCell.swift */,
				2080C2541E14726C00723F3B /* EpsilonClient.storyboard */,
				207432B41F55A3AB0095CEBB /* CreditsViewController.swift */,
				207432AF1F5276250095CEBB /* AboutViewController.swift */,
				2073D6281EFF8F8C00B7849D /* VideoItemTableViewCell.swift */,
				2073D62A1EFF8FB900B7849D /* ArticleItemTableViewCell.swift */,
				2073D62C1EFF8FCF00B7849D /* GameItemTableViewCell.swift */,
				202BC6E61E840379003CF122 /* SplashScreenViewController.swift */,
				20306A3A1E1A283900E6B5D9 /* WebViewingViewController.swift */,
				2080C25C1E14955500723F3B /* ClientSettingsViewController.swift */,
				2080C2581E1474CD00723F3B /* ClientSearchViewController.swift */,
				203B24841F3F10A800A24B92 /* ExternalPageViewer.swift */,
				203B86711E14C07900BAF08C /* PlayVideoViewController.swift */,
			);
			name = ClientUI;
			sourceTree = "<group>";
		};
		20AA6CF31EE3F82C0017ACF7 /* imageThumbnailsPreLoad */ = {
			isa = PBXGroup;
			children = (
				207432171F5117990095CEBB /* PreThumb_3hFFab.png */,
				207432181F51179A0095CEBB /* PreThumb_4fiwXA.png */,
				207432191F51179A0095CEBB /* PreThumb_4r5g7h.png */,
				2074321A1F51179A0095CEBB /* PreThumb_7fnxAN.png */,
				2074321B1F51179A0095CEBB /* PreThumb_7s3ns3.png */,
				2074321C1F51179A0095CEBB /* PreThumb_8NDSQ0.png */,
				2074321D1F51179A0095CEBB /* PreThumb_23b1bx.png */,
				2074321E1F51179A0095CEBB /* PreThumb_24snMf.png */,
				2074321F1F51179A0095CEBB /* PreThumb_32uic2.png */,
				207432201F51179A0095CEBB /* PreThumb_34nai9.png */,
				207432211F51179A0095CEBB /* PreThumb_35v115.png */,
				207432221F51179A0095CEBB /* PreThumb_42gAB2.png */,
				207432231F51179A0095CEBB /* PreThumb_56dzbd.png */,
				207432241F51179A0095CEBB /* PreThumb_63SAvY.png */,
				207432251F51179A0095CEBB /* PreThumb_64anNN.png */,
				207432261F51179A0095CEBB /* PreThumb_73jdUU.png */,
				207432271F51179A0095CEBB /* PreThumb_73N871.png */,
				207432281F51179A0095CEBB /* PreThumb_88jfAX.png */,
				207432291F51179A0095CEBB /* PreThumb_352asd.png */,
				2074322A1F51179A0095CEBB /* PreThumb_462fa3.png */,
				2074322B1F51179A0095CEBB /* PreThumb_631mXW.png */,
				2074322C1F51179A0095CEBB /* PreThumb_935sg3.png */,
				2074322D1F51179A0095CEBB /* PreThumb_983vzA.png */,
				2074322E1F51179A0095CEBB /* PreThumb_2352d2.png */,
				2074322F1F51179A0095CEBB /* PreThumb_7342xa.png */,
				207432301F51179A0095CEBB /* PreThumb_7822x2.png */,
				207432311F51179A0095CEBB /* PreThumb_14020c.png */,
				207432321F51179A0095CEBB /* PreThumb_732823.png */,
				207432331F51179A0095CEBB /* PreThumb_abc873.png */,
				207432341F51179A0095CEBB /* PreThumb_ANCV64.png */,
				207432351F51179A0095CEBB /* PreThumb_bidAX2.png */,
				207432361F51179A0095CEBB /* PreThumb_bnAB23.png */,
				207432371F51179A0095CEBB /* PreThumb_caz2a4.png */,
				207432381F51179A0095CEBB /* PreThumb_CBE72a.png */,
				207432391F51179A0095CEBB /* PreThumb_cmw12s.png */,
				2074323A1F51179A0095CEBB /* PreThumb_cnaACS.png */,
				2074323B1F51179A0095CEBB /* PreThumb_dch5fH.png */,
				2074323C1F51179A0095CEBB /* PreThumb_dd23AV.png */,
				2074323D1F51179A0095CEBB /* PreThumb_df28ND.png */,
				2074323E1F51179A0095CEBB /* PreThumb_dfa2AB.png */,
				2074323F1F51179A0095CEBB /* PreThumb_dsf230.png */,
				207432401F51179A0095CEBB /* PreThumb_e3DF6h.png */,
				207432411F51179A0095CEBB /* PreThumb_eth32j.png */,
				207432421F51179A0095CEBB /* PreThumb_fdsa31.png */,
				207432431F51179A0095CEBB /* PreThumb_fgJJs2.png */,
				207432441F51179A0095CEBB /* PreThumb_gas2xp.png */,
				207432451F51179A0095CEBB /* PreThumb_gmp31d.png */,
				207432461F51179A0095CEBB /* PreThumb_hd7NMX.png */,
				207432471F51179A0095CEBB /* PreThumb_HHHd23.png */,
				207432481F51179A0095CEBB /* PreThumb_hk7e99.png */,
				207432491F51179A0095CEBB /* PreThumb_ies2ac.png */,
				2074324A1F51179A0095CEBB /* PreThumb_j7f4jl.png */,
				2074324B1F51179A0095CEBB /* PreThumb_j8asd3.png */,
				2074324C1F51179A0095CEBB /* PreThumb_jfi241.png */,
				2074324D1F51179A0095CEBB /* PreThumb_ju3s14.png */,
				2074324E1F51179A0095CEBB /* PreThumb_kk34av.png */,
				2074324F1F51179A0095CEBB /* PreThumb_mamOth.png */,
				207432501F51179A0095CEBB /* PreThumb_mifmif.png */,
				207432511F51179A0095CEBB /* PreThumb_nba234.png */,
				207432521F51179A0095CEBB /* PreThumb_NDFJ2K.png */,
				207432531F51179A0095CEBB /* PreThumb_NMdfX2.png */,
				207432541F51179A0095CEBB /* PreThumb_ns3142.png */,
				207432551F51179A0095CEBB /* PreThumb_OOTR35.png */,
				207432561F51179A0095CEBB /* PreThumb_owerAD.png */,
				207432571F51179A0095CEBB /* PreThumb_PP0032.png */,
				207432581F51179A0095CEBB /* PreThumb_pug145.png */,
				207432591F51179A0095CEBB /* PreThumb_sdfas3.png */,
				2074325A1F51179A0095CEBB /* PreThumb_uIld21.png */,
				2074325B1F51179A0095CEBB /* PreThumb_uiw42b.png */,
				2074325C1F51179A0095CEBB /* PreThumb_us92dJ.png */,
				2074325D1F51179A0095CEBB /* PreThumb_vmK21a.png */,
				2074325E1F51179A0095CEBB /* PreThumb_vsa2rX.png */,
				2074325F1F51179A0095CEBB /* PreThumb_woo35f.png */,
				207432601F51179A0095CEBB /* PreThumb_ww35ba.png */,
				207432611F51179A0095CEBB /* PreThumb_YEU224.png */,
				207432621F51179A0095CEBB /* PreThumb_yYYkd2.png */,
			);
			path = imageThumbnailsPreLoad;
			sourceTree = "<group>";
		};
		20EE41391E10E502002F78F9 /* Frameworks */ = {
			isa = PBXGroup;
			children = (
				20EE413A1E10E502002F78F9 /* CloudKit.framework */,
				8365442A59822C0F1455CBAB /* Pods_EpsilonStream.framework */,
			);
			name = Frameworks;
			sourceTree = "<group>";
		};
		20EE41441E10EFA1002F78F9 /* AdminUI */ = {
			isa = PBXGroup;
			children = (
				2082276A1F29ECC4002290CE /* URLSelectorViewController.swift */,
				200A62AE1F0B079E0093B50F /* EpsilonStreamLoginManager.swift */,
				203A2F0E1EEF37C400164F5F /* CurateItemViewController.swift */,
				2082276C1F2AD5A8002290CE /* CurateArticleViewController.swift */,
				2030B7E51E10BC1B001E2237 /* EpsilonAdmin.storyboard */,
				20882FFE1EDD696C003CC2B2 /* TermListViewController.swift */,
				203A2F101EF0147400164F5F /* TermSelectorViewController.swift */,
				2048314A1F199045001DA099 /* EditMathObjectViewController.swift */,
				204380F81E11CAA500ABBAD6 /* DetailViewController.swift */,
				2043811F1E11ED3400ABBAD6 /* MasterViewController.swift */,
				204186571E1288980067679E /* AdminSettingsViewController.swift */,
				2073D6261EFE90ED00B7849D /* ViewReportViewController.swift */,
				204186621E1296D90067679E /* Channel */,
				204186611E1296D10067679E /* Feature */,
				204186601E1296C90067679E /* MathObject */,
				2041865F1E1296BE0067679E /* Video */,
			);
			name = AdminUI;
			sourceTree = "<group>";
		};
		AD9E9A375916FACE19012318 /* Pods */ = {
			isa = PBXGroup;
			children = (
				6DE21DF73C11C8FBE6A57E56 /* Pods-EpsilonStream.debug.xcconfig */,
				5A1D6AF38DFD4957AEA58554 /* Pods-EpsilonStream.release.xcconfig */,
			);
			name = Pods;
			sourceTree = "<group>";
		};
/* End PBXGroup section */

/* Begin PBXNativeTarget section */
		2030B7DB1E10BC1B001E2237 /* EpsilonStream */ = {
			isa = PBXNativeTarget;
			buildConfigurationList = 2030B7F01E10BC1B001E2237 /* Build configuration list for PBXNativeTarget "EpsilonStream" */;
			buildPhases = (
				DC5C72E431E8063D877C7B1F /* [CP] Check Pods Manifest.lock */,
				2030B7D81E10BC1B001E2237 /* Sources */,
				2030B7D91E10BC1B001E2237 /* Frameworks */,
				2030B7DA1E10BC1B001E2237 /* Resources */,
				1C275C97A2B84825138DA625 /* [CP] Embed Pods Frameworks */,
				4F7FCF78C376CF7A279B0D34 /* [CP] Copy Pods Resources */,
			);
			buildRules = (
			);
			dependencies = (
			);
			name = EpsilonStream;
			productName = EpsilonStream;
			productReference = 2030B7DC1E10BC1B001E2237 /* EpsilonStream.app */;
			productType = "com.apple.product-type.application";
		};
/* End PBXNativeTarget section */

/* Begin PBXProject section */
		2030B7D41E10BC1B001E2237 /* Project object */ = {
			isa = PBXProject;
			attributes = {
				LastSwiftUpdateCheck = 0820;
				LastUpgradeCheck = 0830;
				ORGANIZATIONNAME = "Yoni Nazarathy";
				TargetAttributes = {
					2030B7DB1E10BC1B001E2237 = {
						CreatedOnToolsVersion = 8.2;
						DevelopmentTeam = 4G9VZ63NB7;
						ProvisioningStyle = Manual;
						SystemCapabilities = {
							com.apple.Push = {
								enabled = 1;
							};
							com.apple.iCloud = {
								enabled = 1;
							};
						};
					};
				};
			};
			buildConfigurationList = 2030B7D71E10BC1B001E2237 /* Build configuration list for PBXProject "EpsilonStream" */;
			compatibilityVersion = "Xcode 3.2";
			developmentRegion = English;
			hasScannedForEncodings = 0;
			knownRegions = (
				en,
				Base,
			);
			mainGroup = 2030B7D31E10BC1B001E2237;
			productRefGroup = 2030B7DD1E10BC1B001E2237 /* Products */;
			projectDirPath = "";
			projectRoot = "";
			targets = (
				2030B7DB1E10BC1B001E2237 /* EpsilonStream */,
			);
		};
/* End PBXProject section */

/* Begin PBXResourcesBuildPhase section */
		2030B7DA1E10BC1B001E2237 /* Resources */ = {
			isa = PBXResourcesBuildPhase;
			buildActionMask = 2147483647;
			files = (
				207432B31F5585A50095CEBB /* LogoAnimationVert_9sec.mp4 in Resources */,
				207432641F51179A0095CEBB /* PreThumb_4fiwXA.png in Resources */,
				207432881F51179A0095CEBB /* PreThumb_dd23AV.png in Resources */,
				207432831F51179A0095CEBB /* PreThumb_caz2a4.png in Resources */,
				207432671F51179A0095CEBB /* PreThumb_7s3ns3.png in Resources */,
				207432A51F51179A0095CEBB /* PreThumb_sdfas3.png in Resources */,
				207432691F51179A0095CEBB /* PreThumb_23b1bx.png in Resources */,
				207432931F51179A0095CEBB /* PreThumb_HHHd23.png in Resources */,
				207432701F51179A0095CEBB /* PreThumb_63SAvY.png in Resources */,
				207432891F51179A0095CEBB /* PreThumb_df28ND.png in Resources */,
				207432751F51179A0095CEBB /* PreThumb_352asd.png in Resources */,
				207432AA1F51179A0095CEBB /* PreThumb_vsa2rX.png in Resources */,
				2074327A1F51179A0095CEBB /* PreThumb_2352d2.png in Resources */,
				2074329D1F51179A0095CEBB /* PreThumb_nba234.png in Resources */,
				207432811F51179A0095CEBB /* PreThumb_bidAX2.png in Resources */,
				207432951F51179A0095CEBB /* PreThumb_ies2ac.png in Resources */,
				2080C2551E14726C00723F3B /* EpsilonClient.storyboard in Resources */,
				207432851F51179A0095CEBB /* PreThumb_cmw12s.png in Resources */,
				207432721F51179A0095CEBB /* PreThumb_73jdUU.png in Resources */,
				207432941F51179A0095CEBB /* PreThumb_hk7e99.png in Resources */,
				207432791F51179A0095CEBB /* PreThumb_983vzA.png in Resources */,
				2074328B1F51179A0095CEBB /* PreThumb_dsf230.png in Resources */,
				2074326B1F51179A0095CEBB /* PreThumb_32uic2.png in Resources */,
				207432681F51179A0095CEBB /* PreThumb_8NDSQ0.png in Resources */,
				207432711F51179A0095CEBB /* PreThumb_64anNN.png in Resources */,
				207432981F51179A0095CEBB /* PreThumb_jfi241.png in Resources */,
				2074326E1F51179A0095CEBB /* PreThumb_42gAB2.png in Resources */,
				204BF4E91F3FBD64007451AD /* click.wav in Resources */,
				207432A31F51179A0095CEBB /* PreThumb_PP0032.png in Resources */,
				207432821F51179A0095CEBB /* PreThumb_bnAB23.png in Resources */,
				207432861F51179A0095CEBB /* PreThumb_cnaACS.png in Resources */,
				207432971F51179A0095CEBB /* PreThumb_j8asd3.png in Resources */,
				207432761F51179A0095CEBB /* PreThumb_462fa3.png in Resources */,
				2074328C1F51179A0095CEBB /* PreThumb_e3DF6h.png in Resources */,
				204BF4EA1F3FBD64007451AD /* Hole_Punch.wav in Resources */,
				207432A21F51179A0095CEBB /* PreThumb_owerAD.png in Resources */,
				2074328A1F51179A0095CEBB /* PreThumb_dfa2AB.png in Resources */,
				207432A81F51179A0095CEBB /* PreThumb_us92dJ.png in Resources */,
				207432A61F51179A0095CEBB /* PreThumb_uIld21.png in Resources */,
				2074329C1F51179A0095CEBB /* PreThumb_mifmif.png in Resources */,
				2030B7EC1E10BC1B001E2237 /* LaunchScreen.storyboard in Resources */,
				206992641E3E01C600EBC614 /* GoogleService-Info.plist in Resources */,
				207432741F51179A0095CEBB /* PreThumb_88jfAX.png in Resources */,
				207432781F51179A0095CEBB /* PreThumb_935sg3.png in Resources */,
				2074329A1F51179A0095CEBB /* PreThumb_kk34av.png in Resources */,
				207432901F51179A0095CEBB /* PreThumb_gas2xp.png in Resources */,
				2074327F1F51179A0095CEBB /* PreThumb_abc873.png in Resources */,
				2074326F1F51179A0095CEBB /* PreThumb_56dzbd.png in Resources */,
				2074327B1F51179A0095CEBB /* PreThumb_7342xa.png in Resources */,
				207432771F51179A0095CEBB /* PreThumb_631mXW.png in Resources */,
				2074328D1F51179A0095CEBB /* PreThumb_eth32j.png in Resources */,
				207432A41F51179A0095CEBB /* PreThumb_pug145.png in Resources */,
				2030B7E91E10BC1B001E2237 /* Assets.xcassets in Resources */,
				2074329E1F51179A0095CEBB /* PreThumb_NDFJ2K.png in Resources */,
				207432991F51179A0095CEBB /* PreThumb_ju3s14.png in Resources */,
				207432651F51179A0095CEBB /* PreThumb_4r5g7h.png in Resources */,
				207432A71F51179A0095CEBB /* PreThumb_uiw42b.png in Resources */,
				207432631F51179A0095CEBB /* PreThumb_3hFFab.png in Resources */,
				207432AD1F51179A0095CEBB /* PreThumb_YEU224.png in Resources */,
				2030B7E71E10BC1B001E2237 /* EpsilonAdmin.storyboard in Resources */,
				2074326A1F51179A0095CEBB /* PreThumb_24snMf.png in Resources */,
				207432801F51179A0095CEBB /* PreThumb_ANCV64.png in Resources */,
				207432731F51179A0095CEBB /* PreThumb_73N871.png in Resources */,
				2074329B1F51179A0095CEBB /* PreThumb_mamOth.png in Resources */,
				207432841F51179A0095CEBB /* PreThumb_CBE72a.png in Resources */,
				207432AE1F51179A0095CEBB /* PreThumb_yYYkd2.png in Resources */,
				207432961F51179A0095CEBB /* PreThumb_j7f4jl.png in Resources */,
				207432911F51179A0095CEBB /* PreThumb_gmp31d.png in Resources */,
				2074327E1F51179A0095CEBB /* PreThumb_732823.png in Resources */,
				207432661F51179A0095CEBB /* PreThumb_7fnxAN.png in Resources */,
				2074327C1F51179A0095CEBB /* PreThumb_7822x2.png in Resources */,
				207432AC1F51179A0095CEBB /* PreThumb_ww35ba.png in Resources */,
				207432921F51179A0095CEBB /* PreThumb_hd7NMX.png in Resources */,
				207432A01F51179A0095CEBB /* PreThumb_ns3142.png in Resources */,
				2074328E1F51179A0095CEBB /* PreThumb_fdsa31.png in Resources */,
				2074326C1F51179A0095CEBB /* PreThumb_34nai9.png in Resources */,
				2074327D1F51179A0095CEBB /* PreThumb_14020c.png in Resources */,
				207432871F51179A0095CEBB /* PreThumb_dch5fH.png in Resources */,
				2074328F1F51179A0095CEBB /* PreThumb_fgJJs2.png in Resources */,
				207432A91F51179A0095CEBB /* PreThumb_vmK21a.png in Resources */,
				2074326D1F51179A0095CEBB /* PreThumb_35v115.png in Resources */,
				207432A11F51179A0095CEBB /* PreThumb_OOTR35.png in Resources */,
				2074329F1F51179A0095CEBB /* PreThumb_NMdfX2.png in Resources */,
				207432AB1F51179A0095CEBB /* PreThumb_woo35f.png in Resources */,
			);
			runOnlyForDeploymentPostprocessing = 0;
		};
/* End PBXResourcesBuildPhase section */

/* Begin PBXShellScriptBuildPhase section */
		1C275C97A2B84825138DA625 /* [CP] Embed Pods Frameworks */ = {
			isa = PBXShellScriptBuildPhase;
			buildActionMask = 2147483647;
			files = (
			);
			inputPaths = (
			);
			name = "[CP] Embed Pods Frameworks";
			outputPaths = (
			);
			runOnlyForDeploymentPostprocessing = 0;
			shellPath = /bin/sh;
			shellScript = "\"${SRCROOT}/Pods/Target Support Files/Pods-EpsilonStream/Pods-EpsilonStream-frameworks.sh\"\n";
			showEnvVarsInLog = 0;
		};
		4F7FCF78C376CF7A279B0D34 /* [CP] Copy Pods Resources */ = {
			isa = PBXShellScriptBuildPhase;
			buildActionMask = 2147483647;
			files = (
			);
			inputPaths = (
			);
			name = "[CP] Copy Pods Resources";
			outputPaths = (
			);
			runOnlyForDeploymentPostprocessing = 0;
			shellPath = /bin/sh;
			shellScript = "\"${SRCROOT}/Pods/Target Support Files/Pods-EpsilonStream/Pods-EpsilonStream-resources.sh\"\n";
			showEnvVarsInLog = 0;
		};
		DC5C72E431E8063D877C7B1F /* [CP] Check Pods Manifest.lock */ = {
			isa = PBXShellScriptBuildPhase;
			buildActionMask = 2147483647;
			files = (
			);
			inputPaths = (
			);
			name = "[CP] Check Pods Manifest.lock";
			outputPaths = (
			);
			runOnlyForDeploymentPostprocessing = 0;
			shellPath = /bin/sh;
			shellScript = "diff \"${PODS_ROOT}/../Podfile.lock\" \"${PODS_ROOT}/Manifest.lock\" > /dev/null\nif [ $? != 0 ] ; then\n    # print error to STDERR\n    echo \"error: The sandbox is not in sync with the Podfile.lock. Run 'pod install' or update your CocoaPods installation.\" >&2\n    exit 1\nfi\n";
			showEnvVarsInLog = 0;
		};
/* End PBXShellScriptBuildPhase section */

/* Begin PBXSourcesBuildPhase section */
		2030B7D81E10BC1B001E2237 /* Sources */ = {
			isa = PBXSourcesBuildPhase;
			buildActionMask = 2147483647;
			files = (
				2048314B1F199045001DA099 /* EditMathObjectViewController.swift in Sources */,
				2030B8031E10BC52001E2237 /* FeaturedURL+CoreDataProperties.swift in Sources */,
				20EE41411E10EF81002F78F9 /* ChannelDetailViewController.swift in Sources */,
				20EE413D1E10EF56002F78F9 /* VideoDetailViewController.swift in Sources */,
				20B784991F20FA2D005E28CD /* MathObjectLink+CoreDataClass.swift in Sources */,
				2073D6271EFE90ED00B7849D /* ViewReportViewController.swift in Sources */,
				2030B7E21E10BC1B001E2237 /* MathObjectMasterViewController.swift in Sources */,
				20B6952B1E16530A0071C9A8 /* AutoCompleteTableDelegate.swift in Sources */,
				2030B8051E10BC61001E2237 /* EpsilonStreamDataModel.xcdatamodel in Sources */,
				2030B7FE1E10BC52001E2237 /* MathObject+CoreDataClass.swift in Sources */,
				207432161F4E9B8E0095CEBB /* BrowseStackManager.swift in Sources */,
				2030B8021E10BC52001E2237 /* FeaturedURL+CoreDataClass.swift in Sources */,
				2082276D1F2AD5A8002290CE /* CurateArticleViewController.swift in Sources */,
				2073D62B1EFF8FB900B7849D /* ArticleItemTableViewCell.swift in Sources */,
				2080C25B1E14769B00723F3B /* EpsilonStreamGlobals.swift in Sources */,
				20B7849A1F20FA2D005E28CD /* MathObjectLink+CoreDataProperties.swift in Sources */,
				2080C2591E1474CD00723F3B /* ClientSearchViewController.swift in Sources */,
				20C25C511E18C34A00CE046E /* ImageManager.swift in Sources */,
				203A2F111EF0147400164F5F /* TermSelectorViewController.swift in Sources */,
				207432B51F55A3AB0095CEBB /* CreditsViewController.swift in Sources */,
				204380F91E11CAA500ABBAD6 /* DetailViewController.swift in Sources */,
				203B24851F3F10A800A24B92 /* ExternalPageViewer.swift in Sources */,
				203B866E1E14B66A00BAF08C /* EpsilonStreamSearch.swift in Sources */,
				20B771111E1719A10062D09F /* EpsilonStreamBackgroundFetch.swift in Sources */,
				20C00D061F345BE2008284F0 /* SpecialItemTableViewCell.swift in Sources */,
				200FDB491E36261D0015ADA1 /* EpsilonStreamAdminDataModel.swift in Sources */,
				20B7849C1F213FD7005E28CD /* MathObjectLinkItemTableViewCell.swift in Sources */,
				2041865C1E12962F0067679E /* VideoMasterViewController.swift in Sources */,
				203B86721E14C07900BAF08C /* PlayVideoViewController.swift in Sources */,
				2030B8001E10BC52001E2237 /* Channel+CoreDataClass.swift in Sources */,
				2030B7FD1E10BC52001E2237 /* Video+CoreDataProperties.swift in Sources */,
				203B24821F3EB9BD00A24B92 /* UserDataManager.swift in Sources */,
				2030B7E01E10BC1B001E2237 /* AppDelegate.swift in Sources */,
				2077E8EF1E8D1C9D00C2A49B /* ImageThumbnail+CoreDataProperties.swift in Sources */,
				20EE413F1E10EF74002F78F9 /* MathObjectDetailViewController.swift in Sources */,
				20704A691E1BAEEE000C6B79 /* YoutubeAPICommunicator.swift in Sources */,
				2019AB231E41592100D4BC22 /* WebViewPrefetcher.swift in Sources */,
				20306A3B1E1A283900E6B5D9 /* WebViewingViewController.swift in Sources */,
				204380FB1E11E1E800ABBAD6 /* EpsilonStreamDataModel.swift in Sources */,
				204186641E1297400067679E /* ChannelMasterViewController.swift in Sources */,
				2030B7FF1E10BC52001E2237 /* MathObject+CoreDataProperties.swift in Sources */,
				2077E8EE1E8D1C9D00C2A49B /* ImageThumbnail+CoreDataClass.swift in Sources */,
				2073D62D1EFF8FCF00B7849D /* GameItemTableViewCell.swift in Sources */,
				204381201E11ED3400ABBAD6 /* MasterViewController.swift in Sources */,
				207432B01F5276250095CEBB /* AboutViewController.swift in Sources */,
				20CD8A881E345CAD0034CED1 /* VersionInfo+CoreDataClass.swift in Sources */,
				2073D6291EFF8F8D00B7849D /* VideoItemTableViewCell.swift in Sources */,
				200A62AF1F0B079E0093B50F /* EpsilonStreamLoginManager.swift in Sources */,
				20882FFF1EDD696C003CC2B2 /* TermListViewController.swift in Sources */,
				203B86701E14B94000BAF08C /* SearchResultItem.swift in Sources */,
				202BC6E71E840379003CF122 /* SplashScreenViewController.swift in Sources */,
				2030B7FC1E10BC52001E2237 /* Video+CoreDataClass.swift in Sources */,
				2041865E1E1296760067679E /* FeatureMasterViewController.swift in Sources */,
				204186581E1288980067679E /* AdminSettingsViewController.swift in Sources */,
				203A2F0F1EEF37C400164F5F /* CurateItemViewController.swift in Sources */,
				2082276B1F29ECC4002290CE /* URLSelectorViewController.swift in Sources */,
				20CD8A891E345CAD0034CED1 /* VersionInfo+CoreDataProperties.swift in Sources */,
				2080C25D1E14955500723F3B /* ClientSettingsViewController.swift in Sources */,
				20EE41431E10EF91002F78F9 /* FeatureDetailViewController.swift in Sources */,
				2030B8011E10BC52001E2237 /* Channel+CoreDataProperties.swift in Sources */,
			);
			runOnlyForDeploymentPostprocessing = 0;
		};
/* End PBXSourcesBuildPhase section */

/* Begin PBXVariantGroup section */
		2030B7E51E10BC1B001E2237 /* EpsilonAdmin.storyboard */ = {
			isa = PBXVariantGroup;
			children = (
				2030B7E61E10BC1B001E2237 /* Base */,
			);
			name = EpsilonAdmin.storyboard;
			sourceTree = "<group>";
		};
		2030B7EA1E10BC1B001E2237 /* LaunchScreen.storyboard */ = {
			isa = PBXVariantGroup;
			children = (
				2030B7EB1E10BC1B001E2237 /* Base */,
			);
			name = LaunchScreen.storyboard;
			sourceTree = "<group>";
		};
/* End PBXVariantGroup section */

/* Begin XCBuildConfiguration section */
		2030B7EE1E10BC1B001E2237 /* Debug */ = {
			isa = XCBuildConfiguration;
			buildSettings = {
				ALWAYS_SEARCH_USER_PATHS = NO;
				CLANG_ANALYZER_NONNULL = YES;
				CLANG_CXX_LANGUAGE_STANDARD = "gnu++0x";
				CLANG_CXX_LIBRARY = "libc++";
				CLANG_ENABLE_MODULES = YES;
				CLANG_ENABLE_OBJC_ARC = YES;
				CLANG_WARN_BOOL_CONVERSION = YES;
				CLANG_WARN_CONSTANT_CONVERSION = YES;
				CLANG_WARN_DIRECT_OBJC_ISA_USAGE = YES_ERROR;
				CLANG_WARN_DOCUMENTATION_COMMENTS = YES;
				CLANG_WARN_EMPTY_BODY = YES;
				CLANG_WARN_ENUM_CONVERSION = YES;
				CLANG_WARN_INFINITE_RECURSION = YES;
				CLANG_WARN_INT_CONVERSION = YES;
				CLANG_WARN_OBJC_ROOT_CLASS = YES_ERROR;
				CLANG_WARN_SUSPICIOUS_MOVE = YES;
				CLANG_WARN_UNREACHABLE_CODE = YES;
				CLANG_WARN__DUPLICATE_METHOD_MATCH = YES;
				"CODE_SIGN_IDENTITY[sdk=iphoneos*]" = "iPhone Developer";
				COPY_PHASE_STRIP = NO;
				DEBUG_INFORMATION_FORMAT = dwarf;
				ENABLE_STRICT_OBJC_MSGSEND = YES;
				ENABLE_TESTABILITY = YES;
				GCC_C_LANGUAGE_STANDARD = gnu99;
				GCC_DYNAMIC_NO_PIC = NO;
				GCC_NO_COMMON_BLOCKS = YES;
				GCC_OPTIMIZATION_LEVEL = 0;
				GCC_PREPROCESSOR_DEFINITIONS = (
					"DEBUG=1",
					"$(inherited)",
				);
				GCC_WARN_64_TO_32_BIT_CONVERSION = YES;
				GCC_WARN_ABOUT_RETURN_TYPE = YES_ERROR;
				GCC_WARN_UNDECLARED_SELECTOR = YES;
				GCC_WARN_UNINITIALIZED_AUTOS = YES_AGGRESSIVE;
				GCC_WARN_UNUSED_FUNCTION = YES;
				GCC_WARN_UNUSED_VARIABLE = YES;
				IPHONEOS_DEPLOYMENT_TARGET = 10.2;
				MTL_ENABLE_DEBUG_INFO = YES;
				ONLY_ACTIVE_ARCH = YES;
				SDKROOT = iphoneos;
				SWIFT_ACTIVE_COMPILATION_CONDITIONS = DEBUG;
				SWIFT_OPTIMIZATION_LEVEL = "-Onone";
				TARGETED_DEVICE_FAMILY = "1,2";
			};
			name = Debug;
		};
		2030B7EF1E10BC1B001E2237 /* Release */ = {
			isa = XCBuildConfiguration;
			buildSettings = {
				ALWAYS_SEARCH_USER_PATHS = NO;
				CLANG_ANALYZER_NONNULL = YES;
				CLANG_CXX_LANGUAGE_STANDARD = "gnu++0x";
				CLANG_CXX_LIBRARY = "libc++";
				CLANG_ENABLE_MODULES = YES;
				CLANG_ENABLE_OBJC_ARC = YES;
				CLANG_WARN_BOOL_CONVERSION = YES;
				CLANG_WARN_CONSTANT_CONVERSION = YES;
				CLANG_WARN_DIRECT_OBJC_ISA_USAGE = YES_ERROR;
				CLANG_WARN_DOCUMENTATION_COMMENTS = YES;
				CLANG_WARN_EMPTY_BODY = YES;
				CLANG_WARN_ENUM_CONVERSION = YES;
				CLANG_WARN_INFINITE_RECURSION = YES;
				CLANG_WARN_INT_CONVERSION = YES;
				CLANG_WARN_OBJC_ROOT_CLASS = YES_ERROR;
				CLANG_WARN_SUSPICIOUS_MOVE = YES;
				CLANG_WARN_UNREACHABLE_CODE = YES;
				CLANG_WARN__DUPLICATE_METHOD_MATCH = YES;
				"CODE_SIGN_IDENTITY[sdk=iphoneos*]" = "iPhone Developer";
				COPY_PHASE_STRIP = NO;
				DEBUG_INFORMATION_FORMAT = "dwarf-with-dsym";
				ENABLE_NS_ASSERTIONS = NO;
				ENABLE_STRICT_OBJC_MSGSEND = YES;
				GCC_C_LANGUAGE_STANDARD = gnu99;
				GCC_NO_COMMON_BLOCKS = YES;
				GCC_WARN_64_TO_32_BIT_CONVERSION = YES;
				GCC_WARN_ABOUT_RETURN_TYPE = YES_ERROR;
				GCC_WARN_UNDECLARED_SELECTOR = YES;
				GCC_WARN_UNINITIALIZED_AUTOS = YES_AGGRESSIVE;
				GCC_WARN_UNUSED_FUNCTION = YES;
				GCC_WARN_UNUSED_VARIABLE = YES;
				IPHONEOS_DEPLOYMENT_TARGET = 10.2;
				MTL_ENABLE_DEBUG_INFO = NO;
				SDKROOT = iphoneos;
				SWIFT_OPTIMIZATION_LEVEL = "-Owholemodule";
				TARGETED_DEVICE_FAMILY = "1,2";
				VALIDATE_PRODUCT = YES;
			};
			name = Release;
		};
		2030B7F11E10BC1B001E2237 /* Debug */ = {
			isa = XCBuildConfiguration;
			baseConfigurationReference = 6DE21DF73C11C8FBE6A57E56 /* Pods-EpsilonStream.debug.xcconfig */;
			buildSettings = {
				ALWAYS_EMBED_SWIFT_STANDARD_LIBRARIES = YES;
				ASSETCATALOG_COMPILER_APPICON_NAME = AppIcon;
				CODE_SIGN_ENTITLEMENTS = EpsilonStream/EpsilonStream.entitlements;
				"CODE_SIGN_IDENTITY[sdk=iphoneos*]" = "iPhone Developer";
				DEVELOPMENT_TEAM = 4G9VZ63NB7;
				INFOPLIST_FILE = EpsilonStream/Info.plist;
				IPHONEOS_DEPLOYMENT_TARGET = 10.1;
				LD_RUNPATH_SEARCH_PATHS = "$(inherited) @executable_path/Frameworks";
				PRODUCT_BUNDLE_IDENTIFIER = oneonepsilon.com.EpsilonStream;
				PRODUCT_NAME = "$(TARGET_NAME)";
				PROVISIONING_PROFILE = "c24aaf5c-41b5-464f-a4ca-635fd5718047";
				PROVISIONING_PROFILE_SPECIFIER = EpsilonStreamAug16Devel2;
				SWIFT_VERSION = 3.0;
			};
			name = Debug;
		};
		2030B7F21E10BC1B001E2237 /* Release */ = {
			isa = XCBuildConfiguration;
			baseConfigurationReference = 5A1D6AF38DFD4957AEA58554 /* Pods-EpsilonStream.release.xcconfig */;
			buildSettings = {
				ALWAYS_EMBED_SWIFT_STANDARD_LIBRARIES = YES;
				ASSETCATALOG_COMPILER_APPICON_NAME = AppIcon;
				CODE_SIGN_ENTITLEMENTS = EpsilonStream/EpsilonStream.entitlements;
				"CODE_SIGN_IDENTITY[sdk=iphoneos*]" = "iPhone Distribution";
				DEVELOPMENT_TEAM = 4G9VZ63NB7;
				INFOPLIST_FILE = EpsilonStream/Info.plist;
				IPHONEOS_DEPLOYMENT_TARGET = 10.1;
				LD_RUNPATH_SEARCH_PATHS = "$(inherited) @executable_path/Frameworks";
				PRODUCT_BUNDLE_IDENTIFIER = oneonepsilon.com.EpsilonStream;
				PRODUCT_NAME = "$(TARGET_NAME)";
				PROVISIONING_PROFILE = "e3e9ec70-4c10-446f-83fe-f5f0a1211f5c";
				PROVISIONING_PROFILE_SPECIFIER = EpsilonStreamDistribBetaAug16;
				SWIFT_VERSION = 3.0;
			};
			name = Release;
		};
/* End XCBuildConfiguration section */

/* Begin XCConfigurationList section */
		2030B7D71E10BC1B001E2237 /* Build configuration list for PBXProject "EpsilonStream" */ = {
			isa = XCConfigurationList;
			buildConfigurations = (
				2030B7EE1E10BC1B001E2237 /* Debug */,
				2030B7EF1E10BC1B001E2237 /* Release */,
			);
			defaultConfigurationIsVisible = 0;
			defaultConfigurationName = Release;
		};
		2030B7F01E10BC1B001E2237 /* Build configuration list for PBXNativeTarget "EpsilonStream" */ = {
			isa = XCConfigurationList;
			buildConfigurations = (
				2030B7F11E10BC1B001E2237 /* Debug */,
				2030B7F21E10BC1B001E2237 /* Release */,
			);
			defaultConfigurationIsVisible = 0;
			defaultConfigurationName = Release;
		};
/* End XCConfigurationList section */
	};
	rootObject = 2030B7D41E10BC1B001E2237 /* Project object */;
}
