// !$*UTF8*$!
{
	archiveVersion = 1;
	classes = {
	};
	objectVersion = 46;
	objects = {

/* Begin PBXBuildFile section */
		010FF33E1FB1A19200619183 /* LogoAnimationVert_9sec_Norm_Res.mp4 in Resources */ = {isa = PBXBuildFile; fileRef = 010FF33C1FB1A19200619183 /* LogoAnimationVert_9sec_Norm_Res.mp4 */; };
		010FF33F1FB1A19200619183 /* LogoAnimationVert_9sec_High_Res.mp4 in Resources */ = {isa = PBXBuildFile; fileRef = 010FF33D1FB1A19200619183 /* LogoAnimationVert_9sec_High_Res.mp4 */; };
		01372CF01F97C8F90072F3E3 /* Localizable.strings in Resources */ = {isa = PBXBuildFile; fileRef = 01372CF21F97C8F90072F3E3 /* Localizable.strings */; };
		0145FD702052F2B70063348C /* TextManager.swift in Sources */ = {isa = PBXBuildFile; fileRef = 0145FD6F2052F2B70063348C /* TextManager.swift */; };
		0152C9FB1FDD40F800ADBFA8 /* TermSelectorViewController.swift in Sources */ = {isa = PBXBuildFile; fileRef = 0152C9E01FDD40F800ADBFA8 /* TermSelectorViewController.swift */; };
		0152C9FC1FDD40F800ADBFA8 /* URLSelectorViewController.swift in Sources */ = {isa = PBXBuildFile; fileRef = 0152C9E11FDD40F800ADBFA8 /* URLSelectorViewController.swift */; };
		0152C9FD1FDD40F800ADBFA8 /* CurateItemViewController.swift in Sources */ = {isa = PBXBuildFile; fileRef = 0152C9E21FDD40F800ADBFA8 /* CurateItemViewController.swift */; };
		0152C9FE1FDD40F800ADBFA8 /* AdminSettingsViewController.swift in Sources */ = {isa = PBXBuildFile; fileRef = 0152C9E31FDD40F800ADBFA8 /* AdminSettingsViewController.swift */; };
		0152C9FF1FDD40F800ADBFA8 /* EditMathObjectViewController.swift in Sources */ = {isa = PBXBuildFile; fileRef = 0152C9E41FDD40F800ADBFA8 /* EditMathObjectViewController.swift */; };
		0152CA001FDD40F800ADBFA8 /* CurateArticleViewController.swift in Sources */ = {isa = PBXBuildFile; fileRef = 0152C9E51FDD40F800ADBFA8 /* CurateArticleViewController.swift */; };
		0152CA011FDD40F800ADBFA8 /* ViewReportViewController.swift in Sources */ = {isa = PBXBuildFile; fileRef = 0152C9E61FDD40F800ADBFA8 /* ViewReportViewController.swift */; };
		0152CA021FDD40F800ADBFA8 /* TermListViewController.swift in Sources */ = {isa = PBXBuildFile; fileRef = 0152C9E71FDD40F800ADBFA8 /* TermListViewController.swift */; };
		0152CA031FDD40F800ADBFA8 /* ClientSettingsViewController.swift in Sources */ = {isa = PBXBuildFile; fileRef = 0152C9E91FDD40F800ADBFA8 /* ClientSettingsViewController.swift */; };
		0152CA041FDD40F800ADBFA8 /* ClientSearchViewController.swift in Sources */ = {isa = PBXBuildFile; fileRef = 0152C9EA1FDD40F800ADBFA8 /* ClientSearchViewController.swift */; };
		0152CA051FDD40F800ADBFA8 /* GameItemTableViewCell.swift in Sources */ = {isa = PBXBuildFile; fileRef = 0152C9EB1FDD40F800ADBFA8 /* GameItemTableViewCell.swift */; };
		0152CA061FDD40F800ADBFA8 /* ArticleItemTableViewCell.swift in Sources */ = {isa = PBXBuildFile; fileRef = 0152C9EC1FDD40F800ADBFA8 /* ArticleItemTableViewCell.swift */; };
		0152CA071FDD40F800ADBFA8 /* VideoItemTableViewCell.swift in Sources */ = {isa = PBXBuildFile; fileRef = 0152C9ED1FDD40F800ADBFA8 /* VideoItemTableViewCell.swift */; };
		0152CA081FDD40F800ADBFA8 /* WebViewingViewController.swift in Sources */ = {isa = PBXBuildFile; fileRef = 0152C9EE1FDD40F800ADBFA8 /* WebViewingViewController.swift */; };
		0152CA091FDD40F800ADBFA8 /* ExternalPageViewer.swift in Sources */ = {isa = PBXBuildFile; fileRef = 0152C9EF1FDD40F800ADBFA8 /* ExternalPageViewer.swift */; };
		0152CA0A1FDD40F800ADBFA8 /* UserMessageTableViewCell.swift in Sources */ = {isa = PBXBuildFile; fileRef = 0152C9F01FDD40F800ADBFA8 /* UserMessageTableViewCell.swift */; };
		0152CA0B1FDD40F800ADBFA8 /* SplashScreenViewController.swift in Sources */ = {isa = PBXBuildFile; fileRef = 0152C9F11FDD40F800ADBFA8 /* SplashScreenViewController.swift */; };
		0152CA0C1FDD40F800ADBFA8 /* PlayVideoViewController.swift in Sources */ = {isa = PBXBuildFile; fileRef = 0152C9F21FDD40F800ADBFA8 /* PlayVideoViewController.swift */; };
		0152CA0D1FDD40F800ADBFA8 /* MathObjectLinkItemTableViewCell.swift in Sources */ = {isa = PBXBuildFile; fileRef = 0152C9F31FDD40F800ADBFA8 /* MathObjectLinkItemTableViewCell.swift */; };
		0152CA0E1FDD40F800ADBFA8 /* SpecialItemTableViewCell.swift in Sources */ = {isa = PBXBuildFile; fileRef = 0152C9F41FDD40F800ADBFA8 /* SpecialItemTableViewCell.swift */; };
		0152CA0F1FDD40F800ADBFA8 /* AboutViewController.swift in Sources */ = {isa = PBXBuildFile; fileRef = 0152C9F51FDD40F800ADBFA8 /* AboutViewController.swift */; };
		0152CA101FDD40F800ADBFA8 /* CreditsViewController.swift in Sources */ = {isa = PBXBuildFile; fileRef = 0152C9F61FDD40F800ADBFA8 /* CreditsViewController.swift */; };
		0152CA111FDD40F800ADBFA8 /* BaseViewController.swift in Sources */ = {isa = PBXBuildFile; fileRef = 0152C9F81FDD40F800ADBFA8 /* BaseViewController.swift */; };
		0152CA121FDD40F800ADBFA8 /* BaseView.swift in Sources */ = {isa = PBXBuildFile; fileRef = 0152C9F91FDD40F800ADBFA8 /* BaseView.swift */; };
		0152CA131FDD40F800ADBFA8 /* EpsilonClient.storyboard in Resources */ = {isa = PBXBuildFile; fileRef = 0152C9FA1FDD40F800ADBFA8 /* EpsilonClient.storyboard */; };
		015720721FCF294A0043A828 /* String_IKExtension.swift in Sources */ = {isa = PBXBuildFile; fileRef = 015720601FCF294A0043A828 /* String_IKExtension.swift */; };
		015720731FCF294A0043A828 /* Dictionary_IKExtensions.swift in Sources */ = {isa = PBXBuildFile; fileRef = 015720611FCF294A0043A828 /* Dictionary_IKExtensions.swift */; };
		015720741FCF294A0043A828 /* CGRect_IKExtension.swift in Sources */ = {isa = PBXBuildFile; fileRef = 015720621FCF294A0043A828 /* CGRect_IKExtension.swift */; };
		015720751FCF294A0043A828 /* Data_IKExtension.swift in Sources */ = {isa = PBXBuildFile; fileRef = 015720631FCF294A0043A828 /* Data_IKExtension.swift */; };
		015720761FCF294A0043A828 /* NSObject_IKExtension.swift in Sources */ = {isa = PBXBuildFile; fileRef = 015720641FCF294A0043A828 /* NSObject_IKExtension.swift */; };
		015720771FCF294A0043A828 /* CGPoint_IKExtension.swift in Sources */ = {isa = PBXBuildFile; fileRef = 015720651FCF294A0043A828 /* CGPoint_IKExtension.swift */; };
		015720781FCF294A0043A828 /* CachedURLResponse_IKExtension.swift in Sources */ = {isa = PBXBuildFile; fileRef = 015720661FCF294A0043A828 /* CachedURLResponse_IKExtension.swift */; };
		015720791FCF294A0043A828 /* UIButton_IKExtension.swift in Sources */ = {isa = PBXBuildFile; fileRef = 015720671FCF294A0043A828 /* UIButton_IKExtension.swift */; };
		0157207A1FCF294A0043A828 /* UIAlertController_IKExtension.swift in Sources */ = {isa = PBXBuildFile; fileRef = 015720681FCF294A0043A828 /* UIAlertController_IKExtension.swift */; };
		0157207B1FCF294A0043A828 /* CGSize_IKExtension.swift in Sources */ = {isa = PBXBuildFile; fileRef = 015720691FCF294A0043A828 /* CGSize_IKExtension.swift */; };
		0157207C1FCF294A0043A828 /* UIViewController_IKExtension.swift in Sources */ = {isa = PBXBuildFile; fileRef = 0157206A1FCF294A0043A828 /* UIViewController_IKExtension.swift */; };
		0157207D1FCF294A0043A828 /* UIColor_IKExtension.swift in Sources */ = {isa = PBXBuildFile; fileRef = 0157206B1FCF294A0043A828 /* UIColor_IKExtension.swift */; };
		0157207E1FCF294A0043A828 /* UIVIew_IKExtensions.swift in Sources */ = {isa = PBXBuildFile; fileRef = 0157206C1FCF294A0043A828 /* UIVIew_IKExtensions.swift */; };
		0157207F1FCF294A0043A828 /* UILabel_IKExtension.swift in Sources */ = {isa = PBXBuildFile; fileRef = 0157206D1FCF294A0043A828 /* UILabel_IKExtension.swift */; };
		015720801FCF294A0043A828 /* Mirror_IKExtension.swift in Sources */ = {isa = PBXBuildFile; fileRef = 0157206E1FCF294A0043A828 /* Mirror_IKExtension.swift */; };
		015720811FCF294A0043A828 /* DispatchQueue_IKExtension.swift in Sources */ = {isa = PBXBuildFile; fileRef = 0157206F1FCF294A0043A828 /* DispatchQueue_IKExtension.swift */; };
		015720821FCF294A0043A828 /* NSJSONSerialization_IKExtension.swift in Sources */ = {isa = PBXBuildFile; fileRef = 015720701FCF294A0043A828 /* NSJSONSerialization_IKExtension.swift */; };
		015720831FCF294A0043A828 /* UIImage_IKExtension.swift in Sources */ = {isa = PBXBuildFile; fileRef = 015720711FCF294A0043A828 /* UIImage_IKExtension.swift */; };
		01746A3A1FA0F1A7003A3BC2 /* Common.swift in Sources */ = {isa = PBXBuildFile; fileRef = 01746A371FA0F1A7003A3BC2 /* Common.swift */; };
		017617BB1FFBE79D002621E4 /* PreloadedThumbnailImages in Resources */ = {isa = PBXBuildFile; fileRef = 017617BA1FFBE79D002621E4 /* PreloadedThumbnailImages */; };
		017617BD1FFBE7EC002621E4 /* Assets.xcassets in Resources */ = {isa = PBXBuildFile; fileRef = 017617BC1FFBE7EC002621E4 /* Assets.xcassets */; };
		018B97EC1FD8652E003EBDCB /* AppDelegate.swift in Sources */ = {isa = PBXBuildFile; fileRef = 018B97EB1FD8652D003EBDCB /* AppDelegate.swift */; };
		018B97F01FD86676003EBDCB /* Hole_Punch.wav in Resources */ = {isa = PBXBuildFile; fileRef = 018B97EE1FD86676003EBDCB /* Hole_Punch.wav */; };
		018B97F11FD86676003EBDCB /* click.wav in Resources */ = {isa = PBXBuildFile; fileRef = 018B97EF1FD86676003EBDCB /* click.wav */; };
		018BAA2C1FA21F2D00F8583A /* IKFileManager.swift in Sources */ = {isa = PBXBuildFile; fileRef = 018BAA2B1FA21F2D00F8583A /* IKFileManager.swift */; };
		018BAA3E1FA21FA300F8583A /* Channel.swift in Sources */ = {isa = PBXBuildFile; fileRef = 018BAA2F1FA21FA300F8583A /* Channel.swift */; };
		018BAA401FA21FA300F8583A /* EpsilonStreamDataModel.xcdatamodel in Sources */ = {isa = PBXBuildFile; fileRef = 018BAA311FA21FA300F8583A /* EpsilonStreamDataModel.xcdatamodel */; };
		018BAA411FA21FA300F8583A /* FeaturedURL.swift in Sources */ = {isa = PBXBuildFile; fileRef = 018BAA321FA21FA300F8583A /* FeaturedURL.swift */; };
		018BAA431FA21FA300F8583A /* ImageThumbnail.swift in Sources */ = {isa = PBXBuildFile; fileRef = 018BAA341FA21FA300F8583A /* ImageThumbnail.swift */; };
		018BAA451FA21FA300F8583A /* MathObject.swift in Sources */ = {isa = PBXBuildFile; fileRef = 018BAA361FA21FA300F8583A /* MathObject.swift */; };
		018BAA471FA21FA300F8583A /* MathObjectLink.swift in Sources */ = {isa = PBXBuildFile; fileRef = 018BAA381FA21FA300F8583A /* MathObjectLink.swift */; };
		018BAA491FA21FA300F8583A /* VersionInfo.swift in Sources */ = {isa = PBXBuildFile; fileRef = 018BAA3A1FA21FA300F8583A /* VersionInfo.swift */; };
		018BAA4B1FA21FA300F8583A /* Video.swift in Sources */ = {isa = PBXBuildFile; fileRef = 018BAA3C1FA21FA300F8583A /* Video.swift */; };
		018BAA4E1FA2251100F8583A /* BaseCoreDataModel.swift in Sources */ = {isa = PBXBuildFile; fileRef = 018BAA4D1FA2251100F8583A /* BaseCoreDataModel.swift */; };
		01A83C2E205030350035A503 /* AlertManager.swift in Sources */ = {isa = PBXBuildFile; fileRef = 01A83C2D205030350035A503 /* AlertManager.swift */; };
		01A83C3020503CD20035A503 /* AlertManager_Extension.swift in Sources */ = {isa = PBXBuildFile; fileRef = 01A83C2F20503CD20035A503 /* AlertManager_Extension.swift */; };
		01BBEE1E20360ADA002DA8D6 /* EpsilonStreamGlobals.swift in Sources */ = {isa = PBXBuildFile; fileRef = 01BBEE1D20360ADA002DA8D6 /* EpsilonStreamGlobals.swift */; };
		01BBEE2020360AF7002DA8D6 /* EpsilonStreamAdminDataModel.swift in Sources */ = {isa = PBXBuildFile; fileRef = 01BBEE1F20360AF6002DA8D6 /* EpsilonStreamAdminDataModel.swift */; };
		01BBEE2220360B18002DA8D6 /* EpsilonStreamDataModel.swift in Sources */ = {isa = PBXBuildFile; fileRef = 01BBEE2120360B18002DA8D6 /* EpsilonStreamDataModel.swift */; };
		01BBEE2420360C0C002DA8D6 /* SearchResultItem.swift in Sources */ = {isa = PBXBuildFile; fileRef = 01BBEE2320360C0C002DA8D6 /* SearchResultItem.swift */; };
		01BBEE2620360CF7002DA8D6 /* EpsilonStreamSearch.swift in Sources */ = {isa = PBXBuildFile; fileRef = 01BBEE2520360CF7002DA8D6 /* EpsilonStreamSearch.swift */; };
		01BBEE3220360EF5002DA8D6 /* YoutubeAPICommunicator.swift in Sources */ = {isa = PBXBuildFile; fileRef = 01BBEE2820360EF5002DA8D6 /* YoutubeAPICommunicator.swift */; };
		01BBEE3320360EF5002DA8D6 /* ImageManager.swift in Sources */ = {isa = PBXBuildFile; fileRef = 01BBEE2920360EF5002DA8D6 /* ImageManager.swift */; };
		01BBEE3420360EF5002DA8D6 /* UserMessageManager.swift in Sources */ = {isa = PBXBuildFile; fileRef = 01BBEE2A20360EF5002DA8D6 /* UserMessageManager.swift */; };
		01BBEE3520360EF5002DA8D6 /* BrowseStackManager.swift in Sources */ = {isa = PBXBuildFile; fileRef = 01BBEE2B20360EF5002DA8D6 /* BrowseStackManager.swift */; };
		01BBEE3620360EF5002DA8D6 /* EpsilonStreamBackgroundFetch.swift in Sources */ = {isa = PBXBuildFile; fileRef = 01BBEE2C20360EF5002DA8D6 /* EpsilonStreamBackgroundFetch.swift */; };
		01BBEE3720360EF5002DA8D6 /* EpsilonStreamLoginManager.swift in Sources */ = {isa = PBXBuildFile; fileRef = 01BBEE2D20360EF5002DA8D6 /* EpsilonStreamLoginManager.swift */; };
		01BBEE3820360EF5002DA8D6 /* UserDataManager.swift in Sources */ = {isa = PBXBuildFile; fileRef = 01BBEE2E20360EF5002DA8D6 /* UserDataManager.swift */; };
		01BBEE3920360EF5002DA8D6 /* WebViewPrefetcher.swift in Sources */ = {isa = PBXBuildFile; fileRef = 01BBEE2F20360EF5002DA8D6 /* WebViewPrefetcher.swift */; };
		01BBEE3A20360EF5002DA8D6 /* AutoCompleteTableDelegate.swift in Sources */ = {isa = PBXBuildFile; fileRef = 01BBEE3020360EF5002DA8D6 /* AutoCompleteTableDelegate.swift */; };
		01BBEE3B20360EF5002DA8D6 /* PersistentStorageManager.swift in Sources */ = {isa = PBXBuildFile; fileRef = 01BBEE3120360EF5002DA8D6 /* PersistentStorageManager.swift */; };
		01F5FCF0203F30CC001D90D5 /* ViewFactory.swift in Sources */ = {isa = PBXBuildFile; fileRef = 01F5FCEF203F30CC001D90D5 /* ViewFactory.swift */; };
		2030B7EC1E10BC1B001E2237 /* LaunchScreen.storyboard in Resources */ = {isa = PBXBuildFile; fileRef = 2030B7EA1E10BC1B001E2237 /* LaunchScreen.storyboard */; };
		206992641E3E01C600EBC614 /* GoogleService-Info.plist in Resources */ = {isa = PBXBuildFile; fileRef = 206992631E3E01C600EBC614 /* GoogleService-Info.plist */; };
		20EE413B1E10E502002F78F9 /* CloudKit.framework in Frameworks */ = {isa = PBXBuildFile; fileRef = 20EE413A1E10E502002F78F9 /* CloudKit.framework */; };
		8B3D27D8BA516FFBA790A595 /* Pods_EpsilonStream.framework in Frameworks */ = {isa = PBXBuildFile; fileRef = 8365442A59822C0F1455CBAB /* Pods_EpsilonStream.framework */; };
/* End PBXBuildFile section */

/* Begin PBXFileReference section */
		010FF33C1FB1A19200619183 /* LogoAnimationVert_9sec_Norm_Res.mp4 */ = {isa = PBXFileReference; lastKnownFileType = file; path = LogoAnimationVert_9sec_Norm_Res.mp4; sourceTree = "<group>"; };
		010FF33D1FB1A19200619183 /* LogoAnimationVert_9sec_High_Res.mp4 */ = {isa = PBXFileReference; lastKnownFileType = file; path = LogoAnimationVert_9sec_High_Res.mp4; sourceTree = "<group>"; };
		01372CF11F97C8F90072F3E3 /* en */ = {isa = PBXFileReference; lastKnownFileType = text.plist.strings; name = en; path = en.lproj/Localizable.strings; sourceTree = "<group>"; };
		0145FD6F2052F2B70063348C /* TextManager.swift */ = {isa = PBXFileReference; lastKnownFileType = sourcecode.swift; path = TextManager.swift; sourceTree = "<group>"; };
		0152C9E01FDD40F800ADBFA8 /* TermSelectorViewController.swift */ = {isa = PBXFileReference; fileEncoding = 4; lastKnownFileType = sourcecode.swift; path = TermSelectorViewController.swift; sourceTree = "<group>"; };
		0152C9E11FDD40F800ADBFA8 /* URLSelectorViewController.swift */ = {isa = PBXFileReference; fileEncoding = 4; lastKnownFileType = sourcecode.swift; path = URLSelectorViewController.swift; sourceTree = "<group>"; };
		0152C9E21FDD40F800ADBFA8 /* CurateItemViewController.swift */ = {isa = PBXFileReference; fileEncoding = 4; lastKnownFileType = sourcecode.swift; path = CurateItemViewController.swift; sourceTree = "<group>"; };
		0152C9E31FDD40F800ADBFA8 /* AdminSettingsViewController.swift */ = {isa = PBXFileReference; fileEncoding = 4; lastKnownFileType = sourcecode.swift; path = AdminSettingsViewController.swift; sourceTree = "<group>"; };
		0152C9E41FDD40F800ADBFA8 /* EditMathObjectViewController.swift */ = {isa = PBXFileReference; fileEncoding = 4; lastKnownFileType = sourcecode.swift; path = EditMathObjectViewController.swift; sourceTree = "<group>"; };
		0152C9E51FDD40F800ADBFA8 /* CurateArticleViewController.swift */ = {isa = PBXFileReference; fileEncoding = 4; lastKnownFileType = sourcecode.swift; path = CurateArticleViewController.swift; sourceTree = "<group>"; };
		0152C9E61FDD40F800ADBFA8 /* ViewReportViewController.swift */ = {isa = PBXFileReference; fileEncoding = 4; lastKnownFileType = sourcecode.swift; path = ViewReportViewController.swift; sourceTree = "<group>"; };
		0152C9E71FDD40F800ADBFA8 /* TermListViewController.swift */ = {isa = PBXFileReference; fileEncoding = 4; lastKnownFileType = sourcecode.swift; path = TermListViewController.swift; sourceTree = "<group>"; };
		0152C9E91FDD40F800ADBFA8 /* ClientSettingsViewController.swift */ = {isa = PBXFileReference; fileEncoding = 4; lastKnownFileType = sourcecode.swift; path = ClientSettingsViewController.swift; sourceTree = "<group>"; };
		0152C9EA1FDD40F800ADBFA8 /* ClientSearchViewController.swift */ = {isa = PBXFileReference; fileEncoding = 4; lastKnownFileType = sourcecode.swift; path = ClientSearchViewController.swift; sourceTree = "<group>"; };
		0152C9EB1FDD40F800ADBFA8 /* GameItemTableViewCell.swift */ = {isa = PBXFileReference; fileEncoding = 4; lastKnownFileType = sourcecode.swift; path = GameItemTableViewCell.swift; sourceTree = "<group>"; };
		0152C9EC1FDD40F800ADBFA8 /* ArticleItemTableViewCell.swift */ = {isa = PBXFileReference; fileEncoding = 4; lastKnownFileType = sourcecode.swift; path = ArticleItemTableViewCell.swift; sourceTree = "<group>"; };
		0152C9ED1FDD40F800ADBFA8 /* VideoItemTableViewCell.swift */ = {isa = PBXFileReference; fileEncoding = 4; lastKnownFileType = sourcecode.swift; path = VideoItemTableViewCell.swift; sourceTree = "<group>"; };
		0152C9EE1FDD40F800ADBFA8 /* WebViewingViewController.swift */ = {isa = PBXFileReference; fileEncoding = 4; lastKnownFileType = sourcecode.swift; path = WebViewingViewController.swift; sourceTree = "<group>"; };
		0152C9EF1FDD40F800ADBFA8 /* ExternalPageViewer.swift */ = {isa = PBXFileReference; fileEncoding = 4; lastKnownFileType = sourcecode.swift; path = ExternalPageViewer.swift; sourceTree = "<group>"; };
		0152C9F01FDD40F800ADBFA8 /* UserMessageTableViewCell.swift */ = {isa = PBXFileReference; fileEncoding = 4; lastKnownFileType = sourcecode.swift; path = UserMessageTableViewCell.swift; sourceTree = "<group>"; };
		0152C9F11FDD40F800ADBFA8 /* SplashScreenViewController.swift */ = {isa = PBXFileReference; fileEncoding = 4; lastKnownFileType = sourcecode.swift; path = SplashScreenViewController.swift; sourceTree = "<group>"; };
		0152C9F21FDD40F800ADBFA8 /* PlayVideoViewController.swift */ = {isa = PBXFileReference; fileEncoding = 4; lastKnownFileType = sourcecode.swift; path = PlayVideoViewController.swift; sourceTree = "<group>"; };
		0152C9F31FDD40F800ADBFA8 /* MathObjectLinkItemTableViewCell.swift */ = {isa = PBXFileReference; fileEncoding = 4; lastKnownFileType = sourcecode.swift; path = MathObjectLinkItemTableViewCell.swift; sourceTree = "<group>"; };
		0152C9F41FDD40F800ADBFA8 /* SpecialItemTableViewCell.swift */ = {isa = PBXFileReference; fileEncoding = 4; lastKnownFileType = sourcecode.swift; path = SpecialItemTableViewCell.swift; sourceTree = "<group>"; };
		0152C9F51FDD40F800ADBFA8 /* AboutViewController.swift */ = {isa = PBXFileReference; fileEncoding = 4; lastKnownFileType = sourcecode.swift; path = AboutViewController.swift; sourceTree = "<group>"; };
		0152C9F61FDD40F800ADBFA8 /* CreditsViewController.swift */ = {isa = PBXFileReference; fileEncoding = 4; lastKnownFileType = sourcecode.swift; path = CreditsViewController.swift; sourceTree = "<group>"; };
		0152C9F81FDD40F800ADBFA8 /* BaseViewController.swift */ = {isa = PBXFileReference; fileEncoding = 4; lastKnownFileType = sourcecode.swift; path = BaseViewController.swift; sourceTree = "<group>"; };
		0152C9F91FDD40F800ADBFA8 /* BaseView.swift */ = {isa = PBXFileReference; fileEncoding = 4; lastKnownFileType = sourcecode.swift; path = BaseView.swift; sourceTree = "<group>"; };
		0152C9FA1FDD40F800ADBFA8 /* EpsilonClient.storyboard */ = {isa = PBXFileReference; fileEncoding = 4; lastKnownFileType = file.storyboard; path = EpsilonClient.storyboard; sourceTree = "<group>"; };
		015720601FCF294A0043A828 /* String_IKExtension.swift */ = {isa = PBXFileReference; fileEncoding = 4; lastKnownFileType = sourcecode.swift; path = String_IKExtension.swift; sourceTree = "<group>"; };
		015720611FCF294A0043A828 /* Dictionary_IKExtensions.swift */ = {isa = PBXFileReference; fileEncoding = 4; lastKnownFileType = sourcecode.swift; path = Dictionary_IKExtensions.swift; sourceTree = "<group>"; };
		015720621FCF294A0043A828 /* CGRect_IKExtension.swift */ = {isa = PBXFileReference; fileEncoding = 4; lastKnownFileType = sourcecode.swift; path = CGRect_IKExtension.swift; sourceTree = "<group>"; };
		015720631FCF294A0043A828 /* Data_IKExtension.swift */ = {isa = PBXFileReference; fileEncoding = 4; lastKnownFileType = sourcecode.swift; path = Data_IKExtension.swift; sourceTree = "<group>"; };
		015720641FCF294A0043A828 /* NSObject_IKExtension.swift */ = {isa = PBXFileReference; fileEncoding = 4; lastKnownFileType = sourcecode.swift; path = NSObject_IKExtension.swift; sourceTree = "<group>"; };
		015720651FCF294A0043A828 /* CGPoint_IKExtension.swift */ = {isa = PBXFileReference; fileEncoding = 4; lastKnownFileType = sourcecode.swift; path = CGPoint_IKExtension.swift; sourceTree = "<group>"; };
		015720661FCF294A0043A828 /* CachedURLResponse_IKExtension.swift */ = {isa = PBXFileReference; fileEncoding = 4; lastKnownFileType = sourcecode.swift; path = CachedURLResponse_IKExtension.swift; sourceTree = "<group>"; };
		015720671FCF294A0043A828 /* UIButton_IKExtension.swift */ = {isa = PBXFileReference; fileEncoding = 4; lastKnownFileType = sourcecode.swift; path = UIButton_IKExtension.swift; sourceTree = "<group>"; };
		015720681FCF294A0043A828 /* UIAlertController_IKExtension.swift */ = {isa = PBXFileReference; fileEncoding = 4; lastKnownFileType = sourcecode.swift; path = UIAlertController_IKExtension.swift; sourceTree = "<group>"; };
		015720691FCF294A0043A828 /* CGSize_IKExtension.swift */ = {isa = PBXFileReference; fileEncoding = 4; lastKnownFileType = sourcecode.swift; path = CGSize_IKExtension.swift; sourceTree = "<group>"; };
		0157206A1FCF294A0043A828 /* UIViewController_IKExtension.swift */ = {isa = PBXFileReference; fileEncoding = 4; lastKnownFileType = sourcecode.swift; path = UIViewController_IKExtension.swift; sourceTree = "<group>"; };
		0157206B1FCF294A0043A828 /* UIColor_IKExtension.swift */ = {isa = PBXFileReference; fileEncoding = 4; lastKnownFileType = sourcecode.swift; path = UIColor_IKExtension.swift; sourceTree = "<group>"; };
		0157206C1FCF294A0043A828 /* UIVIew_IKExtensions.swift */ = {isa = PBXFileReference; fileEncoding = 4; lastKnownFileType = sourcecode.swift; path = UIVIew_IKExtensions.swift; sourceTree = "<group>"; };
		0157206D1FCF294A0043A828 /* UILabel_IKExtension.swift */ = {isa = PBXFileReference; fileEncoding = 4; lastKnownFileType = sourcecode.swift; path = UILabel_IKExtension.swift; sourceTree = "<group>"; };
		0157206E1FCF294A0043A828 /* Mirror_IKExtension.swift */ = {isa = PBXFileReference; fileEncoding = 4; lastKnownFileType = sourcecode.swift; path = Mirror_IKExtension.swift; sourceTree = "<group>"; };
		0157206F1FCF294A0043A828 /* DispatchQueue_IKExtension.swift */ = {isa = PBXFileReference; fileEncoding = 4; lastKnownFileType = sourcecode.swift; path = DispatchQueue_IKExtension.swift; sourceTree = "<group>"; };
		015720701FCF294A0043A828 /* NSJSONSerialization_IKExtension.swift */ = {isa = PBXFileReference; fileEncoding = 4; lastKnownFileType = sourcecode.swift; path = NSJSONSerialization_IKExtension.swift; sourceTree = "<group>"; };
		015720711FCF294A0043A828 /* UIImage_IKExtension.swift */ = {isa = PBXFileReference; fileEncoding = 4; lastKnownFileType = sourcecode.swift; path = UIImage_IKExtension.swift; sourceTree = "<group>"; };
		01746A371FA0F1A7003A3BC2 /* Common.swift */ = {isa = PBXFileReference; fileEncoding = 4; lastKnownFileType = sourcecode.swift; path = Common.swift; sourceTree = "<group>"; };
		017617BA1FFBE79D002621E4 /* PreloadedThumbnailImages */ = {isa = PBXFileReference; lastKnownFileType = folder; path = PreloadedThumbnailImages; sourceTree = "<group>"; };
		017617BC1FFBE7EC002621E4 /* Assets.xcassets */ = {isa = PBXFileReference; lastKnownFileType = folder.assetcatalog; path = Assets.xcassets; sourceTree = "<group>"; };
		018B97EB1FD8652D003EBDCB /* AppDelegate.swift */ = {isa = PBXFileReference; fileEncoding = 4; lastKnownFileType = sourcecode.swift; path = AppDelegate.swift; sourceTree = "<group>"; };
		018B97EE1FD86676003EBDCB /* Hole_Punch.wav */ = {isa = PBXFileReference; lastKnownFileType = audio.wav; path = Hole_Punch.wav; sourceTree = "<group>"; };
		018B97EF1FD86676003EBDCB /* click.wav */ = {isa = PBXFileReference; lastKnownFileType = audio.wav; path = click.wav; sourceTree = "<group>"; };
		018BAA2B1FA21F2D00F8583A /* IKFileManager.swift */ = {isa = PBXFileReference; fileEncoding = 4; lastKnownFileType = sourcecode.swift; path = IKFileManager.swift; sourceTree = "<group>"; };
		018BAA2F1FA21FA300F8583A /* Channel.swift */ = {isa = PBXFileReference; fileEncoding = 4; lastKnownFileType = sourcecode.swift; path = Channel.swift; sourceTree = "<group>"; };
		018BAA311FA21FA300F8583A /* EpsilonStreamDataModel.xcdatamodel */ = {isa = PBXFileReference; lastKnownFileType = wrapper.xcdatamodel; path = EpsilonStreamDataModel.xcdatamodel; sourceTree = "<group>"; };
		018BAA321FA21FA300F8583A /* FeaturedURL.swift */ = {isa = PBXFileReference; fileEncoding = 4; lastKnownFileType = sourcecode.swift; path = FeaturedURL.swift; sourceTree = "<group>"; };
		018BAA341FA21FA300F8583A /* ImageThumbnail.swift */ = {isa = PBXFileReference; fileEncoding = 4; lastKnownFileType = sourcecode.swift; path = ImageThumbnail.swift; sourceTree = "<group>"; };
		018BAA361FA21FA300F8583A /* MathObject.swift */ = {isa = PBXFileReference; fileEncoding = 4; lastKnownFileType = sourcecode.swift; path = MathObject.swift; sourceTree = "<group>"; };
		018BAA381FA21FA300F8583A /* MathObjectLink.swift */ = {isa = PBXFileReference; fileEncoding = 4; lastKnownFileType = sourcecode.swift; path = MathObjectLink.swift; sourceTree = "<group>"; };
		018BAA3A1FA21FA300F8583A /* VersionInfo.swift */ = {isa = PBXFileReference; fileEncoding = 4; lastKnownFileType = sourcecode.swift; path = VersionInfo.swift; sourceTree = "<group>"; };
		018BAA3C1FA21FA300F8583A /* Video.swift */ = {isa = PBXFileReference; fileEncoding = 4; lastKnownFileType = sourcecode.swift; path = Video.swift; sourceTree = "<group>"; };
		018BAA4D1FA2251100F8583A /* BaseCoreDataModel.swift */ = {isa = PBXFileReference; lastKnownFileType = sourcecode.swift; path = BaseCoreDataModel.swift; sourceTree = "<group>"; };
		01A83C2D205030350035A503 /* AlertManager.swift */ = {isa = PBXFileReference; lastKnownFileType = sourcecode.swift; path = AlertManager.swift; sourceTree = "<group>"; };
		01A83C2F20503CD20035A503 /* AlertManager_Extension.swift */ = {isa = PBXFileReference; lastKnownFileType = sourcecode.swift; path = AlertManager_Extension.swift; sourceTree = "<group>"; };
		01BBEE1D20360ADA002DA8D6 /* EpsilonStreamGlobals.swift */ = {isa = PBXFileReference; fileEncoding = 4; lastKnownFileType = sourcecode.swift; path = EpsilonStreamGlobals.swift; sourceTree = "<group>"; };
		01BBEE1F20360AF6002DA8D6 /* EpsilonStreamAdminDataModel.swift */ = {isa = PBXFileReference; fileEncoding = 4; lastKnownFileType = sourcecode.swift; path = EpsilonStreamAdminDataModel.swift; sourceTree = "<group>"; };
		01BBEE2120360B18002DA8D6 /* EpsilonStreamDataModel.swift */ = {isa = PBXFileReference; fileEncoding = 4; lastKnownFileType = sourcecode.swift; path = EpsilonStreamDataModel.swift; sourceTree = "<group>"; };
		01BBEE2320360C0C002DA8D6 /* SearchResultItem.swift */ = {isa = PBXFileReference; fileEncoding = 4; lastKnownFileType = sourcecode.swift; path = SearchResultItem.swift; sourceTree = "<group>"; };
		01BBEE2520360CF7002DA8D6 /* EpsilonStreamSearch.swift */ = {isa = PBXFileReference; fileEncoding = 4; lastKnownFileType = sourcecode.swift; path = EpsilonStreamSearch.swift; sourceTree = "<group>"; };
		01BBEE2820360EF5002DA8D6 /* YoutubeAPICommunicator.swift */ = {isa = PBXFileReference; fileEncoding = 4; lastKnownFileType = sourcecode.swift; path = YoutubeAPICommunicator.swift; sourceTree = "<group>"; };
		01BBEE2920360EF5002DA8D6 /* ImageManager.swift */ = {isa = PBXFileReference; fileEncoding = 4; lastKnownFileType = sourcecode.swift; path = ImageManager.swift; sourceTree = "<group>"; };
		01BBEE2A20360EF5002DA8D6 /* UserMessageManager.swift */ = {isa = PBXFileReference; fileEncoding = 4; lastKnownFileType = sourcecode.swift; path = UserMessageManager.swift; sourceTree = "<group>"; };
		01BBEE2B20360EF5002DA8D6 /* BrowseStackManager.swift */ = {isa = PBXFileReference; fileEncoding = 4; lastKnownFileType = sourcecode.swift; path = BrowseStackManager.swift; sourceTree = "<group>"; };
		01BBEE2C20360EF5002DA8D6 /* EpsilonStreamBackgroundFetch.swift */ = {isa = PBXFileReference; fileEncoding = 4; lastKnownFileType = sourcecode.swift; path = EpsilonStreamBackgroundFetch.swift; sourceTree = "<group>"; };
		01BBEE2D20360EF5002DA8D6 /* EpsilonStreamLoginManager.swift */ = {isa = PBXFileReference; fileEncoding = 4; lastKnownFileType = sourcecode.swift; path = EpsilonStreamLoginManager.swift; sourceTree = "<group>"; };
		01BBEE2E20360EF5002DA8D6 /* UserDataManager.swift */ = {isa = PBXFileReference; fileEncoding = 4; lastKnownFileType = sourcecode.swift; path = UserDataManager.swift; sourceTree = "<group>"; };
		01BBEE2F20360EF5002DA8D6 /* WebViewPrefetcher.swift */ = {isa = PBXFileReference; fileEncoding = 4; lastKnownFileType = sourcecode.swift; path = WebViewPrefetcher.swift; sourceTree = "<group>"; };
		01BBEE3020360EF5002DA8D6 /* AutoCompleteTableDelegate.swift */ = {isa = PBXFileReference; fileEncoding = 4; lastKnownFileType = sourcecode.swift; path = AutoCompleteTableDelegate.swift; sourceTree = "<group>"; };
		01BBEE3120360EF5002DA8D6 /* PersistentStorageManager.swift */ = {isa = PBXFileReference; fileEncoding = 4; lastKnownFileType = sourcecode.swift; path = PersistentStorageManager.swift; sourceTree = "<group>"; };
		01F5FCEF203F30CC001D90D5 /* ViewFactory.swift */ = {isa = PBXFileReference; lastKnownFileType = sourcecode.swift; path = ViewFactory.swift; sourceTree = "<group>"; };
		2030B7DC1E10BC1B001E2237 /* EpsilonStream.app */ = {isa = PBXFileReference; explicitFileType = wrapper.application; includeInIndex = 0; path = EpsilonStream.app; sourceTree = BUILT_PRODUCTS_DIR; };
		2030B7EB1E10BC1B001E2237 /* Base */ = {isa = PBXFileReference; lastKnownFileType = file.storyboard; name = Base; path = Base.lproj/LaunchScreen.storyboard; sourceTree = "<group>"; };
		2030B7ED1E10BC1B001E2237 /* Info.plist */ = {isa = PBXFileReference; lastKnownFileType = text.plist.xml; path = Info.plist; sourceTree = "<group>"; };
		206992631E3E01C600EBC614 /* GoogleService-Info.plist */ = {isa = PBXFileReference; fileEncoding = 4; lastKnownFileType = text.plist.xml; name = "GoogleService-Info.plist"; path = "../GoogleService-Info.plist"; sourceTree = "<group>"; };
		20EE41381E10E4FD002F78F9 /* EpsilonStream.entitlements */ = {isa = PBXFileReference; lastKnownFileType = text.plist.entitlements; path = EpsilonStream.entitlements; sourceTree = "<group>"; };
		20EE413A1E10E502002F78F9 /* CloudKit.framework */ = {isa = PBXFileReference; lastKnownFileType = wrapper.framework; name = CloudKit.framework; path = System/Library/Frameworks/CloudKit.framework; sourceTree = SDKROOT; };
		5A1D6AF38DFD4957AEA58554 /* Pods-EpsilonStream.release.xcconfig */ = {isa = PBXFileReference; includeInIndex = 1; lastKnownFileType = text.xcconfig; name = "Pods-EpsilonStream.release.xcconfig"; path = "Pods/Target Support Files/Pods-EpsilonStream/Pods-EpsilonStream.release.xcconfig"; sourceTree = "<group>"; };
		6DE21DF73C11C8FBE6A57E56 /* Pods-EpsilonStream.debug.xcconfig */ = {isa = PBXFileReference; includeInIndex = 1; lastKnownFileType = text.xcconfig; name = "Pods-EpsilonStream.debug.xcconfig"; path = "Pods/Target Support Files/Pods-EpsilonStream/Pods-EpsilonStream.debug.xcconfig"; sourceTree = "<group>"; };
		8365442A59822C0F1455CBAB /* Pods_EpsilonStream.framework */ = {isa = PBXFileReference; explicitFileType = wrapper.framework; includeInIndex = 0; path = Pods_EpsilonStream.framework; sourceTree = BUILT_PRODUCTS_DIR; };
/* End PBXFileReference section */

/* Begin PBXFrameworksBuildPhase section */
		2030B7D91E10BC1B001E2237 /* Frameworks */ = {
			isa = PBXFrameworksBuildPhase;
			buildActionMask = 2147483647;
			files = (
				20EE413B1E10E502002F78F9 /* CloudKit.framework in Frameworks */,
				8B3D27D8BA516FFBA790A595 /* Pods_EpsilonStream.framework in Frameworks */,
			);
			runOnlyForDeploymentPostprocessing = 0;
		};
/* End PBXFrameworksBuildPhase section */

/* Begin PBXGroup section */
		010FF33B1FB1A19200619183 /* Video */ = {
			isa = PBXGroup;
			children = (
				010FF33C1FB1A19200619183 /* LogoAnimationVert_9sec_Norm_Res.mp4 */,
				010FF33D1FB1A19200619183 /* LogoAnimationVert_9sec_High_Res.mp4 */,
			);
			path = Video;
			sourceTree = "<group>";
		};
		01372CED1F97C7620072F3E3 /* Resources */ = {
			isa = PBXGroup;
			children = (
				017617741FFBE783002621E4 /* Images */,
				018B97ED1FD86676003EBDCB /* Audio */,
				010FF33B1FB1A19200619183 /* Video */,
				01372CF21F97C8F90072F3E3 /* Localizable.strings */,
			);
			path = Resources;
			sourceTree = "<group>";
		};
		0152C9DE1FDD40F800ADBFA8 /* UI */ = {
			isa = PBXGroup;
			children = (
				01F5FCEE203F30B4001D90D5 /* Views */,
				0152C9F71FDD40F800ADBFA8 /* Base */,
				0152C9DF1FDD40F800ADBFA8 /* Admin */,
				0152C9E81FDD40F800ADBFA8 /* Client */,
				0152C9FA1FDD40F800ADBFA8 /* EpsilonClient.storyboard */,
			);
			path = UI;
			sourceTree = "<group>";
		};
		0152C9DF1FDD40F800ADBFA8 /* Admin */ = {
			isa = PBXGroup;
			children = (
				0152C9E01FDD40F800ADBFA8 /* TermSelectorViewController.swift */,
				0152C9E11FDD40F800ADBFA8 /* URLSelectorViewController.swift */,
				0152C9E21FDD40F800ADBFA8 /* CurateItemViewController.swift */,
				0152C9E31FDD40F800ADBFA8 /* AdminSettingsViewController.swift */,
				0152C9E41FDD40F800ADBFA8 /* EditMathObjectViewController.swift */,
				0152C9E51FDD40F800ADBFA8 /* CurateArticleViewController.swift */,
				0152C9E61FDD40F800ADBFA8 /* ViewReportViewController.swift */,
				0152C9E71FDD40F800ADBFA8 /* TermListViewController.swift */,
			);
			path = Admin;
			sourceTree = "<group>";
		};
		0152C9E81FDD40F800ADBFA8 /* Client */ = {
			isa = PBXGroup;
			children = (
				0152C9E91FDD40F800ADBFA8 /* ClientSettingsViewController.swift */,
				0152C9EA1FDD40F800ADBFA8 /* ClientSearchViewController.swift */,
				0152C9EB1FDD40F800ADBFA8 /* GameItemTableViewCell.swift */,
				0152C9EC1FDD40F800ADBFA8 /* ArticleItemTableViewCell.swift */,
				0152C9ED1FDD40F800ADBFA8 /* VideoItemTableViewCell.swift */,
				0152C9EE1FDD40F800ADBFA8 /* WebViewingViewController.swift */,
				0152C9EF1FDD40F800ADBFA8 /* ExternalPageViewer.swift */,
				0152C9F01FDD40F800ADBFA8 /* UserMessageTableViewCell.swift */,
				0152C9F11FDD40F800ADBFA8 /* SplashScreenViewController.swift */,
				0152C9F21FDD40F800ADBFA8 /* PlayVideoViewController.swift */,
				0152C9F31FDD40F800ADBFA8 /* MathObjectLinkItemTableViewCell.swift */,
				0152C9F41FDD40F800ADBFA8 /* SpecialItemTableViewCell.swift */,
				0152C9F51FDD40F800ADBFA8 /* AboutViewController.swift */,
				0152C9F61FDD40F800ADBFA8 /* CreditsViewController.swift */,
			);
			path = Client;
			sourceTree = "<group>";
		};
		0152C9F71FDD40F800ADBFA8 /* Base */ = {
			isa = PBXGroup;
			children = (
				0152C9F81FDD40F800ADBFA8 /* BaseViewController.swift */,
				0152C9F91FDD40F800ADBFA8 /* BaseView.swift */,
			);
			path = Base;
			sourceTree = "<group>";
		};
		0157205F1FCF294A0043A828 /* Extensions */ = {
			isa = PBXGroup;
			children = (
				015720601FCF294A0043A828 /* String_IKExtension.swift */,
				015720611FCF294A0043A828 /* Dictionary_IKExtensions.swift */,
				015720621FCF294A0043A828 /* CGRect_IKExtension.swift */,
				015720631FCF294A0043A828 /* Data_IKExtension.swift */,
				015720641FCF294A0043A828 /* NSObject_IKExtension.swift */,
				015720651FCF294A0043A828 /* CGPoint_IKExtension.swift */,
				015720661FCF294A0043A828 /* CachedURLResponse_IKExtension.swift */,
				015720671FCF294A0043A828 /* UIButton_IKExtension.swift */,
				015720681FCF294A0043A828 /* UIAlertController_IKExtension.swift */,
				015720691FCF294A0043A828 /* CGSize_IKExtension.swift */,
				0157206A1FCF294A0043A828 /* UIViewController_IKExtension.swift */,
				0157206B1FCF294A0043A828 /* UIColor_IKExtension.swift */,
				0157206C1FCF294A0043A828 /* UIVIew_IKExtensions.swift */,
				0157206D1FCF294A0043A828 /* UILabel_IKExtension.swift */,
				0157206E1FCF294A0043A828 /* Mirror_IKExtension.swift */,
				0157206F1FCF294A0043A828 /* DispatchQueue_IKExtension.swift */,
				015720701FCF294A0043A828 /* NSJSONSerialization_IKExtension.swift */,
				015720711FCF294A0043A828 /* UIImage_IKExtension.swift */,
			);
			path = Extensions;
			sourceTree = "<group>";
		};
		01746A351FA0F1A7003A3BC2 /* Sources */ = {
			isa = PBXGroup;
			children = (
				018B97EA1FD8652D003EBDCB /* Application */,
				01746A361FA0F1A7003A3BC2 /* Common */,
				01BBEE2720360EF5002DA8D6 /* Components */,
				018BAA2D1FA21FA300F8583A /* Model */,
				0152C9DE1FDD40F800ADBFA8 /* UI */,
			);
			path = Sources;
			sourceTree = "<group>";
		};
		01746A361FA0F1A7003A3BC2 /* Common */ = {
			isa = PBXGroup;
			children = (
				01746A371FA0F1A7003A3BC2 /* Common.swift */,
				01A83C2C205030180035A503 /* Alerts */,
				0157205F1FCF294A0043A828 /* Extensions */,
				018BAA2A1FA21F2D00F8583A /* FileManager */,
			);
			path = Common;
			sourceTree = "<group>";
		};
		017617741FFBE783002621E4 /* Images */ = {
			isa = PBXGroup;
			children = (
				017617BC1FFBE7EC002621E4 /* Assets.xcassets */,
				017617BA1FFBE79D002621E4 /* PreloadedThumbnailImages */,
			);
			path = Images;
			sourceTree = "<group>";
		};
		018B97EA1FD8652D003EBDCB /* Application */ = {
			isa = PBXGroup;
			children = (
				018B97EB1FD8652D003EBDCB /* AppDelegate.swift */,
			);
			path = Application;
			sourceTree = "<group>";
		};
		018B97ED1FD86676003EBDCB /* Audio */ = {
			isa = PBXGroup;
			children = (
				018B97EE1FD86676003EBDCB /* Hole_Punch.wav */,
				018B97EF1FD86676003EBDCB /* click.wav */,
			);
			path = Audio;
			sourceTree = "<group>";
		};
		018BAA2A1FA21F2D00F8583A /* FileManager */ = {
			isa = PBXGroup;
			children = (
				018BAA2B1FA21F2D00F8583A /* IKFileManager.swift */,
			);
			path = FileManager;
			sourceTree = "<group>";
		};
		018BAA2D1FA21FA300F8583A /* Model */ = {
			isa = PBXGroup;
			children = (
				01BBEE1F20360AF6002DA8D6 /* EpsilonStreamAdminDataModel.swift */,
				01BBEE2120360B18002DA8D6 /* EpsilonStreamDataModel.swift */,
				01BBEE1D20360ADA002DA8D6 /* EpsilonStreamGlobals.swift */,
				01BBEE2520360CF7002DA8D6 /* EpsilonStreamSearch.swift */,
				01BBEE2320360C0C002DA8D6 /* SearchResultItem.swift */,
				018BAA2E1FA21FA300F8583A /* CoreData */,
			);
			path = Model;
			sourceTree = "<group>";
		};
		018BAA2E1FA21FA300F8583A /* CoreData */ = {
			isa = PBXGroup;
			children = (
				018BAA4D1FA2251100F8583A /* BaseCoreDataModel.swift */,
				018BAA2F1FA21FA300F8583A /* Channel.swift */,
				018BAA311FA21FA300F8583A /* EpsilonStreamDataModel.xcdatamodel */,
				018BAA321FA21FA300F8583A /* FeaturedURL.swift */,
				018BAA341FA21FA300F8583A /* ImageThumbnail.swift */,
				018BAA361FA21FA300F8583A /* MathObject.swift */,
				018BAA381FA21FA300F8583A /* MathObjectLink.swift */,
				018BAA3A1FA21FA300F8583A /* VersionInfo.swift */,
				018BAA3C1FA21FA300F8583A /* Video.swift */,
			);
			path = CoreData;
			sourceTree = "<group>";
		};
		01A83C2C205030180035A503 /* Alerts */ = {
			isa = PBXGroup;
			children = (
				01A83C2D205030350035A503 /* AlertManager.swift */,
			);
			path = Alerts;
			sourceTree = "<group>";
		};
		01BBEE2720360EF5002DA8D6 /* Components */ = {
			isa = PBXGroup;
			children = (
				01A83C2F20503CD20035A503 /* AlertManager_Extension.swift */,
				01BBEE3020360EF5002DA8D6 /* AutoCompleteTableDelegate.swift */,
				01BBEE2B20360EF5002DA8D6 /* BrowseStackManager.swift */,
				01BBEE2C20360EF5002DA8D6 /* EpsilonStreamBackgroundFetch.swift */,
				01BBEE2D20360EF5002DA8D6 /* EpsilonStreamLoginManager.swift */,
				01BBEE2920360EF5002DA8D6 /* ImageManager.swift */,
				01BBEE3120360EF5002DA8D6 /* PersistentStorageManager.swift */,
				0145FD6F2052F2B70063348C /* TextManager.swift */,
				01BBEE2E20360EF5002DA8D6 /* UserDataManager.swift */,
				01BBEE2A20360EF5002DA8D6 /* UserMessageManager.swift */,
				01BBEE2F20360EF5002DA8D6 /* WebViewPrefetcher.swift */,
				01BBEE2820360EF5002DA8D6 /* YoutubeAPICommunicator.swift */,
			);
			path = Components;
			sourceTree = "<group>";
		};
		01F5FCEE203F30B4001D90D5 /* Views */ = {
			isa = PBXGroup;
			children = (
				01F5FCEF203F30CC001D90D5 /* ViewFactory.swift */,
			);
			path = Views;
			sourceTree = "<group>";
		};
		2030B7D31E10BC1B001E2237 = {
			isa = PBXGroup;
			children = (
				2080C2561E14743A00723F3B /* SupportingFiles */,
				2030B7DE1E10BC1B001E2237 /* EpsilonStream */,
				2030B7DD1E10BC1B001E2237 /* Products */,
				20EE41391E10E502002F78F9 /* Frameworks */,
				AD9E9A375916FACE19012318 /* Pods */,
			);
			sourceTree = "<group>";
		};
		2030B7DD1E10BC1B001E2237 /* Products */ = {
			isa = PBXGroup;
			children = (
				2030B7DC1E10BC1B001E2237 /* EpsilonStream.app */,
			);
			name = Products;
			sourceTree = "<group>";
		};
		2030B7DE1E10BC1B001E2237 /* EpsilonStream */ = {
			isa = PBXGroup;
			children = (
				01746A351FA0F1A7003A3BC2 /* Sources */,
				01372CED1F97C7620072F3E3 /* Resources */,
			);
			path = EpsilonStream;
			sourceTree = "<group>";
		};
		2080C2561E14743A00723F3B /* SupportingFiles */ = {
			isa = PBXGroup;
			children = (
				206992631E3E01C600EBC614 /* GoogleService-Info.plist */,
				2030B7EA1E10BC1B001E2237 /* LaunchScreen.storyboard */,
				2030B7ED1E10BC1B001E2237 /* Info.plist */,
				20EE41381E10E4FD002F78F9 /* EpsilonStream.entitlements */,
			);
			name = SupportingFiles;
			path = EpsilonStream;
			sourceTree = "<group>";
		};
		20EE41391E10E502002F78F9 /* Frameworks */ = {
			isa = PBXGroup;
			children = (
				20EE413A1E10E502002F78F9 /* CloudKit.framework */,
				8365442A59822C0F1455CBAB /* Pods_EpsilonStream.framework */,
			);
			name = Frameworks;
			sourceTree = "<group>";
		};
		AD9E9A375916FACE19012318 /* Pods */ = {
			isa = PBXGroup;
			children = (
				6DE21DF73C11C8FBE6A57E56 /* Pods-EpsilonStream.debug.xcconfig */,
				5A1D6AF38DFD4957AEA58554 /* Pods-EpsilonStream.release.xcconfig */,
			);
			name = Pods;
			sourceTree = "<group>";
		};
/* End PBXGroup section */

/* Begin PBXNativeTarget section */
		2030B7DB1E10BC1B001E2237 /* EpsilonStream */ = {
			isa = PBXNativeTarget;
			buildConfigurationList = 2030B7F01E10BC1B001E2237 /* Build configuration list for PBXNativeTarget "EpsilonStream" */;
			buildPhases = (
				DC5C72E431E8063D877C7B1F /* [CP] Check Pods Manifest.lock */,
				2030B7D81E10BC1B001E2237 /* Sources */,
				2030B7D91E10BC1B001E2237 /* Frameworks */,
				2030B7DA1E10BC1B001E2237 /* Resources */,
				1C275C97A2B84825138DA625 /* [CP] Embed Pods Frameworks */,
				4F7FCF78C376CF7A279B0D34 /* [CP] Copy Pods Resources */,
			);
			buildRules = (
			);
			dependencies = (
			);
			name = EpsilonStream;
			productName = EpsilonStream;
			productReference = 2030B7DC1E10BC1B001E2237 /* EpsilonStream.app */;
			productType = "com.apple.product-type.application";
		};
/* End PBXNativeTarget section */

/* Begin PBXProject section */
		2030B7D41E10BC1B001E2237 /* Project object */ = {
			isa = PBXProject;
			attributes = {
				LastSwiftUpdateCheck = 0820;
				LastUpgradeCheck = 0910;
				ORGANIZATIONNAME = "Yoni Nazarathy";
				TargetAttributes = {
					2030B7DB1E10BC1B001E2237 = {
						CreatedOnToolsVersion = 8.2;
						DevelopmentTeam = 4G9VZ63NB7;
						LastSwiftMigration = 0920;
						ProvisioningStyle = Automatic;
						SystemCapabilities = {
							com.apple.Push = {
								enabled = 1;
							};
							com.apple.iCloud = {
								enabled = 1;
							};
						};
					};
				};
			};
			buildConfigurationList = 2030B7D71E10BC1B001E2237 /* Build configuration list for PBXProject "EpsilonStream" */;
			compatibilityVersion = "Xcode 3.2";
			developmentRegion = English;
			hasScannedForEncodings = 0;
			knownRegions = (
				en,
				Base,
			);
			mainGroup = 2030B7D31E10BC1B001E2237;
			productRefGroup = 2030B7DD1E10BC1B001E2237 /* Products */;
			projectDirPath = "";
			projectRoot = "";
			targets = (
				2030B7DB1E10BC1B001E2237 /* EpsilonStream */,
			);
		};
/* End PBXProject section */

/* Begin PBXResourcesBuildPhase section */
		2030B7DA1E10BC1B001E2237 /* Resources */ = {
			isa = PBXResourcesBuildPhase;
			buildActionMask = 2147483647;
			files = (
				010FF33F1FB1A19200619183 /* LogoAnimationVert_9sec_High_Res.mp4 in Resources */,
				018B97F01FD86676003EBDCB /* Hole_Punch.wav in Resources */,
				017617BD1FFBE7EC002621E4 /* Assets.xcassets in Resources */,
				010FF33E1FB1A19200619183 /* LogoAnimationVert_9sec_Norm_Res.mp4 in Resources */,
				017617BB1FFBE79D002621E4 /* PreloadedThumbnailImages in Resources */,
				2030B7EC1E10BC1B001E2237 /* LaunchScreen.storyboard in Resources */,
				206992641E3E01C600EBC614 /* GoogleService-Info.plist in Resources */,
				018B97F11FD86676003EBDCB /* click.wav in Resources */,
				01372CF01F97C8F90072F3E3 /* Localizable.strings in Resources */,
				0152CA131FDD40F800ADBFA8 /* EpsilonClient.storyboard in Resources */,
			);
			runOnlyForDeploymentPostprocessing = 0;
		};
/* End PBXResourcesBuildPhase section */

/* Begin PBXShellScriptBuildPhase section */
		1C275C97A2B84825138DA625 /* [CP] Embed Pods Frameworks */ = {
			isa = PBXShellScriptBuildPhase;
			buildActionMask = 2147483647;
			files = (
			);
			inputPaths = (
				"${SRCROOT}/Pods/Target Support Files/Pods-EpsilonStream/Pods-EpsilonStream-frameworks.sh",
				"${BUILT_PRODUCTS_DIR}/Alamofire/Alamofire.framework",
				"${BUILT_PRODUCTS_DIR}/BetterSegmentedControl/BetterSegmentedControl.framework",
				"${BUILT_PRODUCTS_DIR}/GoogleToolboxForMac/GoogleToolboxForMac.framework",
				"${BUILT_PRODUCTS_DIR}/SwiftyJSON/SwiftyJSON.framework",
				"${BUILT_PRODUCTS_DIR}/SwiftyTimer/SwiftyTimer.framework",
				"${BUILT_PRODUCTS_DIR}/Toucan/Toucan.framework",
				"${BUILT_PRODUCTS_DIR}/YouTubePlayer/YouTubePlayer.framework",
				"${BUILT_PRODUCTS_DIR}/nanopb/nanopb.framework",
			);
			name = "[CP] Embed Pods Frameworks";
			outputPaths = (
				"${TARGET_BUILD_DIR}/${FRAMEWORKS_FOLDER_PATH}/Alamofire.framework",
				"${TARGET_BUILD_DIR}/${FRAMEWORKS_FOLDER_PATH}/BetterSegmentedControl.framework",
				"${TARGET_BUILD_DIR}/${FRAMEWORKS_FOLDER_PATH}/GoogleToolboxForMac.framework",
				"${TARGET_BUILD_DIR}/${FRAMEWORKS_FOLDER_PATH}/SwiftyJSON.framework",
				"${TARGET_BUILD_DIR}/${FRAMEWORKS_FOLDER_PATH}/SwiftyTimer.framework",
				"${TARGET_BUILD_DIR}/${FRAMEWORKS_FOLDER_PATH}/Toucan.framework",
				"${TARGET_BUILD_DIR}/${FRAMEWORKS_FOLDER_PATH}/YouTubePlayer.framework",
				"${TARGET_BUILD_DIR}/${FRAMEWORKS_FOLDER_PATH}/nanopb.framework",
			);
			runOnlyForDeploymentPostprocessing = 0;
			shellPath = /bin/sh;
			shellScript = "\"${SRCROOT}/Pods/Target Support Files/Pods-EpsilonStream/Pods-EpsilonStream-frameworks.sh\"\n";
			showEnvVarsInLog = 0;
		};
		4F7FCF78C376CF7A279B0D34 /* [CP] Copy Pods Resources */ = {
			isa = PBXShellScriptBuildPhase;
			buildActionMask = 2147483647;
			files = (
			);
			inputPaths = (
			);
			name = "[CP] Copy Pods Resources";
			outputPaths = (
			);
			runOnlyForDeploymentPostprocessing = 0;
			shellPath = /bin/sh;
			shellScript = "\"${SRCROOT}/Pods/Target Support Files/Pods-EpsilonStream/Pods-EpsilonStream-resources.sh\"\n";
			showEnvVarsInLog = 0;
		};
		DC5C72E431E8063D877C7B1F /* [CP] Check Pods Manifest.lock */ = {
			isa = PBXShellScriptBuildPhase;
			buildActionMask = 2147483647;
			files = (
			);
			inputPaths = (
				"${PODS_PODFILE_DIR_PATH}/Podfile.lock",
				"${PODS_ROOT}/Manifest.lock",
			);
			name = "[CP] Check Pods Manifest.lock";
			outputPaths = (
				"$(DERIVED_FILE_DIR)/Pods-EpsilonStream-checkManifestLockResult.txt",
			);
			runOnlyForDeploymentPostprocessing = 0;
			shellPath = /bin/sh;
			shellScript = "diff \"${PODS_PODFILE_DIR_PATH}/Podfile.lock\" \"${PODS_ROOT}/Manifest.lock\" > /dev/null\nif [ $? != 0 ] ; then\n    # print error to STDERR\n    echo \"error: The sandbox is not in sync with the Podfile.lock. Run 'pod install' or update your CocoaPods installation.\" >&2\n    exit 1\nfi\n# This output is used by Xcode 'outputs' to avoid re-running this script phase.\necho \"SUCCESS\" > \"${SCRIPT_OUTPUT_FILE_0}\"\n";
			showEnvVarsInLog = 0;
		};
/* End PBXShellScriptBuildPhase section */

/* Begin PBXSourcesBuildPhase section */
		2030B7D81E10BC1B001E2237 /* Sources */ = {
			isa = PBXSourcesBuildPhase;
			buildActionMask = 2147483647;
			files = (
				018BAA431FA21FA300F8583A /* ImageThumbnail.swift in Sources */,
				018BAA451FA21FA300F8583A /* MathObject.swift in Sources */,
				01A83C2E205030350035A503 /* AlertManager.swift in Sources */,
				018BAA401FA21FA300F8583A /* EpsilonStreamDataModel.xcdatamodel in Sources */,
				0157207E1FCF294A0043A828 /* UIVIew_IKExtensions.swift in Sources */,
				0152CA0C1FDD40F800ADBFA8 /* PlayVideoViewController.swift in Sources */,
				01BBEE3920360EF5002DA8D6 /* WebViewPrefetcher.swift in Sources */,
				018BAA4E1FA2251100F8583A /* BaseCoreDataModel.swift in Sources */,
				0152CA031FDD40F800ADBFA8 /* ClientSettingsViewController.swift in Sources */,
				0157207F1FCF294A0043A828 /* UILabel_IKExtension.swift in Sources */,
				0152C9FE1FDD40F800ADBFA8 /* AdminSettingsViewController.swift in Sources */,
				0152CA071FDD40F800ADBFA8 /* VideoItemTableViewCell.swift in Sources */,
				0152CA051FDD40F800ADBFA8 /* GameItemTableViewCell.swift in Sources */,
				0157207D1FCF294A0043A828 /* UIColor_IKExtension.swift in Sources */,
				015720781FCF294A0043A828 /* CachedURLResponse_IKExtension.swift in Sources */,
				0157207C1FCF294A0043A828 /* UIViewController_IKExtension.swift in Sources */,
				0152CA021FDD40F800ADBFA8 /* TermListViewController.swift in Sources */,
				018BAA2C1FA21F2D00F8583A /* IKFileManager.swift in Sources */,
				01BBEE2220360B18002DA8D6 /* EpsilonStreamDataModel.swift in Sources */,
				0152CA0B1FDD40F800ADBFA8 /* SplashScreenViewController.swift in Sources */,
				018BAA491FA21FA300F8583A /* VersionInfo.swift in Sources */,
				0152CA0E1FDD40F800ADBFA8 /* SpecialItemTableViewCell.swift in Sources */,
				01A83C3020503CD20035A503 /* AlertManager_Extension.swift in Sources */,
				015720771FCF294A0043A828 /* CGPoint_IKExtension.swift in Sources */,
				0152CA0F1FDD40F800ADBFA8 /* AboutViewController.swift in Sources */,
				0152CA001FDD40F800ADBFA8 /* CurateArticleViewController.swift in Sources */,
				018BAA471FA21FA300F8583A /* MathObjectLink.swift in Sources */,
				0152CA011FDD40F800ADBFA8 /* ViewReportViewController.swift in Sources */,
				01BBEE2620360CF7002DA8D6 /* EpsilonStreamSearch.swift in Sources */,
				0152CA091FDD40F800ADBFA8 /* ExternalPageViewer.swift in Sources */,
				018BAA4B1FA21FA300F8583A /* Video.swift in Sources */,
				015720821FCF294A0043A828 /* NSJSONSerialization_IKExtension.swift in Sources */,
				015720801FCF294A0043A828 /* Mirror_IKExtension.swift in Sources */,
				0152CA0D1FDD40F800ADBFA8 /* MathObjectLinkItemTableViewCell.swift in Sources */,
				018B97EC1FD8652E003EBDCB /* AppDelegate.swift in Sources */,
				015720831FCF294A0043A828 /* UIImage_IKExtension.swift in Sources */,
				01BBEE3620360EF5002DA8D6 /* EpsilonStreamBackgroundFetch.swift in Sources */,
				0145FD702052F2B70063348C /* TextManager.swift in Sources */,
				0157207B1FCF294A0043A828 /* CGSize_IKExtension.swift in Sources */,
				0152CA111FDD40F800ADBFA8 /* BaseViewController.swift in Sources */,
				0152CA121FDD40F800ADBFA8 /* BaseView.swift in Sources */,
				01BBEE2020360AF7002DA8D6 /* EpsilonStreamAdminDataModel.swift in Sources */,
				01BBEE3820360EF5002DA8D6 /* UserDataManager.swift in Sources */,
				015720811FCF294A0043A828 /* DispatchQueue_IKExtension.swift in Sources */,
				01BBEE2420360C0C002DA8D6 /* SearchResultItem.swift in Sources */,
				01BBEE3220360EF5002DA8D6 /* YoutubeAPICommunicator.swift in Sources */,
				01BBEE3520360EF5002DA8D6 /* BrowseStackManager.swift in Sources */,
				01746A3A1FA0F1A7003A3BC2 /* Common.swift in Sources */,
				0152C9FB1FDD40F800ADBFA8 /* TermSelectorViewController.swift in Sources */,
				015720751FCF294A0043A828 /* Data_IKExtension.swift in Sources */,
				01F5FCF0203F30CC001D90D5 /* ViewFactory.swift in Sources */,
				0152C9FC1FDD40F800ADBFA8 /* URLSelectorViewController.swift in Sources */,
				0152CA041FDD40F800ADBFA8 /* ClientSearchViewController.swift in Sources */,
				015720721FCF294A0043A828 /* String_IKExtension.swift in Sources */,
				015720791FCF294A0043A828 /* UIButton_IKExtension.swift in Sources */,
				0152CA101FDD40F800ADBFA8 /* CreditsViewController.swift in Sources */,
				01BBEE3420360EF5002DA8D6 /* UserMessageManager.swift in Sources */,
				01BBEE3720360EF5002DA8D6 /* EpsilonStreamLoginManager.swift in Sources */,
				015720761FCF294A0043A828 /* NSObject_IKExtension.swift in Sources */,
				01BBEE3A20360EF5002DA8D6 /* AutoCompleteTableDelegate.swift in Sources */,
				018BAA411FA21FA300F8583A /* FeaturedURL.swift in Sources */,
				0152CA0A1FDD40F800ADBFA8 /* UserMessageTableViewCell.swift in Sources */,
				0152CA081FDD40F800ADBFA8 /* WebViewingViewController.swift in Sources */,
				018BAA3E1FA21FA300F8583A /* Channel.swift in Sources */,
				0152C9FD1FDD40F800ADBFA8 /* CurateItemViewController.swift in Sources */,
				0152C9FF1FDD40F800ADBFA8 /* EditMathObjectViewController.swift in Sources */,
				01BBEE3B20360EF5002DA8D6 /* PersistentStorageManager.swift in Sources */,
				01BBEE1E20360ADA002DA8D6 /* EpsilonStreamGlobals.swift in Sources */,
				015720741FCF294A0043A828 /* CGRect_IKExtension.swift in Sources */,
				01BBEE3320360EF5002DA8D6 /* ImageManager.swift in Sources */,
				0157207A1FCF294A0043A828 /* UIAlertController_IKExtension.swift in Sources */,
				0152CA061FDD40F800ADBFA8 /* ArticleItemTableViewCell.swift in Sources */,
				015720731FCF294A0043A828 /* Dictionary_IKExtensions.swift in Sources */,
			);
			runOnlyForDeploymentPostprocessing = 0;
		};
/* End PBXSourcesBuildPhase section */

/* Begin PBXVariantGroup section */
		01372CF21F97C8F90072F3E3 /* Localizable.strings */ = {
			isa = PBXVariantGroup;
			children = (
				01372CF11F97C8F90072F3E3 /* en */,
			);
			name = Localizable.strings;
			sourceTree = "<group>";
		};
		2030B7EA1E10BC1B001E2237 /* LaunchScreen.storyboard */ = {
			isa = PBXVariantGroup;
			children = (
				2030B7EB1E10BC1B001E2237 /* Base */,
			);
			name = LaunchScreen.storyboard;
			sourceTree = "<group>";
		};
/* End PBXVariantGroup section */

/* Begin XCBuildConfiguration section */
		2030B7EE1E10BC1B001E2237 /* Debug */ = {
			isa = XCBuildConfiguration;
			buildSettings = {
				ALWAYS_SEARCH_USER_PATHS = NO;
				CLANG_ANALYZER_NONNULL = YES;
				CLANG_CXX_LANGUAGE_STANDARD = "gnu++0x";
				CLANG_CXX_LIBRARY = "libc++";
				CLANG_ENABLE_MODULES = YES;
				CLANG_ENABLE_OBJC_ARC = YES;
				CLANG_WARN_BLOCK_CAPTURE_AUTORELEASING = YES;
				CLANG_WARN_BOOL_CONVERSION = YES;
				CLANG_WARN_COMMA = YES;
				CLANG_WARN_CONSTANT_CONVERSION = YES;
				CLANG_WARN_DIRECT_OBJC_ISA_USAGE = YES_ERROR;
				CLANG_WARN_DOCUMENTATION_COMMENTS = YES;
				CLANG_WARN_EMPTY_BODY = YES;
				CLANG_WARN_ENUM_CONVERSION = YES;
				CLANG_WARN_INFINITE_RECURSION = YES;
				CLANG_WARN_INT_CONVERSION = YES;
				CLANG_WARN_NON_LITERAL_NULL_CONVERSION = YES;
				CLANG_WARN_OBJC_LITERAL_CONVERSION = YES;
				CLANG_WARN_OBJC_ROOT_CLASS = YES_ERROR;
				CLANG_WARN_RANGE_LOOP_ANALYSIS = YES;
				CLANG_WARN_STRICT_PROTOTYPES = YES;
				CLANG_WARN_SUSPICIOUS_MOVE = YES;
				CLANG_WARN_UNREACHABLE_CODE = YES;
				CLANG_WARN__DUPLICATE_METHOD_MATCH = YES;
				"CODE_SIGN_IDENTITY[sdk=iphoneos*]" = "iPhone Developer";
				COPY_PHASE_STRIP = NO;
				DEBUG_INFORMATION_FORMAT = dwarf;
				ENABLE_STRICT_OBJC_MSGSEND = YES;
				ENABLE_TESTABILITY = YES;
				GCC_C_LANGUAGE_STANDARD = gnu99;
				GCC_DYNAMIC_NO_PIC = NO;
				GCC_NO_COMMON_BLOCKS = YES;
				GCC_OPTIMIZATION_LEVEL = 0;
				GCC_PREPROCESSOR_DEFINITIONS = (
					"DEBUG=1",
					"$(inherited)",
				);
				GCC_WARN_64_TO_32_BIT_CONVERSION = YES;
				GCC_WARN_ABOUT_RETURN_TYPE = YES_ERROR;
				GCC_WARN_UNDECLARED_SELECTOR = YES;
				GCC_WARN_UNINITIALIZED_AUTOS = YES_AGGRESSIVE;
				GCC_WARN_UNUSED_FUNCTION = YES;
				GCC_WARN_UNUSED_VARIABLE = YES;
				IPHONEOS_DEPLOYMENT_TARGET = 9.0;
				MTL_ENABLE_DEBUG_INFO = YES;
				ONLY_ACTIVE_ARCH = YES;
				SDKROOT = iphoneos;
				SWIFT_ACTIVE_COMPILATION_CONDITIONS = DEBUG;
				SWIFT_OPTIMIZATION_LEVEL = "-Onone";
				TARGETED_DEVICE_FAMILY = "1,2";
			};
			name = Debug;
		};
		2030B7EF1E10BC1B001E2237 /* Release */ = {
			isa = XCBuildConfiguration;
			buildSettings = {
				ALWAYS_SEARCH_USER_PATHS = NO;
				CLANG_ANALYZER_NONNULL = YES;
				CLANG_CXX_LANGUAGE_STANDARD = "gnu++0x";
				CLANG_CXX_LIBRARY = "libc++";
				CLANG_ENABLE_MODULES = YES;
				CLANG_ENABLE_OBJC_ARC = YES;
				CLANG_WARN_BLOCK_CAPTURE_AUTORELEASING = YES;
				CLANG_WARN_BOOL_CONVERSION = YES;
				CLANG_WARN_COMMA = YES;
				CLANG_WARN_CONSTANT_CONVERSION = YES;
				CLANG_WARN_DIRECT_OBJC_ISA_USAGE = YES_ERROR;
				CLANG_WARN_DOCUMENTATION_COMMENTS = YES;
				CLANG_WARN_EMPTY_BODY = YES;
				CLANG_WARN_ENUM_CONVERSION = YES;
				CLANG_WARN_INFINITE_RECURSION = YES;
				CLANG_WARN_INT_CONVERSION = YES;
				CLANG_WARN_NON_LITERAL_NULL_CONVERSION = YES;
				CLANG_WARN_OBJC_LITERAL_CONVERSION = YES;
				CLANG_WARN_OBJC_ROOT_CLASS = YES_ERROR;
				CLANG_WARN_RANGE_LOOP_ANALYSIS = YES;
				CLANG_WARN_STRICT_PROTOTYPES = YES;
				CLANG_WARN_SUSPICIOUS_MOVE = YES;
				CLANG_WARN_UNREACHABLE_CODE = YES;
				CLANG_WARN__DUPLICATE_METHOD_MATCH = YES;
				"CODE_SIGN_IDENTITY[sdk=iphoneos*]" = "iPhone Developer";
				COPY_PHASE_STRIP = NO;
				DEBUG_INFORMATION_FORMAT = "dwarf-with-dsym";
				ENABLE_NS_ASSERTIONS = NO;
				ENABLE_STRICT_OBJC_MSGSEND = YES;
				GCC_C_LANGUAGE_STANDARD = gnu99;
				GCC_NO_COMMON_BLOCKS = YES;
				GCC_WARN_64_TO_32_BIT_CONVERSION = YES;
				GCC_WARN_ABOUT_RETURN_TYPE = YES_ERROR;
				GCC_WARN_UNDECLARED_SELECTOR = YES;
				GCC_WARN_UNINITIALIZED_AUTOS = YES_AGGRESSIVE;
				GCC_WARN_UNUSED_FUNCTION = YES;
				GCC_WARN_UNUSED_VARIABLE = YES;
				IPHONEOS_DEPLOYMENT_TARGET = 9.0;
				MTL_ENABLE_DEBUG_INFO = NO;
				SDKROOT = iphoneos;
				SWIFT_OPTIMIZATION_LEVEL = "-Owholemodule";
				TARGETED_DEVICE_FAMILY = "1,2";
				VALIDATE_PRODUCT = YES;
			};
			name = Release;
		};
		2030B7F11E10BC1B001E2237 /* Debug */ = {
			isa = XCBuildConfiguration;
			baseConfigurationReference = 6DE21DF73C11C8FBE6A57E56 /* Pods-EpsilonStream.debug.xcconfig */;
			buildSettings = {
				ASSETCATALOG_COMPILER_APPICON_NAME = AppIcon;
				CODE_SIGN_ENTITLEMENTS = EpsilonStream/EpsilonStream.entitlements;
				"CODE_SIGN_IDENTITY[sdk=iphoneos*]" = "iPhone Developer";
				DEVELOPMENT_TEAM = 4G9VZ63NB7;
				INFOPLIST_FILE = EpsilonStream/Info.plist;
				LD_RUNPATH_SEARCH_PATHS = "$(inherited) @executable_path/Frameworks";
				PRODUCT_BUNDLE_IDENTIFIER = oneonepsilon.com.EpsilonStream;
				PRODUCT_NAME = "$(TARGET_NAME)";
				PROVISIONING_PROFILE = "";
				PROVISIONING_PROFILE_SPECIFIER = "";
				SWIFT_VERSION = 4.0;
			};
			name = Debug;
		};
		2030B7F21E10BC1B001E2237 /* Release */ = {
			isa = XCBuildConfiguration;
			baseConfigurationReference = 5A1D6AF38DFD4957AEA58554 /* Pods-EpsilonStream.release.xcconfig */;
			buildSettings = {
				ASSETCATALOG_COMPILER_APPICON_NAME = AppIcon;
				CODE_SIGN_ENTITLEMENTS = EpsilonStream/EpsilonStream.entitlements;
				"CODE_SIGN_IDENTITY[sdk=iphoneos*]" = "iPhone Developer";
				DEVELOPMENT_TEAM = 4G9VZ63NB7;
				INFOPLIST_FILE = EpsilonStream/Info.plist;
				LD_RUNPATH_SEARCH_PATHS = "$(inherited) @executable_path/Frameworks";
				PRODUCT_BUNDLE_IDENTIFIER = oneonepsilon.com.EpsilonStream;
				PRODUCT_NAME = "$(TARGET_NAME)";
				PROVISIONING_PROFILE = "";
				PROVISIONING_PROFILE_SPECIFIER = "";
				SWIFT_VERSION = 4.0;
			};
			name = Release;
		};
/* End XCBuildConfiguration section */

/* Begin XCConfigurationList section */
		2030B7D71E10BC1B001E2237 /* Build configuration list for PBXProject "EpsilonStream" */ = {
			isa = XCConfigurationList;
			buildConfigurations = (
				2030B7EE1E10BC1B001E2237 /* Debug */,
				2030B7EF1E10BC1B001E2237 /* Release */,
			);
			defaultConfigurationIsVisible = 0;
			defaultConfigurationName = Release;
		};
		2030B7F01E10BC1B001E2237 /* Build configuration list for PBXNativeTarget "EpsilonStream" */ = {
			isa = XCConfigurationList;
			buildConfigurations = (
				2030B7F11E10BC1B001E2237 /* Debug */,
				2030B7F21E10BC1B001E2237 /* Release */,
			);
			defaultConfigurationIsVisible = 0;
			defaultConfigurationName = Release;
		};
/* End XCConfigurationList section */
	};
	rootObject = 2030B7D41E10BC1B001E2237 /* Project object */;
}
